Microsoft Visual Studio Solution File, Format Version 12.00
# Visual Studio Version 16
VisualStudioVersion = 16.0.29920.165
MinimumVisualStudioVersion = 15.0.26124.0

Project("{9A19103F-16F7-4668-BE54-9A1E7A4F7556}") = "UnoWinUIQuickStart", "UnoWinUIQuickStart\UnoWinUIQuickStart.csproj", "{A5B8155A-119F-4794-B551-C6F3CF7E5411}"
EndProject

#//#if (mobile)
Project("{FAE04EC0-301F-11D3-BF4B-00C04F79EFBC}") = "UnoWinUIQuickStart.Mobile", "UnoWinUIQuickStart.Mobile\UnoWinUIQuickStart.Mobile.csproj", "{$guid2$}"
EndProject
#//#endif

#//#if (WebAssembly)
Project("{9A19103F-16F7-4668-BE54-9A1E7A4F7556}") = "UnoWinUIQuickStart.Wasm", "UnoWinUIQuickStart.Wasm\UnoWinUIQuickStart.Wasm.csproj", "{40EA03F7-8A22-4143-B251-79BAC3EB13D2}"
EndProject
#//#endif

#//#if (WebAssembly)
Project("{9A19103F-16F7-4668-BE54-9A1E7A4F7556}") = "UnoWinUIQuickStart.Server", "UnoWinUIQuickStart.Server\UnoWinUIQuickStart.Server.csproj", "{40EA03F7-8A22-1234-B251-79BAC3EB13D2}"
EndProject
#//#endif

#//#if (skia-gtk)
Project("{9A19103F-16F7-4668-BE54-9A1E7A4F7556}") = "UnoWinUIQuickStart.Skia.Gtk", "UnoWinUIQuickStart.Skia.Gtk\UnoWinUIQuickStart.Skia.Gtk.csproj", "{A5B8155A-118F-4794-B551-C6F3CF7E5411}"
EndProject
#//#endif

#//#if (skia-wpf)
Project("{9A19103F-16F7-4668-BE54-9A1E7A4F7556}") = "UnoWinUIQuickStart.Skia.WPF", "UnoWinUIQuickStart.Skia.WPF\UnoWinUIQuickStart.Skia.WPF.csproj", "{$guid5$}"
EndProject
#//#endif

#//#if (Windows)
Project("{9A19103F-16F7-4668-BE54-9A1E7A4F7556}") = "UnoWinUIQuickStart.Windows", "UnoWinUIQuickStart.Windows\UnoWinUIQuickStart.Windows.csproj", "{1AA13270-F438-4864-9435-54FD806E10EA}"
EndProject
#//#endif

#//#if (skia-linux-fb)
Project("{9A19103F-16F7-4668-BE54-9A1E7A4F7556}") = "UnoWinUIQuickStart.Skia.Linux.FrameBuffer", "UnoWinUIQuickStart.Skia.Linux.FrameBuffer\UnoWinUIQuickStart.Skia.Linux.FrameBuffer.csproj", "{761D821E-9905-4444-9ADF-76C995FE5427}"
EndProject
#//#endif

Global
	GlobalSection(SharedMSBuildProjectFiles) = preSolution
		UnoWinUIQuickStart.Shared\UnoWinUIQuickStart.Shared.projitems*{1aa13270-f438-4864-9435-54fd806e10ea}*SharedItemsImports = 5
		UnoWinUIQuickStart.Shared\UnoWinUIQuickStart.Shared.projitems*{$guid3$}*SharedItemsImports = 4
		UnoWinUIQuickStart.Shared\UnoWinUIQuickStart.Shared.projitems*{40ea03f7-8a22-4143-b251-79bac3eb13d2}*SharedItemsImports = 5
		UnoWinUIQuickStart.Shared\UnoWinUIQuickStart.Shared.projitems*{$guid5$}*SharedItemsImports = 5
		UnoWinUIQuickStart.Shared\UnoWinUIQuickStart.Shared.projitems*{$guid1$}*SharedItemsImports = 4
		UnoWinUIQuickStart.Shared\UnoWinUIQuickStart.Shared.projitems*{$guid4$}*SharedItemsImports = 4
		UnoWinUIQuickStart.Shared\UnoWinUIQuickStart.Shared.projitems*{a5b8155a-118f-4794-b551-c6f3cf7e5411}*SharedItemsImports = 5
		UnoWinUIQuickStart.Shared\UnoWinUIQuickStart.Shared.projitems*{$guid2$}*SharedItemsImports = 4
	EndGlobalSection
	GlobalSection(SolutionConfigurationPlatforms) = preSolution
		Debug|Any CPU = Debug|Any CPU
		Debug|ARM = Debug|ARM
		Debug|ARM64 = Debug|ARM64
		Debug|iPhone = Debug|iPhone
		Debug|iPhoneSimulator = Debug|iPhoneSimulator
		Debug|x64 = Debug|x64
		Debug|x86 = Debug|x86
		Release|Any CPU = Release|Any CPU
		Release|ARM = Release|ARM
		Release|ARM64 = Release|ARM64
		Release|iPhone = Release|iPhone
		Release|iPhoneSimulator = Release|iPhoneSimulator
		Release|x64 = Release|x64
		Release|x86 = Release|x86
	EndGlobalSection
	GlobalSection(ProjectConfigurationPlatforms) = postSolution
		{$guid2$}.Debug|Any CPU.ActiveCfg = Debug|Any CPU
		{$guid2$}.Debug|Any CPU.Build.0 = Debug|Any CPU
		{$guid2$}.Debug|Any CPU.Deploy.0 = Debug|Any CPU
		{$guid2$}.Debug|ARM.ActiveCfg = Debug|Any CPU
		{$guid2$}.Debug|ARM.Build.0 = Debug|Any CPU
		{$guid2$}.Debug|ARM.Deploy.0 = Debug|Any CPU
		{$guid2$}.Debug|ARM64.ActiveCfg = Debug|Any CPU
		{$guid2$}.Debug|ARM64.Build.0 = Debug|Any CPU
		{$guid2$}.Debug|ARM64.Deploy.0 = Debug|Any CPU
		{$guid2$}.Debug|iPhone.ActiveCfg = Debug|Any CPU
		{$guid2$}.Debug|iPhone.Build.0 = Debug|Any CPU
		{$guid2$}.Debug|iPhone.Deploy.0 = Debug|Any CPU
		{$guid2$}.Debug|iPhoneSimulator.ActiveCfg = Debug|Any CPU
		{$guid2$}.Debug|iPhoneSimulator.Build.0 = Debug|Any CPU
		{$guid2$}.Debug|iPhoneSimulator.Deploy.0 = Debug|Any CPU
		{$guid2$}.Debug|x64.ActiveCfg = Debug|Any CPU
		{$guid2$}.Debug|x64.Build.0 = Debug|Any CPU
		{$guid2$}.Debug|x64.Deploy.0 = Debug|Any CPU
		{$guid2$}.Debug|x86.ActiveCfg = Debug|Any CPU
		{$guid2$}.Debug|x86.Build.0 = Debug|Any CPU
		{$guid2$}.Debug|x86.Deploy.0 = Debug|Any CPU

		{$guid2$}.Release|Any CPU.ActiveCfg = Release|Any CPU
		{$guid2$}.Release|Any CPU.Build.0 = Release|Any CPU
		{$guid2$}.Release|Any CPU.Deploy.0 = Release|Any CPU
		{$guid2$}.Release|ARM.ActiveCfg = Release|Any CPU
		{$guid2$}.Release|ARM.Build.0 = Release|Any CPU
		{$guid2$}.Release|ARM.Deploy.0 = Release|Any CPU
		{$guid2$}.Release|ARM64.ActiveCfg = Release|Any CPU
		{$guid2$}.Release|ARM64.Build.0 = Release|Any CPU
		{$guid2$}.Release|ARM64.Deploy.0 = Release|Any CPU
		{$guid2$}.Release|iPhone.ActiveCfg = Release|Any CPU
		{$guid2$}.Release|iPhone.Build.0 = Release|Any CPU
		{$guid2$}.Release|iPhone.Deploy.0 = Release|Any CPU
		{$guid2$}.Release|iPhoneSimulator.ActiveCfg = Release|Any CPU
		{$guid2$}.Release|iPhoneSimulator.Build.0 = Release|Any CPU
		{$guid2$}.Release|iPhoneSimulator.Deploy.0 = Release|Any CPU
		{$guid2$}.Release|x64.ActiveCfg = Release|Any CPU
		{$guid2$}.Release|x64.Build.0 = Release|Any CPU
		{$guid2$}.Release|x64.Deploy.0 = Release|Any CPU
		{$guid2$}.Release|x86.ActiveCfg = Release|Any CPU
		{$guid2$}.Release|x86.Build.0 = Release|Any CPU
		{$guid2$}.Release|x86.Deploy.0 = Release|Any CPU
		{$guid4$}.Debug|Any CPU.ActiveCfg = Debug|iPhone
		{$guid4$}.Debug|Any CPU.Build.0 = Debug|iPhone
		{$guid4$}.Debug|Any CPU.Deploy.0 = Debug|iPhone
		{$guid4$}.Debug|ARM.ActiveCfg = Debug|iPhone
		{$guid4$}.Debug|ARM64.ActiveCfg = Debug|iPhone
		{$guid4$}.Debug|iPhone.ActiveCfg = Debug|iPhone
		{$guid4$}.Debug|iPhone.Build.0 = Debug|iPhone
		{$guid4$}.Debug|iPhoneSimulator.ActiveCfg = Debug|iPhoneSimulator
		{$guid4$}.Debug|iPhoneSimulator.Build.0 = Debug|iPhoneSimulator
		{$guid4$}.Debug|x64.ActiveCfg = Debug|iPhone
		{$guid4$}.Debug|x64.Build.0 = Debug|iPhone
		{$guid4$}.Debug|x64.Deploy.0 = Debug|iPhone
		{$guid4$}.Debug|x86.ActiveCfg = Debug|iPhoneSimulator
		{$guid4$}.Debug|x86.Build.0 = Debug|iPhoneSimulator
		{$guid4$}.Debug|x86.Deploy.0 = Debug|iPhoneSimulator
		{$guid4$}.Release|Any CPU.ActiveCfg = Release|iPhone
		{$guid4$}.Release|ARM.ActiveCfg = Release|iPhone
		{$guid4$}.Release|ARM64.ActiveCfg = Release|iPhone
		{$guid4$}.Release|iPhone.ActiveCfg = Release|iPhone
		{$guid4$}.Release|iPhone.Build.0 = Release|iPhone
		{$guid4$}.Release|iPhoneSimulator.ActiveCfg = Release|iPhoneSimulator
		{$guid4$}.Release|iPhoneSimulator.Build.0 = Release|iPhoneSimulator
		{$guid4$}.Release|x64.ActiveCfg = Release|iPhoneSimulator
		{$guid4$}.Release|x64.Build.0 = Release|iPhoneSimulator
		{$guid4$}.Release|x64.Deploy.0 = Release|iPhoneSimulator
		{$guid4$}.Release|x86.ActiveCfg = Release|iPhoneSimulator
		{$guid4$}.Release|x86.Build.0 = Release|iPhoneSimulator

		{$guid1$}.Debug|Any CPU.ActiveCfg = Debug|x86
		{$guid1$}.Debug|Any CPU.Build.0 = Debug|x86
		{$guid1$}.Debug|Any CPU.Deploy.0 = Debug|x86
		{$guid1$}.Debug|ARM.ActiveCfg = Debug|ARM
		{$guid1$}.Debug|ARM.Build.0 = Debug|ARM
		{$guid1$}.Debug|ARM.Deploy.0 = Debug|ARM
		{$guid1$}.Debug|ARM64.ActiveCfg = Debug|ARM64
		{$guid1$}.Debug|ARM64.Build.0 = Debug|ARM64
		{$guid1$}.Debug|ARM64.Deploy.0 = Debug|ARM64
		{$guid1$}.Debug|iPhone.ActiveCfg = Debug|x86
		{$guid1$}.Debug|iPhone.Build.0 = Debug|x86
		{$guid1$}.Debug|iPhone.Deploy.0 = Debug|x86
		{$guid1$}.Debug|iPhoneSimulator.ActiveCfg = Debug|x86
		{$guid1$}.Debug|iPhoneSimulator.Build.0 = Debug|x86
		{$guid1$}.Debug|iPhoneSimulator.Deploy.0 = Debug|x86
		{$guid1$}.Debug|x64.ActiveCfg = Debug|x64
		{$guid1$}.Debug|x64.Build.0 = Debug|x64
		{$guid1$}.Debug|x64.Deploy.0 = Debug|x64
		{$guid1$}.Debug|x86.ActiveCfg = Debug|x86
		{$guid1$}.Debug|x86.Build.0 = Debug|x86
		{$guid1$}.Debug|x86.Deploy.0 = Debug|x86
		{$guid1$}.Release|Any CPU.ActiveCfg = Release|x86
		{$guid1$}.Release|ARM.ActiveCfg = Release|ARM
		{$guid1$}.Release|ARM.Build.0 = Release|ARM
		{$guid1$}.Release|ARM.Deploy.0 = Release|ARM
		{$guid1$}.Release|ARM64.ActiveCfg = Release|ARM64
		{$guid1$}.Release|ARM64.Build.0 = Release|ARM64
		{$guid1$}.Release|ARM64.Deploy.0 = Release|ARM64
		{$guid1$}.Release|iPhone.ActiveCfg = Release|x86
		{$guid1$}.Release|iPhone.Build.0 = Release|x86
		{$guid1$}.Release|iPhoneSimulator.ActiveCfg = Release|x86
		{$guid1$}.Release|iPhoneSimulator.Build.0 = Release|x86
		{$guid1$}.Release|iPhoneSimulator.Deploy.0 = Release|x86
		{$guid1$}.Release|x64.ActiveCfg = Release|x64
		{$guid1$}.Release|x64.Build.0 = Release|x64
		{$guid1$}.Release|x64.Deploy.0 = Release|x64
		{$guid1$}.Release|x86.ActiveCfg = Release|x86
		{$guid1$}.Release|x86.Build.0 = Release|x86
		{$guid1$}.Release|x86.Deploy.0 = Release|x86

		{$guid5$}.Debug|Any CPU.ActiveCfg = Debug|Any CPU
		{$guid5$}.Debug|Any CPU.Build.0 = Debug|Any CPU
		{$guid5$}.Debug|Any CPU.Deploy.0 = Debug|Any CPU
		{$guid5$}.Debug|ARM.ActiveCfg = Debug|Any CPU
		{$guid5$}.Debug|ARM.Build.0 = Debug|Any CPU
		{$guid5$}.Debug|ARM.Deploy.0 = Debug|Any CPU
		{$guid5$}.Debug|ARM64.ActiveCfg = Debug|Any CPU
		{$guid5$}.Debug|ARM64.Build.0 = Debug|Any CPU
		{$guid5$}.Debug|ARM64.Deploy.0 = Debug|Any CPU
		{$guid5$}.Debug|iPhone.ActiveCfg = Debug|Any CPU
		{$guid5$}.Debug|iPhone.Build.0 = Debug|Any CPU
		{$guid5$}.Debug|iPhone.Deploy.0 = Debug|Any CPU
		{$guid5$}.Debug|iPhoneSimulator.ActiveCfg = Debug|Any CPU
		{$guid5$}.Debug|iPhoneSimulator.Build.0 = Debug|Any CPU
		{$guid5$}.Debug|iPhoneSimulator.Deploy.0 = Debug|Any CPU
		{$guid5$}.Debug|x64.ActiveCfg = Debug|Any CPU
		{$guid5$}.Debug|x64.Build.0 = Debug|Any CPU
		{$guid5$}.Debug|x64.Deploy.0 = Debug|Any CPU
		{$guid5$}.Debug|x86.ActiveCfg = Debug|Any CPU
		{$guid5$}.Debug|x86.Build.0 = Debug|Any CPU
		{$guid5$}.Debug|x86.Deploy.0 = Debug|Any CPU
		{$guid5$}.Release|Any CPU.ActiveCfg = Release|Any CPU
		{$guid5$}.Release|Any CPU.Build.0 = Release|Any CPU
		{$guid5$}.Release|ARM.ActiveCfg = Release|Any CPU
		{$guid5$}.Release|ARM.Build.0 = Release|Any CPU
		{$guid5$}.Release|ARM.Deploy.0 = Release|Any CPU
		{$guid5$}.Release|ARM64.ActiveCfg = Release|Any CPU
		{$guid5$}.Release|ARM64.Build.0 = Release|Any CPU
		{$guid5$}.Release|ARM64.Deploy.0 = Release|Any CPU
		{$guid5$}.Release|iPhone.ActiveCfg = Release|Any CPU
		{$guid5$}.Release|iPhone.Build.0 = Release|Any CPU
		{$guid5$}.Release|iPhoneSimulator.ActiveCfg = Release|Any CPU
		{$guid5$}.Release|iPhoneSimulator.Build.0 = Release|Any CPU
		{$guid5$}.Release|iPhoneSimulator.Deploy.0 = Release|Any CPU
		{$guid5$}.Release|x64.ActiveCfg = Release|Any CPU
		{$guid5$}.Release|x64.Build.0 = Release|Any CPU
		{$guid5$}.Release|x64.Deploy.0 = Release|Any CPU
		{$guid5$}.Release|x86.ActiveCfg = Release|Any CPU
		{$guid5$}.Release|x86.Build.0 = Release|Any CPU
		{$guid5$}.Release|x86.Deploy.0 = Release|Any CPU

		{A5B8155A-118F-4794-B551-C6F3CF7E5411}.Debug|Any CPU.ActiveCfg = Debug|Any CPU
		{A5B8155A-118F-4794-B551-C6F3CF7E5411}.Debug|Any CPU.Build.0 = Debug|Any CPU
		{A5B8155A-118F-4794-B551-C6F3CF7E5411}.Debug|ARM.ActiveCfg = Debug|Any CPU
		{A5B8155A-118F-4794-B551-C6F3CF7E5411}.Debug|ARM.Build.0 = Debug|Any CPU
		{A5B8155A-118F-4794-B551-C6F3CF7E5411}.Debug|ARM64.ActiveCfg = Debug|Any CPU
		{A5B8155A-118F-4794-B551-C6F3CF7E5411}.Debug|ARM64.Build.0 = Debug|Any CPU
		{A5B8155A-118F-4794-B551-C6F3CF7E5411}.Debug|iPhone.ActiveCfg = Debug|Any CPU
		{A5B8155A-118F-4794-B551-C6F3CF7E5411}.Debug|iPhone.Build.0 = Debug|Any CPU
		{A5B8155A-118F-4794-B551-C6F3CF7E5411}.Debug|iPhoneSimulator.ActiveCfg = Debug|Any CPU
		{A5B8155A-118F-4794-B551-C6F3CF7E5411}.Debug|iPhoneSimulator.Build.0 = Debug|Any CPU
		{A5B8155A-118F-4794-B551-C6F3CF7E5411}.Debug|x64.ActiveCfg = Debug|Any CPU
		{A5B8155A-118F-4794-B551-C6F3CF7E5411}.Debug|x64.Build.0 = Debug|Any CPU
		{A5B8155A-118F-4794-B551-C6F3CF7E5411}.Debug|x86.ActiveCfg = Debug|Any CPU
		{A5B8155A-118F-4794-B551-C6F3CF7E5411}.Debug|x86.Build.0 = Debug|Any CPU
		{A5B8155A-118F-4794-B551-C6F3CF7E5411}.Release|Any CPU.ActiveCfg = Release|Any CPU
		{A5B8155A-118F-4794-B551-C6F3CF7E5411}.Release|Any CPU.Build.0 = Release|Any CPU
		{A5B8155A-118F-4794-B551-C6F3CF7E5411}.Release|ARM.ActiveCfg = Release|Any CPU
		{A5B8155A-118F-4794-B551-C6F3CF7E5411}.Release|ARM.Build.0 = Release|Any CPU
		{A5B8155A-118F-4794-B551-C6F3CF7E5411}.Release|ARM64.ActiveCfg = Release|Any CPU
		{A5B8155A-118F-4794-B551-C6F3CF7E5411}.Release|ARM64.Build.0 = Release|Any CPU
		{A5B8155A-118F-4794-B551-C6F3CF7E5411}.Release|iPhone.ActiveCfg = Release|Any CPU
		{A5B8155A-118F-4794-B551-C6F3CF7E5411}.Release|iPhone.Build.0 = Release|Any CPU
		{A5B8155A-118F-4794-B551-C6F3CF7E5411}.Release|iPhoneSimulator.ActiveCfg = Release|Any CPU
		{A5B8155A-118F-4794-B551-C6F3CF7E5411}.Release|iPhoneSimulator.Build.0 = Release|Any CPU
		{A5B8155A-118F-4794-B551-C6F3CF7E5411}.Release|x64.ActiveCfg = Release|Any CPU
		{A5B8155A-118F-4794-B551-C6F3CF7E5411}.Release|x64.Build.0 = Release|Any CPU
		{A5B8155A-118F-4794-B551-C6F3CF7E5411}.Release|x86.ActiveCfg = Release|Any CPU
		{A5B8155A-118F-4794-B551-C6F3CF7E5411}.Release|x86.Build.0 = Release|Any CPU
		{1AA13270-F438-4864-9435-54FD806E10EA}.Debug|Any CPU.ActiveCfg = Debug|x86
		{1AA13270-F438-4864-9435-54FD806E10EA}.Debug|Any CPU.Build.0 = Debug|x86
		{1AA13270-F438-4864-9435-54FD806E10EA}.Debug|Any CPU.Deploy.0 = Debug|x86
		{1AA13270-F438-4864-9435-54FD806E10EA}.Debug|ARM.ActiveCfg = Debug|Any CPU
		{1AA13270-F438-4864-9435-54FD806E10EA}.Debug|ARM.Build.0 = Debug|Any CPU
		{1AA13270-F438-4864-9435-54FD806E10EA}.Debug|ARM64.ActiveCfg = Debug|x86
		{1AA13270-F438-4864-9435-54FD806E10EA}.Debug|ARM64.Build.0 = Debug|x86
		{1AA13270-F438-4864-9435-54FD806E10EA}.Debug|iPhone.ActiveCfg = Debug|Any CPU
		{1AA13270-F438-4864-9435-54FD806E10EA}.Debug|iPhone.Build.0 = Debug|Any CPU
		{1AA13270-F438-4864-9435-54FD806E10EA}.Debug|iPhoneSimulator.ActiveCfg = Debug|Any CPU
		{1AA13270-F438-4864-9435-54FD806E10EA}.Debug|iPhoneSimulator.Build.0 = Debug|Any CPU
		{1AA13270-F438-4864-9435-54FD806E10EA}.Debug|x64.ActiveCfg = Debug|x64
		{1AA13270-F438-4864-9435-54FD806E10EA}.Debug|x64.Build.0 = Debug|x64
		{1AA13270-F438-4864-9435-54FD806E10EA}.Debug|x64.Deploy.0 = Debug|x64
		{1AA13270-F438-4864-9435-54FD806E10EA}.Debug|x86.ActiveCfg = Debug|x86
		{1AA13270-F438-4864-9435-54FD806E10EA}.Debug|x86.Build.0 = Debug|x86
		{1AA13270-F438-4864-9435-54FD806E10EA}.Debug|x86.Deploy.0 = Debug|x86
		{1AA13270-F438-4864-9435-54FD806E10EA}.Release|Any CPU.ActiveCfg = Release|Any CPU
		{1AA13270-F438-4864-9435-54FD806E10EA}.Release|Any CPU.Build.0 = Release|Any CPU
		{1AA13270-F438-4864-9435-54FD806E10EA}.Release|Any CPU.Deploy.0 = Release|Any CPU
		{1AA13270-F438-4864-9435-54FD806E10EA}.Release|ARM.ActiveCfg = Release|Any CPU
		{1AA13270-F438-4864-9435-54FD806E10EA}.Release|ARM.Build.0 = Release|Any CPU
		{1AA13270-F438-4864-9435-54FD806E10EA}.Release|ARM64.ActiveCfg = Release|x86
		{1AA13270-F438-4864-9435-54FD806E10EA}.Release|ARM64.Build.0 = Release|x86
		{1AA13270-F438-4864-9435-54FD806E10EA}.Release|iPhone.ActiveCfg = Release|Any CPU
		{1AA13270-F438-4864-9435-54FD806E10EA}.Release|iPhone.Build.0 = Release|Any CPU
		{1AA13270-F438-4864-9435-54FD806E10EA}.Release|iPhoneSimulator.ActiveCfg = Release|Any CPU
		{1AA13270-F438-4864-9435-54FD806E10EA}.Release|iPhoneSimulator.Build.0 = Release|Any CPU
		{1AA13270-F438-4864-9435-54FD806E10EA}.Release|x64.ActiveCfg = Release|x64
		{1AA13270-F438-4864-9435-54FD806E10EA}.Release|x64.Build.0 = Release|x64
		{1AA13270-F438-4864-9435-54FD806E10EA}.Release|x64.Deploy.0 = Release|x64
		{1AA13270-F438-4864-9435-54FD806E10EA}.Release|x86.ActiveCfg = Release|x86
		{1AA13270-F438-4864-9435-54FD806E10EA}.Release|x86.Build.0 = Release|x86
		{1AA13270-F438-4864-9435-54FD806E10EA}.Release|x86.Deploy.0 = Release|x86

		{40EA03F7-8A22-4143-B251-79BAC3EB13D2}.Debug|Any CPU.ActiveCfg = Debug|Any CPU
		{40EA03F7-8A22-4143-B251-79BAC3EB13D2}.Debug|Any CPU.Build.0 = Debug|Any CPU
		{40EA03F7-8A22-4143-B251-79BAC3EB13D2}.Debug|ARM.ActiveCfg = Debug|Any CPU
		{40EA03F7-8A22-4143-B251-79BAC3EB13D2}.Debug|ARM.Build.0 = Debug|Any CPU
		{40EA03F7-8A22-4143-B251-79BAC3EB13D2}.Debug|ARM64.ActiveCfg = Debug|Any CPU
		{40EA03F7-8A22-4143-B251-79BAC3EB13D2}.Debug|ARM64.Build.0 = Debug|Any CPU
		{40EA03F7-8A22-4143-B251-79BAC3EB13D2}.Debug|iPhone.ActiveCfg = Debug|Any CPU
		{40EA03F7-8A22-4143-B251-79BAC3EB13D2}.Debug|iPhone.Build.0 = Debug|Any CPU
		{40EA03F7-8A22-4143-B251-79BAC3EB13D2}.Debug|iPhoneSimulator.ActiveCfg = Debug|Any CPU
		{40EA03F7-8A22-4143-B251-79BAC3EB13D2}.Debug|iPhoneSimulator.Build.0 = Debug|Any CPU
		{40EA03F7-8A22-4143-B251-79BAC3EB13D2}.Debug|x64.ActiveCfg = Debug|Any CPU
		{40EA03F7-8A22-4143-B251-79BAC3EB13D2}.Debug|x64.Build.0 = Debug|Any CPU
		{40EA03F7-8A22-4143-B251-79BAC3EB13D2}.Debug|x86.ActiveCfg = Debug|Any CPU
		{40EA03F7-8A22-4143-B251-79BAC3EB13D2}.Debug|x86.Build.0 = Debug|Any CPU
		{40EA03F7-8A22-4143-B251-79BAC3EB13D2}.Release|Any CPU.ActiveCfg = Release|Any CPU
		{40EA03F7-8A22-4143-B251-79BAC3EB13D2}.Release|Any CPU.Build.0 = Release|Any CPU
		{40EA03F7-8A22-4143-B251-79BAC3EB13D2}.Release|ARM.ActiveCfg = Release|Any CPU
		{40EA03F7-8A22-4143-B251-79BAC3EB13D2}.Release|ARM.Build.0 = Release|Any CPU
		{40EA03F7-8A22-4143-B251-79BAC3EB13D2}.Release|ARM64.ActiveCfg = Release|Any CPU
		{40EA03F7-8A22-4143-B251-79BAC3EB13D2}.Release|ARM64.Build.0 = Release|Any CPU
		{40EA03F7-8A22-4143-B251-79BAC3EB13D2}.Release|iPhone.ActiveCfg = Release|Any CPU
		{40EA03F7-8A22-4143-B251-79BAC3EB13D2}.Release|iPhone.Build.0 = Release|Any CPU
		{40EA03F7-8A22-4143-B251-79BAC3EB13D2}.Release|iPhoneSimulator.ActiveCfg = Release|Any CPU
		{40EA03F7-8A22-4143-B251-79BAC3EB13D2}.Release|iPhoneSimulator.Build.0 = Release|Any CPU
		{40EA03F7-8A22-4143-B251-79BAC3EB13D2}.Release|x64.ActiveCfg = Release|Any CPU
		{40EA03F7-8A22-4143-B251-79BAC3EB13D2}.Release|x64.Build.0 = Release|Any CPU
		{40EA03F7-8A22-4143-B251-79BAC3EB13D2}.Release|x86.ActiveCfg = Release|Any CPU
		{40EA03F7-8A22-4143-B251-79BAC3EB13D2}.Release|x86.Build.0 = Release|Any CPU

		{A5B8155A-119F-4794-B551-C6F3CF7E5411}.Debug|Any CPU.ActiveCfg = Debug|Any CPU
		{A5B8155A-119F-4794-B551-C6F3CF7E5411}.Debug|Any CPU.Build.0 = Debug|Any CPU
		{A5B8155A-119F-4794-B551-C6F3CF7E5411}.Debug|ARM.ActiveCfg = Debug|Any CPU
		{A5B8155A-119F-4794-B551-C6F3CF7E5411}.Debug|ARM.Build.0 = Debug|Any CPU
		{A5B8155A-119F-4794-B551-C6F3CF7E5411}.Debug|ARM64.ActiveCfg = Debug|Any CPU
		{A5B8155A-119F-4794-B551-C6F3CF7E5411}.Debug|ARM64.Build.0 = Debug|Any CPU
		{A5B8155A-119F-4794-B551-C6F3CF7E5411}.Debug|iPhone.ActiveCfg = Debug|Any CPU
		{A5B8155A-119F-4794-B551-C6F3CF7E5411}.Debug|iPhone.Build.0 = Debug|Any CPU
		{A5B8155A-119F-4794-B551-C6F3CF7E5411}.Debug|iPhoneSimulator.ActiveCfg = Debug|Any CPU
		{A5B8155A-119F-4794-B551-C6F3CF7E5411}.Debug|iPhoneSimulator.Build.0 = Debug|Any CPU
		{A5B8155A-119F-4794-B551-C6F3CF7E5411}.Debug|x64.ActiveCfg = Debug|Any CPU
		{A5B8155A-119F-4794-B551-C6F3CF7E5411}.Debug|x64.Build.0 = Debug|Any CPU
		{A5B8155A-119F-4794-B551-C6F3CF7E5411}.Debug|x86.ActiveCfg = Debug|Any CPU
		{A5B8155A-119F-4794-B551-C6F3CF7E5411}.Debug|x86.Build.0 = Debug|Any CPU
		{A5B8155A-119F-4794-B551-C6F3CF7E5411}.Release|Any CPU.ActiveCfg = Release|Any CPU
		{A5B8155A-119F-4794-B551-C6F3CF7E5411}.Release|Any CPU.Build.0 = Release|Any CPU
		{A5B8155A-119F-4794-B551-C6F3CF7E5411}.Release|ARM.ActiveCfg = Release|Any CPU
		{A5B8155A-119F-4794-B551-C6F3CF7E5411}.Release|ARM.Build.0 = Release|Any CPU
		{A5B8155A-119F-4794-B551-C6F3CF7E5411}.Release|ARM64.ActiveCfg = Release|Any CPU
		{A5B8155A-119F-4794-B551-C6F3CF7E5411}.Release|ARM64.Build.0 = Release|Any CPU
		{A5B8155A-119F-4794-B551-C6F3CF7E5411}.Release|iPhone.ActiveCfg = Release|Any CPU
		{A5B8155A-119F-4794-B551-C6F3CF7E5411}.Release|iPhone.Build.0 = Release|Any CPU
		{A5B8155A-119F-4794-B551-C6F3CF7E5411}.Release|iPhoneSimulator.ActiveCfg = Release|Any CPU
		{A5B8155A-119F-4794-B551-C6F3CF7E5411}.Release|iPhoneSimulator.Build.0 = Release|Any CPU
		{A5B8155A-119F-4794-B551-C6F3CF7E5411}.Release|x64.ActiveCfg = Release|Any CPU
		{A5B8155A-119F-4794-B551-C6F3CF7E5411}.Release|x64.Build.0 = Release|Any CPU
		{A5B8155A-119F-4794-B551-C6F3CF7E5411}.Release|x86.ActiveCfg = Release|Any CPU
		{A5B8155A-119F-4794-B551-C6F3CF7E5411}.Release|x86.Build.0 = Release|Any CPU

		{40EA03F7-8A22-1234-B251-79BAC3EB13D2}.Debug|Any CPU.ActiveCfg = Debug|Any CPU
		{40EA03F7-8A22-1234-B251-79BAC3EB13D2}.Debug|Any CPU.Build.0 = Debug|Any CPU
		{40EA03F7-8A22-1234-B251-79BAC3EB13D2}.Debug|ARM.ActiveCfg = Debug|Any CPU
		{40EA03F7-8A22-1234-B251-79BAC3EB13D2}.Debug|ARM.Build.0 = Debug|Any CPU
		{40EA03F7-8A22-1234-B251-79BAC3EB13D2}.Debug|ARM64.ActiveCfg = Debug|Any CPU
		{40EA03F7-8A22-1234-B251-79BAC3EB13D2}.Debug|ARM64.Build.0 = Debug|Any CPU
		{40EA03F7-8A22-1234-B251-79BAC3EB13D2}.Debug|iPhone.ActiveCfg = Debug|Any CPU
		{40EA03F7-8A22-1234-B251-79BAC3EB13D2}.Debug|iPhone.Build.0 = Debug|Any CPU
		{40EA03F7-8A22-1234-B251-79BAC3EB13D2}.Debug|iPhoneSimulator.ActiveCfg = Debug|Any CPU
		{40EA03F7-8A22-1234-B251-79BAC3EB13D2}.Debug|iPhoneSimulator.Build.0 = Debug|Any CPU
		{40EA03F7-8A22-1234-B251-79BAC3EB13D2}.Debug|x64.ActiveCfg = Debug|Any CPU
		{40EA03F7-8A22-1234-B251-79BAC3EB13D2}.Debug|x64.Build.0 = Debug|Any CPU
		{40EA03F7-8A22-1234-B251-79BAC3EB13D2}.Debug|x86.ActiveCfg = Debug|Any CPU
		{40EA03F7-8A22-1234-B251-79BAC3EB13D2}.Debug|x86.Build.0 = Debug|Any CPU
		{40EA03F7-8A22-1234-B251-79BAC3EB13D2}.Release|Any CPU.ActiveCfg = Release|Any CPU
		{40EA03F7-8A22-1234-B251-79BAC3EB13D2}.Release|Any CPU.Build.0 = Release|Any CPU
		{40EA03F7-8A22-1234-B251-79BAC3EB13D2}.Release|ARM.ActiveCfg = Release|Any CPU
		{40EA03F7-8A22-1234-B251-79BAC3EB13D2}.Release|ARM.Build.0 = Release|Any CPU
		{40EA03F7-8A22-1234-B251-79BAC3EB13D2}.Release|ARM64.ActiveCfg = Release|Any CPU
		{40EA03F7-8A22-1234-B251-79BAC3EB13D2}.Release|ARM64.Build.0 = Release|Any CPU
		{40EA03F7-8A22-1234-B251-79BAC3EB13D2}.Release|iPhone.ActiveCfg = Release|Any CPU
		{40EA03F7-8A22-1234-B251-79BAC3EB13D2}.Release|iPhone.Build.0 = Release|Any CPU
		{40EA03F7-8A22-1234-B251-79BAC3EB13D2}.Release|iPhoneSimulator.ActiveCfg = Release|Any CPU
		{40EA03F7-8A22-1234-B251-79BAC3EB13D2}.Release|iPhoneSimulator.Build.0 = Release|Any CPU
		{40EA03F7-8A22-1234-B251-79BAC3EB13D2}.Release|x64.ActiveCfg = Release|Any CPU
		{40EA03F7-8A22-1234-B251-79BAC3EB13D2}.Release|x64.Build.0 = Release|Any CPU
		{40EA03F7-8A22-1234-B251-79BAC3EB13D2}.Release|x86.ActiveCfg = Release|Any CPU
		{40EA03F7-8A22-1234-B251-79BAC3EB13D2}.Release|x86.Build.0 = Release|Any CPU

		{$guid3$}.Debug|Any CPU.ActiveCfg = Debug|iPhoneSimulator
		{$guid3$}.Debug|Any CPU.Build.0 = Debug|iPhoneSimulator
		{$guid3$}.Debug|ARM.ActiveCfg = Debug|iPhoneSimulator
		{$guid3$}.Debug|ARM64.ActiveCfg = Debug|iPhoneSimulator
		{$guid3$}.Debug|iPhone.ActiveCfg = Debug|iPhoneSimulator
		{$guid3$}.Debug|iPhone.Build.0 = Debug|iPhoneSimulator
		{$guid3$}.Debug|iPhoneSimulator.ActiveCfg = Debug|iPhoneSimulator
		{$guid3$}.Debug|iPhoneSimulator.Build.0 = Debug|iPhoneSimulator
		{$guid3$}.Debug|x64.ActiveCfg = Debug|iPhoneSimulator
		{$guid3$}.Debug|x64.Build.0 = Debug|iPhoneSimulator
		{$guid3$}.Debug|x86.ActiveCfg = Debug|iPhoneSimulator
		{$guid3$}.Debug|x86.Build.0 = Debug|iPhoneSimulator
		{$guid3$}.Release|Any CPU.ActiveCfg = Release|iPhoneSimulator
		{$guid3$}.Release|ARM.ActiveCfg = Release|iPhoneSimulator
		{$guid3$}.Release|ARM64.ActiveCfg = Release|iPhoneSimulator
		{$guid3$}.Release|iPhone.ActiveCfg = Release|iPhoneSimulator
		{$guid3$}.Release|iPhone.Build.0 = Release|iPhoneSimulator
		{$guid3$}.Release|iPhoneSimulator.ActiveCfg = Release|iPhoneSimulator
		{$guid3$}.Release|iPhoneSimulator.Build.0 = Release|iPhoneSimulator
		{$guid3$}.Release|x64.ActiveCfg = Release|iPhoneSimulator
		{$guid3$}.Release|x64.Build.0 = Release|iPhoneSimulator
		{$guid3$}.Release|x86.ActiveCfg = Release|iPhoneSimulator
		{$guid3$}.Release|x86.Build.0 = Release|iPhoneSimulator

		{04D3A50A-BD96-4168-A331-3AC5E63800DE}.Debug|Any CPU.ActiveCfg = Debug|arm64
		{04D3A50A-BD96-4168-A331-3AC5E63800DE}.Debug|Any CPU.Build.0 = Debug|arm64
		{04D3A50A-BD96-4168-A331-3AC5E63800DE}.Debug|ARM.ActiveCfg = Debug|Any CPU
		{04D3A50A-BD96-4168-A331-3AC5E63800DE}.Debug|ARM.Build.0 = Debug|Any CPU
		{04D3A50A-BD96-4168-A331-3AC5E63800DE}.Debug|ARM64.ActiveCfg = Debug|arm64
		{04D3A50A-BD96-4168-A331-3AC5E63800DE}.Debug|ARM64.Build.0 = Debug|arm64
		{04D3A50A-BD96-4168-A331-3AC5E63800DE}.Debug|iPhone.ActiveCfg = Debug|Any CPU
		{04D3A50A-BD96-4168-A331-3AC5E63800DE}.Debug|iPhone.Build.0 = Debug|Any CPU
		{04D3A50A-BD96-4168-A331-3AC5E63800DE}.Debug|iPhoneSimulator.ActiveCfg = Debug|Any CPU
		{04D3A50A-BD96-4168-A331-3AC5E63800DE}.Debug|iPhoneSimulator.Build.0 = Debug|Any CPU
		{04D3A50A-BD96-4168-A331-3AC5E63800DE}.Debug|x64.ActiveCfg = Debug|x64
		{04D3A50A-BD96-4168-A331-3AC5E63800DE}.Debug|x64.Build.0 = Debug|x64
		{04D3A50A-BD96-4168-A331-3AC5E63800DE}.Debug|x86.ActiveCfg = Debug|x86
		{04D3A50A-BD96-4168-A331-3AC5E63800DE}.Debug|x86.Build.0 = Debug|x86
		{04D3A50A-BD96-4168-A331-3AC5E63800DE}.Release|Any CPU.ActiveCfg = Release|Any CPU
		{04D3A50A-BD96-4168-A331-3AC5E63800DE}.Release|Any CPU.Build.0 = Release|Any CPU
		{04D3A50A-BD96-4168-A331-3AC5E63800DE}.Release|ARM.ActiveCfg = Release|Any CPU
		{04D3A50A-BD96-4168-A331-3AC5E63800DE}.Release|ARM.Build.0 = Release|Any CPU
		{04D3A50A-BD96-4168-A331-3AC5E63800DE}.Release|ARM64.ActiveCfg = Release|arm64
		{04D3A50A-BD96-4168-A331-3AC5E63800DE}.Release|ARM64.Build.0 = Release|arm64
		{04D3A50A-BD96-4168-A331-3AC5E63800DE}.Release|iPhone.ActiveCfg = Release|Any CPU
		{04D3A50A-BD96-4168-A331-3AC5E63800DE}.Release|iPhone.Build.0 = Release|Any CPU
		{04D3A50A-BD96-4168-A331-3AC5E63800DE}.Release|iPhoneSimulator.ActiveCfg = Release|Any CPU
		{04D3A50A-BD96-4168-A331-3AC5E63800DE}.Release|iPhoneSimulator.Build.0 = Release|Any CPU
		{04D3A50A-BD96-4168-A331-3AC5E63800DE}.Release|x64.ActiveCfg = Release|x64
		{04D3A50A-BD96-4168-A331-3AC5E63800DE}.Release|x64.Build.0 = Release|x64
		{04D3A50A-BD96-4168-A331-3AC5E63800DE}.Release|x86.ActiveCfg = Release|x86
		{04D3A50A-BD96-4168-A331-3AC5E63800DE}.Release|x86.Build.0 = Release|x86

#//#if (skia-linux-fb)
		{761D821E-9905-4444-9ADF-76C995FE5427}.Debug|Any CPU.ActiveCfg = Debug|Any CPU
		{761D821E-9905-4444-9ADF-76C995FE5427}.Debug|Any CPU.Build.0 = Debug|Any CPU
		{761D821E-9905-4444-9ADF-76C995FE5427}.Debug|ARM.ActiveCfg = Debug|Any CPU
		{761D821E-9905-4444-9ADF-76C995FE5427}.Debug|ARM.Build.0 = Debug|Any CPU
		{761D821E-9905-4444-9ADF-76C995FE5427}.Debug|ARM64.ActiveCfg = Debug|Any CPU
		{761D821E-9905-4444-9ADF-76C995FE5427}.Debug|ARM64.Build.0 = Debug|Any CPU
		{761D821E-9905-4444-9ADF-76C995FE5427}.Debug|iPhone.ActiveCfg = Debug|Any CPU
		{761D821E-9905-4444-9ADF-76C995FE5427}.Debug|iPhone.Build.0 = Debug|Any CPU
		{761D821E-9905-4444-9ADF-76C995FE5427}.Debug|iPhoneSimulator.ActiveCfg = Debug|Any CPU
		{761D821E-9905-4444-9ADF-76C995FE5427}.Debug|iPhoneSimulator.Build.0 = Debug|Any CPU
		{761D821E-9905-4444-9ADF-76C995FE5427}.Debug|x64.ActiveCfg = Debug|Any CPU
		{761D821E-9905-4444-9ADF-76C995FE5427}.Debug|x64.Build.0 = Debug|Any CPU
		{761D821E-9905-4444-9ADF-76C995FE5427}.Debug|x86.ActiveCfg = Debug|Any CPU
		{761D821E-9905-4444-9ADF-76C995FE5427}.Debug|x86.Build.0 = Debug|Any CPU
		{761D821E-9905-4444-9ADF-76C995FE5427}.Release|Any CPU.ActiveCfg = Release|Any CPU
		{761D821E-9905-4444-9ADF-76C995FE5427}.Release|Any CPU.Build.0 = Release|Any CPU
		{761D821E-9905-4444-9ADF-76C995FE5427}.Release|ARM.ActiveCfg = Release|Any CPU
		{761D821E-9905-4444-9ADF-76C995FE5427}.Release|ARM.Build.0 = Release|Any CPU
		{761D821E-9905-4444-9ADF-76C995FE5427}.Release|ARM64.ActiveCfg = Release|Any CPU
		{761D821E-9905-4444-9ADF-76C995FE5427}.Release|ARM64.Build.0 = Release|Any CPU
		{761D821E-9905-4444-9ADF-76C995FE5427}.Release|iPhone.ActiveCfg = Release|Any CPU
		{761D821E-9905-4444-9ADF-76C995FE5427}.Release|iPhone.Build.0 = Release|Any CPU
		{761D821E-9905-4444-9ADF-76C995FE5427}.Release|iPhoneSimulator.ActiveCfg = Release|Any CPU
		{761D821E-9905-4444-9ADF-76C995FE5427}.Release|iPhoneSimulator.Build.0 = Release|Any CPU
		{761D821E-9905-4444-9ADF-76C995FE5427}.Release|x64.ActiveCfg = Release|Any CPU
		{761D821E-9905-4444-9ADF-76C995FE5427}.Release|x64.Build.0 = Release|Any CPU
		{761D821E-9905-4444-9ADF-76C995FE5427}.Release|x86.ActiveCfg = Release|Any CPU
		{761D821E-9905-4444-9ADF-76C995FE5427}.Release|x86.Build.0 = Release|Any CPU
#//#endif

	EndGlobalSection
	GlobalSection(SolutionProperties) = preSolution
		HideSolutionNode = FALSE
	EndGlobalSection
	GlobalSection(ExtensibilityGlobals) = postSolution
		SolutionGuid = {C7433AE2-B1A0-4C1A-887E-5CAA7AAF67A6}
	EndGlobalSection
EndGlobal
