Microsoft Visual Studio Solution File, Format Version 12.00
# Visual Studio Version 16
VisualStudioVersion = 16.0.29920.165
MinimumVisualStudioVersion = 15.0.26124.0

Project("{9A19103F-16F7-4668-BE54-9A1E7A4F7556}") = "UnoAppWinUI", "UnoAppWinUI\UnoAppWinUI.csproj", "{A5B8155A-119F-4794-B551-C6F3CF7E5411}"
EndProject

Project("{FAE04EC0-301F-11D3-BF4B-00C04F79EFBC}") = "UnoAppWinUI.Mobile", "UnoAppWinUI.Mobile\UnoAppWinUI.Mobile.csproj", "{9C4BFA3D-0961-47B2-942E-A73E52428055}"
EndProject

Project("{9A19103F-16F7-4668-BE54-9A1E7A4F7556}") = "UnoAppWinUI.Wasm", "UnoAppWinUI.Wasm\UnoAppWinUI.Wasm.csproj", "{40EA03F7-8A22-4143-B251-79BAC3EB13D2}"
EndProject

Project("{9A19103F-16F7-4668-BE54-9A1E7A4F7556}") = "UnoAppWinUI.Server", "UnoAppWinUI.Server\UnoAppWinUI.Server.csproj", "{40EA03F7-8A22-1234-B251-79BAC3EB13D2}"
EndProject

Project("{9A19103F-16F7-4668-BE54-9A1E7A4F7556}") = "UnoAppWinUI.Skia.Gtk", "UnoAppWinUI.Skia.Gtk\UnoAppWinUI.Skia.Gtk.csproj", "{A5B8155A-118F-4794-B551-C6F3CF7E5411}"
EndProject

Project("{9A19103F-16F7-4668-BE54-9A1E7A4F7556}") = "UnoAppWinUI.Skia.WPF", "UnoAppWinUI.Skia.WPF\UnoAppWinUI.Skia.WPF.csproj", "{8C3FDD8E-7D5A-4A47-B183-4F2A0BA3A3CE}"
EndProject

Project("{9A19103F-16F7-4668-BE54-9A1E7A4F7556}") = "UnoAppWinUI.Windows", "UnoAppWinUI.Windows\UnoAppWinUI.Windows.csproj", "{1AA13270-F438-4864-9435-54FD806E10EA}"
EndProject

Project("{9A19103F-16F7-4668-BE54-9A1E7A4F7556}") = "UnoAppWinUI.Skia.Linux.FrameBuffer", "UnoAppWinUI.Skia.Linux.FrameBuffer\UnoAppWinUI.Skia.Linux.FrameBuffer.csproj", "{761D821E-9905-4444-9ADF-76C995FE5427}"
EndProject

Global
	GlobalSection(SharedMSBuildProjectFiles) = preSolution
		UnoAppWinUI.Shared\UnoAppWinUI.Shared.projitems*{1aa13270-f438-4864-9435-54fd806e10ea}*SharedItemsImports = 5
		UnoAppWinUI.Shared\UnoAppWinUI.Shared.projitems*{91B1ADE1-1C4C-4D40-AE10-9D83356A72B2}*SharedItemsImports = 4
		UnoAppWinUI.Shared\UnoAppWinUI.Shared.projitems*{40ea03f7-8a22-4143-b251-79bac3eb13d2}*SharedItemsImports = 5
		UnoAppWinUI.Shared\UnoAppWinUI.Shared.projitems*{8C3FDD8E-7D5A-4A47-B183-4F2A0BA3A3CE}*SharedItemsImports = 5
		UnoAppWinUI.Shared\UnoAppWinUI.Shared.projitems*{E64CA117-E097-4E96-A830-A06EFC2918E4}*SharedItemsImports = 4
		UnoAppWinUI.Shared\UnoAppWinUI.Shared.projitems*{01503DF2-9B05-4876-8F9B-1A97BE08BB79}*SharedItemsImports = 4
		UnoAppWinUI.Shared\UnoAppWinUI.Shared.projitems*{a5b8155a-118f-4794-b551-c6f3cf7e5411}*SharedItemsImports = 5
		UnoAppWinUI.Shared\UnoAppWinUI.Shared.projitems*{9C4BFA3D-0961-47B2-942E-A73E52428055}*SharedItemsImports = 4
	EndGlobalSection
	GlobalSection(SolutionConfigurationPlatforms) = preSolution
		Debug|Any CPU = Debug|Any CPU
		Debug|ARM = Debug|ARM
		Debug|ARM64 = Debug|ARM64
		Debug|iPhone = Debug|iPhone
		Debug|iPhoneSimulator = Debug|iPhoneSimulator
		Debug|x64 = Debug|x64
		Debug|x86 = Debug|x86
		Release|Any CPU = Release|Any CPU
		Release|ARM = Release|ARM
		Release|ARM64 = Release|ARM64
		Release|iPhone = Release|iPhone
		Release|iPhoneSimulator = Release|iPhoneSimulator
		Release|x64 = Release|x64
		Release|x86 = Release|x86
	EndGlobalSection
	GlobalSection(ProjectConfigurationPlatforms) = postSolution
		{9C4BFA3D-0961-47B2-942E-A73E52428055}.Debug|Any CPU.ActiveCfg = Debug|Any CPU
		{9C4BFA3D-0961-47B2-942E-A73E52428055}.Debug|Any CPU.Build.0 = Debug|Any CPU
		{9C4BFA3D-0961-47B2-942E-A73E52428055}.Debug|Any CPU.Deploy.0 = Debug|Any CPU
		{9C4BFA3D-0961-47B2-942E-A73E52428055}.Debug|ARM.ActiveCfg = Debug|Any CPU
		{9C4BFA3D-0961-47B2-942E-A73E52428055}.Debug|ARM.Build.0 = Debug|Any CPU
		{9C4BFA3D-0961-47B2-942E-A73E52428055}.Debug|ARM.Deploy.0 = Debug|Any CPU
		{9C4BFA3D-0961-47B2-942E-A73E52428055}.Debug|ARM64.ActiveCfg = Debug|Any CPU
		{9C4BFA3D-0961-47B2-942E-A73E52428055}.Debug|ARM64.Build.0 = Debug|Any CPU
		{9C4BFA3D-0961-47B2-942E-A73E52428055}.Debug|ARM64.Deploy.0 = Debug|Any CPU
		{9C4BFA3D-0961-47B2-942E-A73E52428055}.Debug|iPhone.ActiveCfg = Debug|Any CPU
		{9C4BFA3D-0961-47B2-942E-A73E52428055}.Debug|iPhone.Build.0 = Debug|Any CPU
		{9C4BFA3D-0961-47B2-942E-A73E52428055}.Debug|iPhone.Deploy.0 = Debug|Any CPU
		{9C4BFA3D-0961-47B2-942E-A73E52428055}.Debug|iPhoneSimulator.ActiveCfg = Debug|Any CPU
		{9C4BFA3D-0961-47B2-942E-A73E52428055}.Debug|iPhoneSimulator.Build.0 = Debug|Any CPU
		{9C4BFA3D-0961-47B2-942E-A73E52428055}.Debug|iPhoneSimulator.Deploy.0 = Debug|Any CPU
		{9C4BFA3D-0961-47B2-942E-A73E52428055}.Debug|x64.ActiveCfg = Debug|Any CPU
		{9C4BFA3D-0961-47B2-942E-A73E52428055}.Debug|x64.Build.0 = Debug|Any CPU
		{9C4BFA3D-0961-47B2-942E-A73E52428055}.Debug|x64.Deploy.0 = Debug|Any CPU
		{9C4BFA3D-0961-47B2-942E-A73E52428055}.Debug|x86.ActiveCfg = Debug|Any CPU
		{9C4BFA3D-0961-47B2-942E-A73E52428055}.Debug|x86.Build.0 = Debug|Any CPU
		{9C4BFA3D-0961-47B2-942E-A73E52428055}.Debug|x86.Deploy.0 = Debug|Any CPU

		{9C4BFA3D-0961-47B2-942E-A73E52428055}.Release|Any CPU.ActiveCfg = Release|Any CPU
		{9C4BFA3D-0961-47B2-942E-A73E52428055}.Release|Any CPU.Build.0 = Release|Any CPU
		{9C4BFA3D-0961-47B2-942E-A73E52428055}.Release|Any CPU.Deploy.0 = Release|Any CPU
		{9C4BFA3D-0961-47B2-942E-A73E52428055}.Release|ARM.ActiveCfg = Release|Any CPU
		{9C4BFA3D-0961-47B2-942E-A73E52428055}.Release|ARM.Build.0 = Release|Any CPU
		{9C4BFA3D-0961-47B2-942E-A73E52428055}.Release|ARM.Deploy.0 = Release|Any CPU
		{9C4BFA3D-0961-47B2-942E-A73E52428055}.Release|ARM64.ActiveCfg = Release|Any CPU
		{9C4BFA3D-0961-47B2-942E-A73E52428055}.Release|ARM64.Build.0 = Release|Any CPU
		{9C4BFA3D-0961-47B2-942E-A73E52428055}.Release|ARM64.Deploy.0 = Release|Any CPU
		{9C4BFA3D-0961-47B2-942E-A73E52428055}.Release|iPhone.ActiveCfg = Release|Any CPU
		{9C4BFA3D-0961-47B2-942E-A73E52428055}.Release|iPhone.Build.0 = Release|Any CPU
		{9C4BFA3D-0961-47B2-942E-A73E52428055}.Release|iPhone.Deploy.0 = Release|Any CPU
		{9C4BFA3D-0961-47B2-942E-A73E52428055}.Release|iPhoneSimulator.ActiveCfg = Release|Any CPU
		{9C4BFA3D-0961-47B2-942E-A73E52428055}.Release|iPhoneSimulator.Build.0 = Release|Any CPU
		{9C4BFA3D-0961-47B2-942E-A73E52428055}.Release|iPhoneSimulator.Deploy.0 = Release|Any CPU
		{9C4BFA3D-0961-47B2-942E-A73E52428055}.Release|x64.ActiveCfg = Release|Any CPU
		{9C4BFA3D-0961-47B2-942E-A73E52428055}.Release|x64.Build.0 = Release|Any CPU
		{9C4BFA3D-0961-47B2-942E-A73E52428055}.Release|x64.Deploy.0 = Release|Any CPU
		{9C4BFA3D-0961-47B2-942E-A73E52428055}.Release|x86.ActiveCfg = Release|Any CPU
		{9C4BFA3D-0961-47B2-942E-A73E52428055}.Release|x86.Build.0 = Release|Any CPU
		{9C4BFA3D-0961-47B2-942E-A73E52428055}.Release|x86.Deploy.0 = Release|Any CPU
		{01503DF2-9B05-4876-8F9B-1A97BE08BB79}.Debug|Any CPU.ActiveCfg = Debug|iPhone
		{01503DF2-9B05-4876-8F9B-1A97BE08BB79}.Debug|Any CPU.Build.0 = Debug|iPhone
		{01503DF2-9B05-4876-8F9B-1A97BE08BB79}.Debug|Any CPU.Deploy.0 = Debug|iPhone
		{01503DF2-9B05-4876-8F9B-1A97BE08BB79}.Debug|ARM.ActiveCfg = Debug|iPhone
		{01503DF2-9B05-4876-8F9B-1A97BE08BB79}.Debug|ARM64.ActiveCfg = Debug|iPhone
		{01503DF2-9B05-4876-8F9B-1A97BE08BB79}.Debug|iPhone.ActiveCfg = Debug|iPhone
		{01503DF2-9B05-4876-8F9B-1A97BE08BB79}.Debug|iPhone.Build.0 = Debug|iPhone
		{01503DF2-9B05-4876-8F9B-1A97BE08BB79}.Debug|iPhoneSimulator.ActiveCfg = Debug|iPhoneSimulator
		{01503DF2-9B05-4876-8F9B-1A97BE08BB79}.Debug|iPhoneSimulator.Build.0 = Debug|iPhoneSimulator
		{01503DF2-9B05-4876-8F9B-1A97BE08BB79}.Debug|x64.ActiveCfg = Debug|iPhone
		{01503DF2-9B05-4876-8F9B-1A97BE08BB79}.Debug|x64.Build.0 = Debug|iPhone
		{01503DF2-9B05-4876-8F9B-1A97BE08BB79}.Debug|x64.Deploy.0 = Debug|iPhone
		{01503DF2-9B05-4876-8F9B-1A97BE08BB79}.Debug|x86.ActiveCfg = Debug|iPhoneSimulator
		{01503DF2-9B05-4876-8F9B-1A97BE08BB79}.Debug|x86.Build.0 = Debug|iPhoneSimulator
		{01503DF2-9B05-4876-8F9B-1A97BE08BB79}.Debug|x86.Deploy.0 = Debug|iPhoneSimulator
		{01503DF2-9B05-4876-8F9B-1A97BE08BB79}.Release|Any CPU.ActiveCfg = Release|iPhone
		{01503DF2-9B05-4876-8F9B-1A97BE08BB79}.Release|ARM.ActiveCfg = Release|iPhone
		{01503DF2-9B05-4876-8F9B-1A97BE08BB79}.Release|ARM64.ActiveCfg = Release|iPhone
		{01503DF2-9B05-4876-8F9B-1A97BE08BB79}.Release|iPhone.ActiveCfg = Release|iPhone
		{01503DF2-9B05-4876-8F9B-1A97BE08BB79}.Release|iPhone.Build.0 = Release|iPhone
		{01503DF2-9B05-4876-8F9B-1A97BE08BB79}.Release|iPhoneSimulator.ActiveCfg = Release|iPhoneSimulator
		{01503DF2-9B05-4876-8F9B-1A97BE08BB79}.Release|iPhoneSimulator.Build.0 = Release|iPhoneSimulator
		{01503DF2-9B05-4876-8F9B-1A97BE08BB79}.Release|x64.ActiveCfg = Release|iPhoneSimulator
		{01503DF2-9B05-4876-8F9B-1A97BE08BB79}.Release|x64.Build.0 = Release|iPhoneSimulator
		{01503DF2-9B05-4876-8F9B-1A97BE08BB79}.Release|x64.Deploy.0 = Release|iPhoneSimulator
		{01503DF2-9B05-4876-8F9B-1A97BE08BB79}.Release|x86.ActiveCfg = Release|iPhoneSimulator
		{01503DF2-9B05-4876-8F9B-1A97BE08BB79}.Release|x86.Build.0 = Release|iPhoneSimulator

		{E64CA117-E097-4E96-A830-A06EFC2918E4}.Debug|Any CPU.ActiveCfg = Debug|x86
		{E64CA117-E097-4E96-A830-A06EFC2918E4}.Debug|Any CPU.Build.0 = Debug|x86
		{E64CA117-E097-4E96-A830-A06EFC2918E4}.Debug|Any CPU.Deploy.0 = Debug|x86
		{E64CA117-E097-4E96-A830-A06EFC2918E4}.Debug|ARM.ActiveCfg = Debug|ARM
		{E64CA117-E097-4E96-A830-A06EFC2918E4}.Debug|ARM.Build.0 = Debug|ARM
		{E64CA117-E097-4E96-A830-A06EFC2918E4}.Debug|ARM.Deploy.0 = Debug|ARM
		{E64CA117-E097-4E96-A830-A06EFC2918E4}.Debug|ARM64.ActiveCfg = Debug|ARM64
		{E64CA117-E097-4E96-A830-A06EFC2918E4}.Debug|ARM64.Build.0 = Debug|ARM64
		{E64CA117-E097-4E96-A830-A06EFC2918E4}.Debug|ARM64.Deploy.0 = Debug|ARM64
		{E64CA117-E097-4E96-A830-A06EFC2918E4}.Debug|iPhone.ActiveCfg = Debug|x86
		{E64CA117-E097-4E96-A830-A06EFC2918E4}.Debug|iPhone.Build.0 = Debug|x86
		{E64CA117-E097-4E96-A830-A06EFC2918E4}.Debug|iPhone.Deploy.0 = Debug|x86
		{E64CA117-E097-4E96-A830-A06EFC2918E4}.Debug|iPhoneSimulator.ActiveCfg = Debug|x86
		{E64CA117-E097-4E96-A830-A06EFC2918E4}.Debug|iPhoneSimulator.Build.0 = Debug|x86
		{E64CA117-E097-4E96-A830-A06EFC2918E4}.Debug|iPhoneSimulator.Deploy.0 = Debug|x86
		{E64CA117-E097-4E96-A830-A06EFC2918E4}.Debug|x64.ActiveCfg = Debug|x64
		{E64CA117-E097-4E96-A830-A06EFC2918E4}.Debug|x64.Build.0 = Debug|x64
		{E64CA117-E097-4E96-A830-A06EFC2918E4}.Debug|x64.Deploy.0 = Debug|x64
		{E64CA117-E097-4E96-A830-A06EFC2918E4}.Debug|x86.ActiveCfg = Debug|x86
		{E64CA117-E097-4E96-A830-A06EFC2918E4}.Debug|x86.Build.0 = Debug|x86
		{E64CA117-E097-4E96-A830-A06EFC2918E4}.Debug|x86.Deploy.0 = Debug|x86
		{E64CA117-E097-4E96-A830-A06EFC2918E4}.Release|Any CPU.ActiveCfg = Release|x86
		{E64CA117-E097-4E96-A830-A06EFC2918E4}.Release|ARM.ActiveCfg = Release|ARM
		{E64CA117-E097-4E96-A830-A06EFC2918E4}.Release|ARM.Build.0 = Release|ARM
		{E64CA117-E097-4E96-A830-A06EFC2918E4}.Release|ARM.Deploy.0 = Release|ARM
		{E64CA117-E097-4E96-A830-A06EFC2918E4}.Release|ARM64.ActiveCfg = Release|ARM64
		{E64CA117-E097-4E96-A830-A06EFC2918E4}.Release|ARM64.Build.0 = Release|ARM64
		{E64CA117-E097-4E96-A830-A06EFC2918E4}.Release|ARM64.Deploy.0 = Release|ARM64
		{E64CA117-E097-4E96-A830-A06EFC2918E4}.Release|iPhone.ActiveCfg = Release|x86
		{E64CA117-E097-4E96-A830-A06EFC2918E4}.Release|iPhone.Build.0 = Release|x86
		{E64CA117-E097-4E96-A830-A06EFC2918E4}.Release|iPhoneSimulator.ActiveCfg = Release|x86
		{E64CA117-E097-4E96-A830-A06EFC2918E4}.Release|iPhoneSimulator.Build.0 = Release|x86
		{E64CA117-E097-4E96-A830-A06EFC2918E4}.Release|iPhoneSimulator.Deploy.0 = Release|x86
		{E64CA117-E097-4E96-A830-A06EFC2918E4}.Release|x64.ActiveCfg = Release|x64
		{E64CA117-E097-4E96-A830-A06EFC2918E4}.Release|x64.Build.0 = Release|x64
		{E64CA117-E097-4E96-A830-A06EFC2918E4}.Release|x64.Deploy.0 = Release|x64
		{E64CA117-E097-4E96-A830-A06EFC2918E4}.Release|x86.ActiveCfg = Release|x86
		{E64CA117-E097-4E96-A830-A06EFC2918E4}.Release|x86.Build.0 = Release|x86
		{E64CA117-E097-4E96-A830-A06EFC2918E4}.Release|x86.Deploy.0 = Release|x86

		{8C3FDD8E-7D5A-4A47-B183-4F2A0BA3A3CE}.Debug|Any CPU.ActiveCfg = Debug|Any CPU
		{8C3FDD8E-7D5A-4A47-B183-4F2A0BA3A3CE}.Debug|Any CPU.Build.0 = Debug|Any CPU
		{8C3FDD8E-7D5A-4A47-B183-4F2A0BA3A3CE}.Debug|Any CPU.Deploy.0 = Debug|Any CPU
		{8C3FDD8E-7D5A-4A47-B183-4F2A0BA3A3CE}.Debug|ARM.ActiveCfg = Debug|Any CPU
		{8C3FDD8E-7D5A-4A47-B183-4F2A0BA3A3CE}.Debug|ARM.Build.0 = Debug|Any CPU
		{8C3FDD8E-7D5A-4A47-B183-4F2A0BA3A3CE}.Debug|ARM.Deploy.0 = Debug|Any CPU
		{8C3FDD8E-7D5A-4A47-B183-4F2A0BA3A3CE}.Debug|ARM64.ActiveCfg = Debug|Any CPU
		{8C3FDD8E-7D5A-4A47-B183-4F2A0BA3A3CE}.Debug|ARM64.Build.0 = Debug|Any CPU
		{8C3FDD8E-7D5A-4A47-B183-4F2A0BA3A3CE}.Debug|ARM64.Deploy.0 = Debug|Any CPU
		{8C3FDD8E-7D5A-4A47-B183-4F2A0BA3A3CE}.Debug|iPhone.ActiveCfg = Debug|Any CPU
		{8C3FDD8E-7D5A-4A47-B183-4F2A0BA3A3CE}.Debug|iPhone.Build.0 = Debug|Any CPU
		{8C3FDD8E-7D5A-4A47-B183-4F2A0BA3A3CE}.Debug|iPhone.Deploy.0 = Debug|Any CPU
		{8C3FDD8E-7D5A-4A47-B183-4F2A0BA3A3CE}.Debug|iPhoneSimulator.ActiveCfg = Debug|Any CPU
		{8C3FDD8E-7D5A-4A47-B183-4F2A0BA3A3CE}.Debug|iPhoneSimulator.Build.0 = Debug|Any CPU
		{8C3FDD8E-7D5A-4A47-B183-4F2A0BA3A3CE}.Debug|iPhoneSimulator.Deploy.0 = Debug|Any CPU
		{8C3FDD8E-7D5A-4A47-B183-4F2A0BA3A3CE}.Debug|x64.ActiveCfg = Debug|Any CPU
		{8C3FDD8E-7D5A-4A47-B183-4F2A0BA3A3CE}.Debug|x64.Build.0 = Debug|Any CPU
		{8C3FDD8E-7D5A-4A47-B183-4F2A0BA3A3CE}.Debug|x64.Deploy.0 = Debug|Any CPU
		{8C3FDD8E-7D5A-4A47-B183-4F2A0BA3A3CE}.Debug|x86.ActiveCfg = Debug|Any CPU
		{8C3FDD8E-7D5A-4A47-B183-4F2A0BA3A3CE}.Debug|x86.Build.0 = Debug|Any CPU
		{8C3FDD8E-7D5A-4A47-B183-4F2A0BA3A3CE}.Debug|x86.Deploy.0 = Debug|Any CPU
		{8C3FDD8E-7D5A-4A47-B183-4F2A0BA3A3CE}.Release|Any CPU.ActiveCfg = Release|Any CPU
		{8C3FDD8E-7D5A-4A47-B183-4F2A0BA3A3CE}.Release|Any CPU.Build.0 = Release|Any CPU
		{8C3FDD8E-7D5A-4A47-B183-4F2A0BA3A3CE}.Release|ARM.ActiveCfg = Release|Any CPU
		{8C3FDD8E-7D5A-4A47-B183-4F2A0BA3A3CE}.Release|ARM.Build.0 = Release|Any CPU
		{8C3FDD8E-7D5A-4A47-B183-4F2A0BA3A3CE}.Release|ARM.Deploy.0 = Release|Any CPU
		{8C3FDD8E-7D5A-4A47-B183-4F2A0BA3A3CE}.Release|ARM64.ActiveCfg = Release|Any CPU
		{8C3FDD8E-7D5A-4A47-B183-4F2A0BA3A3CE}.Release|ARM64.Build.0 = Release|Any CPU
		{8C3FDD8E-7D5A-4A47-B183-4F2A0BA3A3CE}.Release|ARM64.Deploy.0 = Release|Any CPU
		{8C3FDD8E-7D5A-4A47-B183-4F2A0BA3A3CE}.Release|iPhone.ActiveCfg = Release|Any CPU
		{8C3FDD8E-7D5A-4A47-B183-4F2A0BA3A3CE}.Release|iPhone.Build.0 = Release|Any CPU
		{8C3FDD8E-7D5A-4A47-B183-4F2A0BA3A3CE}.Release|iPhoneSimulator.ActiveCfg = Release|Any CPU
		{8C3FDD8E-7D5A-4A47-B183-4F2A0BA3A3CE}.Release|iPhoneSimulator.Build.0 = Release|Any CPU
		{8C3FDD8E-7D5A-4A47-B183-4F2A0BA3A3CE}.Release|iPhoneSimulator.Deploy.0 = Release|Any CPU
		{8C3FDD8E-7D5A-4A47-B183-4F2A0BA3A3CE}.Release|x64.ActiveCfg = Release|Any CPU
		{8C3FDD8E-7D5A-4A47-B183-4F2A0BA3A3CE}.Release|x64.Build.0 = Release|Any CPU
		{8C3FDD8E-7D5A-4A47-B183-4F2A0BA3A3CE}.Release|x64.Deploy.0 = Release|Any CPU
		{8C3FDD8E-7D5A-4A47-B183-4F2A0BA3A3CE}.Release|x86.ActiveCfg = Release|Any CPU
		{8C3FDD8E-7D5A-4A47-B183-4F2A0BA3A3CE}.Release|x86.Build.0 = Release|Any CPU
		{8C3FDD8E-7D5A-4A47-B183-4F2A0BA3A3CE}.Release|x86.Deploy.0 = Release|Any CPU

		{A5B8155A-118F-4794-B551-C6F3CF7E5411}.Debug|Any CPU.ActiveCfg = Debug|Any CPU
		{A5B8155A-118F-4794-B551-C6F3CF7E5411}.Debug|Any CPU.Build.0 = Debug|Any CPU
		{A5B8155A-118F-4794-B551-C6F3CF7E5411}.Debug|ARM.ActiveCfg = Debug|Any CPU
		{A5B8155A-118F-4794-B551-C6F3CF7E5411}.Debug|ARM.Build.0 = Debug|Any CPU
		{A5B8155A-118F-4794-B551-C6F3CF7E5411}.Debug|ARM64.ActiveCfg = Debug|Any CPU
		{A5B8155A-118F-4794-B551-C6F3CF7E5411}.Debug|ARM64.Build.0 = Debug|Any CPU
		{A5B8155A-118F-4794-B551-C6F3CF7E5411}.Debug|iPhone.ActiveCfg = Debug|Any CPU
		{A5B8155A-118F-4794-B551-C6F3CF7E5411}.Debug|iPhone.Build.0 = Debug|Any CPU
		{A5B8155A-118F-4794-B551-C6F3CF7E5411}.Debug|iPhoneSimulator.ActiveCfg = Debug|Any CPU
		{A5B8155A-118F-4794-B551-C6F3CF7E5411}.Debug|iPhoneSimulator.Build.0 = Debug|Any CPU
		{A5B8155A-118F-4794-B551-C6F3CF7E5411}.Debug|x64.ActiveCfg = Debug|Any CPU
		{A5B8155A-118F-4794-B551-C6F3CF7E5411}.Debug|x64.Build.0 = Debug|Any CPU
		{A5B8155A-118F-4794-B551-C6F3CF7E5411}.Debug|x86.ActiveCfg = Debug|Any CPU
		{A5B8155A-118F-4794-B551-C6F3CF7E5411}.Debug|x86.Build.0 = Debug|Any CPU
		{A5B8155A-118F-4794-B551-C6F3CF7E5411}.Release|Any CPU.ActiveCfg = Release|Any CPU
		{A5B8155A-118F-4794-B551-C6F3CF7E5411}.Release|Any CPU.Build.0 = Release|Any CPU
		{A5B8155A-118F-4794-B551-C6F3CF7E5411}.Release|ARM.ActiveCfg = Release|Any CPU
		{A5B8155A-118F-4794-B551-C6F3CF7E5411}.Release|ARM.Build.0 = Release|Any CPU
		{A5B8155A-118F-4794-B551-C6F3CF7E5411}.Release|ARM64.ActiveCfg = Release|Any CPU
		{A5B8155A-118F-4794-B551-C6F3CF7E5411}.Release|ARM64.Build.0 = Release|Any CPU
		{A5B8155A-118F-4794-B551-C6F3CF7E5411}.Release|iPhone.ActiveCfg = Release|Any CPU
		{A5B8155A-118F-4794-B551-C6F3CF7E5411}.Release|iPhone.Build.0 = Release|Any CPU
		{A5B8155A-118F-4794-B551-C6F3CF7E5411}.Release|iPhoneSimulator.ActiveCfg = Release|Any CPU
		{A5B8155A-118F-4794-B551-C6F3CF7E5411}.Release|iPhoneSimulator.Build.0 = Release|Any CPU
		{A5B8155A-118F-4794-B551-C6F3CF7E5411}.Release|x64.ActiveCfg = Release|Any CPU
		{A5B8155A-118F-4794-B551-C6F3CF7E5411}.Release|x64.Build.0 = Release|Any CPU
		{A5B8155A-118F-4794-B551-C6F3CF7E5411}.Release|x86.ActiveCfg = Release|Any CPU
		{A5B8155A-118F-4794-B551-C6F3CF7E5411}.Release|x86.Build.0 = Release|Any CPU
		{1AA13270-F438-4864-9435-54FD806E10EA}.Debug|Any CPU.ActiveCfg = Debug|x86
		{1AA13270-F438-4864-9435-54FD806E10EA}.Debug|Any CPU.Build.0 = Debug|x86
		{1AA13270-F438-4864-9435-54FD806E10EA}.Debug|Any CPU.Deploy.0 = Debug|x86
		{1AA13270-F438-4864-9435-54FD806E10EA}.Debug|ARM.ActiveCfg = Debug|Any CPU
		{1AA13270-F438-4864-9435-54FD806E10EA}.Debug|ARM.Build.0 = Debug|Any CPU
		{1AA13270-F438-4864-9435-54FD806E10EA}.Debug|ARM64.ActiveCfg = Debug|x86
		{1AA13270-F438-4864-9435-54FD806E10EA}.Debug|ARM64.Build.0 = Debug|x86
		{1AA13270-F438-4864-9435-54FD806E10EA}.Debug|iPhone.ActiveCfg = Debug|Any CPU
		{1AA13270-F438-4864-9435-54FD806E10EA}.Debug|iPhone.Build.0 = Debug|Any CPU
		{1AA13270-F438-4864-9435-54FD806E10EA}.Debug|iPhoneSimulator.ActiveCfg = Debug|Any CPU
		{1AA13270-F438-4864-9435-54FD806E10EA}.Debug|iPhoneSimulator.Build.0 = Debug|Any CPU
		{1AA13270-F438-4864-9435-54FD806E10EA}.Debug|x64.ActiveCfg = Debug|x64
		{1AA13270-F438-4864-9435-54FD806E10EA}.Debug|x64.Build.0 = Debug|x64
		{1AA13270-F438-4864-9435-54FD806E10EA}.Debug|x64.Deploy.0 = Debug|x64
		{1AA13270-F438-4864-9435-54FD806E10EA}.Debug|x86.ActiveCfg = Debug|x86
		{1AA13270-F438-4864-9435-54FD806E10EA}.Debug|x86.Build.0 = Debug|x86
		{1AA13270-F438-4864-9435-54FD806E10EA}.Debug|x86.Deploy.0 = Debug|x86
		{1AA13270-F438-4864-9435-54FD806E10EA}.Release|Any CPU.ActiveCfg = Release|Any CPU
		{1AA13270-F438-4864-9435-54FD806E10EA}.Release|Any CPU.Build.0 = Release|Any CPU
		{1AA13270-F438-4864-9435-54FD806E10EA}.Release|Any CPU.Deploy.0 = Release|Any CPU
		{1AA13270-F438-4864-9435-54FD806E10EA}.Release|ARM.ActiveCfg = Release|Any CPU
		{1AA13270-F438-4864-9435-54FD806E10EA}.Release|ARM.Build.0 = Release|Any CPU
		{1AA13270-F438-4864-9435-54FD806E10EA}.Release|ARM64.ActiveCfg = Release|x86
		{1AA13270-F438-4864-9435-54FD806E10EA}.Release|ARM64.Build.0 = Release|x86
		{1AA13270-F438-4864-9435-54FD806E10EA}.Release|iPhone.ActiveCfg = Release|Any CPU
		{1AA13270-F438-4864-9435-54FD806E10EA}.Release|iPhone.Build.0 = Release|Any CPU
		{1AA13270-F438-4864-9435-54FD806E10EA}.Release|iPhoneSimulator.ActiveCfg = Release|Any CPU
		{1AA13270-F438-4864-9435-54FD806E10EA}.Release|iPhoneSimulator.Build.0 = Release|Any CPU
		{1AA13270-F438-4864-9435-54FD806E10EA}.Release|x64.ActiveCfg = Release|x64
		{1AA13270-F438-4864-9435-54FD806E10EA}.Release|x64.Build.0 = Release|x64
		{1AA13270-F438-4864-9435-54FD806E10EA}.Release|x64.Deploy.0 = Release|x64
		{1AA13270-F438-4864-9435-54FD806E10EA}.Release|x86.ActiveCfg = Release|x86
		{1AA13270-F438-4864-9435-54FD806E10EA}.Release|x86.Build.0 = Release|x86
		{1AA13270-F438-4864-9435-54FD806E10EA}.Release|x86.Deploy.0 = Release|x86

		{40EA03F7-8A22-4143-B251-79BAC3EB13D2}.Debug|Any CPU.ActiveCfg = Debug|Any CPU
		{40EA03F7-8A22-4143-B251-79BAC3EB13D2}.Debug|Any CPU.Build.0 = Debug|Any CPU
		{40EA03F7-8A22-4143-B251-79BAC3EB13D2}.Debug|ARM.ActiveCfg = Debug|Any CPU
		{40EA03F7-8A22-4143-B251-79BAC3EB13D2}.Debug|ARM.Build.0 = Debug|Any CPU
		{40EA03F7-8A22-4143-B251-79BAC3EB13D2}.Debug|ARM64.ActiveCfg = Debug|Any CPU
		{40EA03F7-8A22-4143-B251-79BAC3EB13D2}.Debug|ARM64.Build.0 = Debug|Any CPU
		{40EA03F7-8A22-4143-B251-79BAC3EB13D2}.Debug|iPhone.ActiveCfg = Debug|Any CPU
		{40EA03F7-8A22-4143-B251-79BAC3EB13D2}.Debug|iPhone.Build.0 = Debug|Any CPU
		{40EA03F7-8A22-4143-B251-79BAC3EB13D2}.Debug|iPhoneSimulator.ActiveCfg = Debug|Any CPU
		{40EA03F7-8A22-4143-B251-79BAC3EB13D2}.Debug|iPhoneSimulator.Build.0 = Debug|Any CPU
		{40EA03F7-8A22-4143-B251-79BAC3EB13D2}.Debug|x64.ActiveCfg = Debug|Any CPU
		{40EA03F7-8A22-4143-B251-79BAC3EB13D2}.Debug|x64.Build.0 = Debug|Any CPU
		{40EA03F7-8A22-4143-B251-79BAC3EB13D2}.Debug|x86.ActiveCfg = Debug|Any CPU
		{40EA03F7-8A22-4143-B251-79BAC3EB13D2}.Debug|x86.Build.0 = Debug|Any CPU
		{40EA03F7-8A22-4143-B251-79BAC3EB13D2}.Release|Any CPU.ActiveCfg = Release|Any CPU
		{40EA03F7-8A22-4143-B251-79BAC3EB13D2}.Release|Any CPU.Build.0 = Release|Any CPU
		{40EA03F7-8A22-4143-B251-79BAC3EB13D2}.Release|ARM.ActiveCfg = Release|Any CPU
		{40EA03F7-8A22-4143-B251-79BAC3EB13D2}.Release|ARM.Build.0 = Release|Any CPU
		{40EA03F7-8A22-4143-B251-79BAC3EB13D2}.Release|ARM64.ActiveCfg = Release|Any CPU
		{40EA03F7-8A22-4143-B251-79BAC3EB13D2}.Release|ARM64.Build.0 = Release|Any CPU
		{40EA03F7-8A22-4143-B251-79BAC3EB13D2}.Release|iPhone.ActiveCfg = Release|Any CPU
		{40EA03F7-8A22-4143-B251-79BAC3EB13D2}.Release|iPhone.Build.0 = Release|Any CPU
		{40EA03F7-8A22-4143-B251-79BAC3EB13D2}.Release|iPhoneSimulator.ActiveCfg = Release|Any CPU
		{40EA03F7-8A22-4143-B251-79BAC3EB13D2}.Release|iPhoneSimulator.Build.0 = Release|Any CPU
		{40EA03F7-8A22-4143-B251-79BAC3EB13D2}.Release|x64.ActiveCfg = Release|Any CPU
		{40EA03F7-8A22-4143-B251-79BAC3EB13D2}.Release|x64.Build.0 = Release|Any CPU
		{40EA03F7-8A22-4143-B251-79BAC3EB13D2}.Release|x86.ActiveCfg = Release|Any CPU
		{40EA03F7-8A22-4143-B251-79BAC3EB13D2}.Release|x86.Build.0 = Release|Any CPU

		{A5B8155A-119F-4794-B551-C6F3CF7E5411}.Debug|Any CPU.ActiveCfg = Debug|Any CPU
		{A5B8155A-119F-4794-B551-C6F3CF7E5411}.Debug|Any CPU.Build.0 = Debug|Any CPU
		{A5B8155A-119F-4794-B551-C6F3CF7E5411}.Debug|ARM.ActiveCfg = Debug|Any CPU
		{A5B8155A-119F-4794-B551-C6F3CF7E5411}.Debug|ARM.Build.0 = Debug|Any CPU
		{A5B8155A-119F-4794-B551-C6F3CF7E5411}.Debug|ARM64.ActiveCfg = Debug|Any CPU
		{A5B8155A-119F-4794-B551-C6F3CF7E5411}.Debug|ARM64.Build.0 = Debug|Any CPU
		{A5B8155A-119F-4794-B551-C6F3CF7E5411}.Debug|iPhone.ActiveCfg = Debug|Any CPU
		{A5B8155A-119F-4794-B551-C6F3CF7E5411}.Debug|iPhone.Build.0 = Debug|Any CPU
		{A5B8155A-119F-4794-B551-C6F3CF7E5411}.Debug|iPhoneSimulator.ActiveCfg = Debug|Any CPU
		{A5B8155A-119F-4794-B551-C6F3CF7E5411}.Debug|iPhoneSimulator.Build.0 = Debug|Any CPU
		{A5B8155A-119F-4794-B551-C6F3CF7E5411}.Debug|x64.ActiveCfg = Debug|Any CPU
		{A5B8155A-119F-4794-B551-C6F3CF7E5411}.Debug|x64.Build.0 = Debug|Any CPU
		{A5B8155A-119F-4794-B551-C6F3CF7E5411}.Debug|x86.ActiveCfg = Debug|Any CPU
		{A5B8155A-119F-4794-B551-C6F3CF7E5411}.Debug|x86.Build.0 = Debug|Any CPU
		{A5B8155A-119F-4794-B551-C6F3CF7E5411}.Release|Any CPU.ActiveCfg = Release|Any CPU
		{A5B8155A-119F-4794-B551-C6F3CF7E5411}.Release|Any CPU.Build.0 = Release|Any CPU
		{A5B8155A-119F-4794-B551-C6F3CF7E5411}.Release|ARM.ActiveCfg = Release|Any CPU
		{A5B8155A-119F-4794-B551-C6F3CF7E5411}.Release|ARM.Build.0 = Release|Any CPU
		{A5B8155A-119F-4794-B551-C6F3CF7E5411}.Release|ARM64.ActiveCfg = Release|Any CPU
		{A5B8155A-119F-4794-B551-C6F3CF7E5411}.Release|ARM64.Build.0 = Release|Any CPU
		{A5B8155A-119F-4794-B551-C6F3CF7E5411}.Release|iPhone.ActiveCfg = Release|Any CPU
		{A5B8155A-119F-4794-B551-C6F3CF7E5411}.Release|iPhone.Build.0 = Release|Any CPU
		{A5B8155A-119F-4794-B551-C6F3CF7E5411}.Release|iPhoneSimulator.ActiveCfg = Release|Any CPU
		{A5B8155A-119F-4794-B551-C6F3CF7E5411}.Release|iPhoneSimulator.Build.0 = Release|Any CPU
		{A5B8155A-119F-4794-B551-C6F3CF7E5411}.Release|x64.ActiveCfg = Release|Any CPU
		{A5B8155A-119F-4794-B551-C6F3CF7E5411}.Release|x64.Build.0 = Release|Any CPU
		{A5B8155A-119F-4794-B551-C6F3CF7E5411}.Release|x86.ActiveCfg = Release|Any CPU
		{A5B8155A-119F-4794-B551-C6F3CF7E5411}.Release|x86.Build.0 = Release|Any CPU

		{40EA03F7-8A22-1234-B251-79BAC3EB13D2}.Debug|Any CPU.ActiveCfg = Debug|Any CPU
		{40EA03F7-8A22-1234-B251-79BAC3EB13D2}.Debug|Any CPU.Build.0 = Debug|Any CPU
		{40EA03F7-8A22-1234-B251-79BAC3EB13D2}.Debug|ARM.ActiveCfg = Debug|Any CPU
		{40EA03F7-8A22-1234-B251-79BAC3EB13D2}.Debug|ARM.Build.0 = Debug|Any CPU
		{40EA03F7-8A22-1234-B251-79BAC3EB13D2}.Debug|ARM64.ActiveCfg = Debug|Any CPU
		{40EA03F7-8A22-1234-B251-79BAC3EB13D2}.Debug|ARM64.Build.0 = Debug|Any CPU
		{40EA03F7-8A22-1234-B251-79BAC3EB13D2}.Debug|iPhone.ActiveCfg = Debug|Any CPU
		{40EA03F7-8A22-1234-B251-79BAC3EB13D2}.Debug|iPhone.Build.0 = Debug|Any CPU
		{40EA03F7-8A22-1234-B251-79BAC3EB13D2}.Debug|iPhoneSimulator.ActiveCfg = Debug|Any CPU
		{40EA03F7-8A22-1234-B251-79BAC3EB13D2}.Debug|iPhoneSimulator.Build.0 = Debug|Any CPU
		{40EA03F7-8A22-1234-B251-79BAC3EB13D2}.Debug|x64.ActiveCfg = Debug|Any CPU
		{40EA03F7-8A22-1234-B251-79BAC3EB13D2}.Debug|x64.Build.0 = Debug|Any CPU
		{40EA03F7-8A22-1234-B251-79BAC3EB13D2}.Debug|x86.ActiveCfg = Debug|Any CPU
		{40EA03F7-8A22-1234-B251-79BAC3EB13D2}.Debug|x86.Build.0 = Debug|Any CPU
		{40EA03F7-8A22-1234-B251-79BAC3EB13D2}.Release|Any CPU.ActiveCfg = Release|Any CPU
		{40EA03F7-8A22-1234-B251-79BAC3EB13D2}.Release|Any CPU.Build.0 = Release|Any CPU
		{40EA03F7-8A22-1234-B251-79BAC3EB13D2}.Release|ARM.ActiveCfg = Release|Any CPU
		{40EA03F7-8A22-1234-B251-79BAC3EB13D2}.Release|ARM.Build.0 = Release|Any CPU
		{40EA03F7-8A22-1234-B251-79BAC3EB13D2}.Release|ARM64.ActiveCfg = Release|Any CPU
		{40EA03F7-8A22-1234-B251-79BAC3EB13D2}.Release|ARM64.Build.0 = Release|Any CPU
		{40EA03F7-8A22-1234-B251-79BAC3EB13D2}.Release|iPhone.ActiveCfg = Release|Any CPU
		{40EA03F7-8A22-1234-B251-79BAC3EB13D2}.Release|iPhone.Build.0 = Release|Any CPU
		{40EA03F7-8A22-1234-B251-79BAC3EB13D2}.Release|iPhoneSimulator.ActiveCfg = Release|Any CPU
		{40EA03F7-8A22-1234-B251-79BAC3EB13D2}.Release|iPhoneSimulator.Build.0 = Release|Any CPU
		{40EA03F7-8A22-1234-B251-79BAC3EB13D2}.Release|x64.ActiveCfg = Release|Any CPU
		{40EA03F7-8A22-1234-B251-79BAC3EB13D2}.Release|x64.Build.0 = Release|Any CPU
		{40EA03F7-8A22-1234-B251-79BAC3EB13D2}.Release|x86.ActiveCfg = Release|Any CPU
		{40EA03F7-8A22-1234-B251-79BAC3EB13D2}.Release|x86.Build.0 = Release|Any CPU

		{91B1ADE1-1C4C-4D40-AE10-9D83356A72B2}.Debug|Any CPU.ActiveCfg = Debug|iPhoneSimulator
		{91B1ADE1-1C4C-4D40-AE10-9D83356A72B2}.Debug|Any CPU.Build.0 = Debug|iPhoneSimulator
		{91B1ADE1-1C4C-4D40-AE10-9D83356A72B2}.Debug|ARM.ActiveCfg = Debug|iPhoneSimulator
		{91B1ADE1-1C4C-4D40-AE10-9D83356A72B2}.Debug|ARM64.ActiveCfg = Debug|iPhoneSimulator
		{91B1ADE1-1C4C-4D40-AE10-9D83356A72B2}.Debug|iPhone.ActiveCfg = Debug|iPhoneSimulator
		{91B1ADE1-1C4C-4D40-AE10-9D83356A72B2}.Debug|iPhone.Build.0 = Debug|iPhoneSimulator
		{91B1ADE1-1C4C-4D40-AE10-9D83356A72B2}.Debug|iPhoneSimulator.ActiveCfg = Debug|iPhoneSimulator
		{91B1ADE1-1C4C-4D40-AE10-9D83356A72B2}.Debug|iPhoneSimulator.Build.0 = Debug|iPhoneSimulator
		{91B1ADE1-1C4C-4D40-AE10-9D83356A72B2}.Debug|x64.ActiveCfg = Debug|iPhoneSimulator
		{91B1ADE1-1C4C-4D40-AE10-9D83356A72B2}.Debug|x64.Build.0 = Debug|iPhoneSimulator
		{91B1ADE1-1C4C-4D40-AE10-9D83356A72B2}.Debug|x86.ActiveCfg = Debug|iPhoneSimulator
		{91B1ADE1-1C4C-4D40-AE10-9D83356A72B2}.Debug|x86.Build.0 = Debug|iPhoneSimulator
		{91B1ADE1-1C4C-4D40-AE10-9D83356A72B2}.Release|Any CPU.ActiveCfg = Release|iPhoneSimulator
		{91B1ADE1-1C4C-4D40-AE10-9D83356A72B2}.Release|ARM.ActiveCfg = Release|iPhoneSimulator
		{91B1ADE1-1C4C-4D40-AE10-9D83356A72B2}.Release|ARM64.ActiveCfg = Release|iPhoneSimulator
		{91B1ADE1-1C4C-4D40-AE10-9D83356A72B2}.Release|iPhone.ActiveCfg = Release|iPhoneSimulator
		{91B1ADE1-1C4C-4D40-AE10-9D83356A72B2}.Release|iPhone.Build.0 = Release|iPhoneSimulator
		{91B1ADE1-1C4C-4D40-AE10-9D83356A72B2}.Release|iPhoneSimulator.ActiveCfg = Release|iPhoneSimulator
		{91B1ADE1-1C4C-4D40-AE10-9D83356A72B2}.Release|iPhoneSimulator.Build.0 = Release|iPhoneSimulator
		{91B1ADE1-1C4C-4D40-AE10-9D83356A72B2}.Release|x64.ActiveCfg = Release|iPhoneSimulator
		{91B1ADE1-1C4C-4D40-AE10-9D83356A72B2}.Release|x64.Build.0 = Release|iPhoneSimulator
		{91B1ADE1-1C4C-4D40-AE10-9D83356A72B2}.Release|x86.ActiveCfg = Release|iPhoneSimulator
		{91B1ADE1-1C4C-4D40-AE10-9D83356A72B2}.Release|x86.Build.0 = Release|iPhoneSimulator

		{04D3A50A-BD96-4168-A331-3AC5E63800DE}.Debug|Any CPU.ActiveCfg = Debug|arm64
		{04D3A50A-BD96-4168-A331-3AC5E63800DE}.Debug|Any CPU.Build.0 = Debug|arm64
		{04D3A50A-BD96-4168-A331-3AC5E63800DE}.Debug|ARM.ActiveCfg = Debug|Any CPU
		{04D3A50A-BD96-4168-A331-3AC5E63800DE}.Debug|ARM.Build.0 = Debug|Any CPU
		{04D3A50A-BD96-4168-A331-3AC5E63800DE}.Debug|ARM64.ActiveCfg = Debug|arm64
		{04D3A50A-BD96-4168-A331-3AC5E63800DE}.Debug|ARM64.Build.0 = Debug|arm64
		{04D3A50A-BD96-4168-A331-3AC5E63800DE}.Debug|iPhone.ActiveCfg = Debug|Any CPU
		{04D3A50A-BD96-4168-A331-3AC5E63800DE}.Debug|iPhone.Build.0 = Debug|Any CPU
		{04D3A50A-BD96-4168-A331-3AC5E63800DE}.Debug|iPhoneSimulator.ActiveCfg = Debug|Any CPU
		{04D3A50A-BD96-4168-A331-3AC5E63800DE}.Debug|iPhoneSimulator.Build.0 = Debug|Any CPU
		{04D3A50A-BD96-4168-A331-3AC5E63800DE}.Debug|x64.ActiveCfg = Debug|x64
		{04D3A50A-BD96-4168-A331-3AC5E63800DE}.Debug|x64.Build.0 = Debug|x64
		{04D3A50A-BD96-4168-A331-3AC5E63800DE}.Debug|x86.ActiveCfg = Debug|x86
		{04D3A50A-BD96-4168-A331-3AC5E63800DE}.Debug|x86.Build.0 = Debug|x86
		{04D3A50A-BD96-4168-A331-3AC5E63800DE}.Release|Any CPU.ActiveCfg = Release|Any CPU
		{04D3A50A-BD96-4168-A331-3AC5E63800DE}.Release|Any CPU.Build.0 = Release|Any CPU
		{04D3A50A-BD96-4168-A331-3AC5E63800DE}.Release|ARM.ActiveCfg = Release|Any CPU
		{04D3A50A-BD96-4168-A331-3AC5E63800DE}.Release|ARM.Build.0 = Release|Any CPU
		{04D3A50A-BD96-4168-A331-3AC5E63800DE}.Release|ARM64.ActiveCfg = Release|arm64
		{04D3A50A-BD96-4168-A331-3AC5E63800DE}.Release|ARM64.Build.0 = Release|arm64
		{04D3A50A-BD96-4168-A331-3AC5E63800DE}.Release|iPhone.ActiveCfg = Release|Any CPU
		{04D3A50A-BD96-4168-A331-3AC5E63800DE}.Release|iPhone.Build.0 = Release|Any CPU
		{04D3A50A-BD96-4168-A331-3AC5E63800DE}.Release|iPhoneSimulator.ActiveCfg = Release|Any CPU
		{04D3A50A-BD96-4168-A331-3AC5E63800DE}.Release|iPhoneSimulator.Build.0 = Release|Any CPU
		{04D3A50A-BD96-4168-A331-3AC5E63800DE}.Release|x64.ActiveCfg = Release|x64
		{04D3A50A-BD96-4168-A331-3AC5E63800DE}.Release|x64.Build.0 = Release|x64
		{04D3A50A-BD96-4168-A331-3AC5E63800DE}.Release|x86.ActiveCfg = Release|x86
		{04D3A50A-BD96-4168-A331-3AC5E63800DE}.Release|x86.Build.0 = Release|x86

		{761D821E-9905-4444-9ADF-76C995FE5427}.Debug|Any CPU.ActiveCfg = Debug|Any CPU
		{761D821E-9905-4444-9ADF-76C995FE5427}.Debug|Any CPU.Build.0 = Debug|Any CPU
		{761D821E-9905-4444-9ADF-76C995FE5427}.Debug|ARM.ActiveCfg = Debug|Any CPU
		{761D821E-9905-4444-9ADF-76C995FE5427}.Debug|ARM.Build.0 = Debug|Any CPU
		{761D821E-9905-4444-9ADF-76C995FE5427}.Debug|ARM64.ActiveCfg = Debug|Any CPU
		{761D821E-9905-4444-9ADF-76C995FE5427}.Debug|ARM64.Build.0 = Debug|Any CPU
		{761D821E-9905-4444-9ADF-76C995FE5427}.Debug|iPhone.ActiveCfg = Debug|Any CPU
		{761D821E-9905-4444-9ADF-76C995FE5427}.Debug|iPhone.Build.0 = Debug|Any CPU
		{761D821E-9905-4444-9ADF-76C995FE5427}.Debug|iPhoneSimulator.ActiveCfg = Debug|Any CPU
		{761D821E-9905-4444-9ADF-76C995FE5427}.Debug|iPhoneSimulator.Build.0 = Debug|Any CPU
		{761D821E-9905-4444-9ADF-76C995FE5427}.Debug|x64.ActiveCfg = Debug|Any CPU
		{761D821E-9905-4444-9ADF-76C995FE5427}.Debug|x64.Build.0 = Debug|Any CPU
		{761D821E-9905-4444-9ADF-76C995FE5427}.Debug|x86.ActiveCfg = Debug|Any CPU
		{761D821E-9905-4444-9ADF-76C995FE5427}.Debug|x86.Build.0 = Debug|Any CPU
		{761D821E-9905-4444-9ADF-76C995FE5427}.Release|Any CPU.ActiveCfg = Release|Any CPU
		{761D821E-9905-4444-9ADF-76C995FE5427}.Release|Any CPU.Build.0 = Release|Any CPU
		{761D821E-9905-4444-9ADF-76C995FE5427}.Release|ARM.ActiveCfg = Release|Any CPU
		{761D821E-9905-4444-9ADF-76C995FE5427}.Release|ARM.Build.0 = Release|Any CPU
		{761D821E-9905-4444-9ADF-76C995FE5427}.Release|ARM64.ActiveCfg = Release|Any CPU
		{761D821E-9905-4444-9ADF-76C995FE5427}.Release|ARM64.Build.0 = Release|Any CPU
		{761D821E-9905-4444-9ADF-76C995FE5427}.Release|iPhone.ActiveCfg = Release|Any CPU
		{761D821E-9905-4444-9ADF-76C995FE5427}.Release|iPhone.Build.0 = Release|Any CPU
		{761D821E-9905-4444-9ADF-76C995FE5427}.Release|iPhoneSimulator.ActiveCfg = Release|Any CPU
		{761D821E-9905-4444-9ADF-76C995FE5427}.Release|iPhoneSimulator.Build.0 = Release|Any CPU
		{761D821E-9905-4444-9ADF-76C995FE5427}.Release|x64.ActiveCfg = Release|Any CPU
		{761D821E-9905-4444-9ADF-76C995FE5427}.Release|x64.Build.0 = Release|Any CPU
		{761D821E-9905-4444-9ADF-76C995FE5427}.Release|x86.ActiveCfg = Release|Any CPU
		{761D821E-9905-4444-9ADF-76C995FE5427}.Release|x86.Build.0 = Release|Any CPU

	EndGlobalSection
	GlobalSection(SolutionProperties) = preSolution
		HideSolutionNode = FALSE
	EndGlobalSection
	GlobalSection(ExtensibilityGlobals) = postSolution
		SolutionGuid = {C7433AE2-B1A0-4C1A-887E-5CAA7AAF67A6}
	EndGlobalSection
EndGlobal
