Microsoft Visual Studio Solution File, Format Version 12.00
# Visual Studio Version 17
VisualStudioVersion = 17.2.32210.308
MinimumVisualStudioVersion = 15.0.26124.0

Project("{9A19103F-16F7-4668-BE54-9A1E7A4F7556}") = "uno53net9blank", "uno53net9blank\uno53net9blank.csproj", "{45E4BD41-6330-4024-8C1C-D8C7B051B7A9}"
EndProject

Project("{2150E333-8FDC-42A3-9474-1A3956D46DE8}") = "Solution Items", "Solution Items", "{BADA71DC-7FFD-4EDC-9F28-FB74AEADC713}"
	ProjectSection(SolutionItems) = preProject
		.editorconfig = .editorconfig
		.gitignore = .gitignore
		.vsconfig = .vsconfig
		Directory.Build.props = Directory.Build.props
		Directory.Build.targets = Directory.Build.targets
		Directory.Packages.props = Directory.Packages.props
		global.json = global.json
	EndProjectSection
EndProject
Global
	GlobalSection(SolutionConfigurationPlatforms) = preSolution
		Debug|Any CPU = Debug|Any CPU
		Debug|ARM = Debug|ARM
		Debug|ARM64 = Debug|ARM64
		Debug|iPhone = Debug|iPhone
		Debug|iPhoneSimulator = Debug|iPhoneSimulator
		Debug|x64 = Debug|x64
		Debug|x86 = Debug|x86
		Release|Any CPU = Release|Any CPU
		Release|ARM = Release|ARM
		Release|ARM64 = Release|ARM64
		Release|iPhone = Release|iPhone
		Release|iPhoneSimulator = Release|iPhoneSimulator
		Release|x64 = Release|x64
		Release|x86 = Release|x86
	EndGlobalSection
	GlobalSection(ProjectConfigurationPlatforms) = postSolution
		{45E4BD41-6330-4024-8C1C-D8C7B051B7A9}.Debug|Any CPU.ActiveCfg = Debug|Any CPU
		{45E4BD41-6330-4024-8C1C-D8C7B051B7A9}.Debug|Any CPU.Build.0 = Debug|Any CPU
		{45E4BD41-6330-4024-8C1C-D8C7B051B7A9}.Debug|Any CPU.Deploy.0 = Debug|Any CPU
		{45E4BD41-6330-4024-8C1C-D8C7B051B7A9}.Debug|ARM.ActiveCfg = Debug|Any CPU
		{45E4BD41-6330-4024-8C1C-D8C7B051B7A9}.Debug|ARM.Build.0 = Debug|Any CPU
		{45E4BD41-6330-4024-8C1C-D8C7B051B7A9}.Debug|ARM.Deploy.0 = Debug|Any CPU
		{45E4BD41-6330-4024-8C1C-D8C7B051B7A9}.Debug|ARM64.ActiveCfg = Debug|Any CPU
		{45E4BD41-6330-4024-8C1C-D8C7B051B7A9}.Debug|ARM64.Build.0 = Debug|Any CPU
		{45E4BD41-6330-4024-8C1C-D8C7B051B7A9}.Debug|ARM64.Deploy.0 = Debug|Any CPU
		{45E4BD41-6330-4024-8C1C-D8C7B051B7A9}.Debug|iPhone.ActiveCfg = Debug|Any CPU
		{45E4BD41-6330-4024-8C1C-D8C7B051B7A9}.Debug|iPhone.Build.0 = Debug|Any CPU
		{45E4BD41-6330-4024-8C1C-D8C7B051B7A9}.Debug|iPhone.Deploy.0 = Debug|Any CPU
		{45E4BD41-6330-4024-8C1C-D8C7B051B7A9}.Debug|iPhoneSimulator.ActiveCfg = Debug|Any CPU
		{45E4BD41-6330-4024-8C1C-D8C7B051B7A9}.Debug|iPhoneSimulator.Build.0 = Debug|Any CPU
		{45E4BD41-6330-4024-8C1C-D8C7B051B7A9}.Debug|iPhoneSimulator.Deploy.0 = Debug|Any CPU
		{45E4BD41-6330-4024-8C1C-D8C7B051B7A9}.Debug|x64.ActiveCfg = Debug|Any CPU
		{45E4BD41-6330-4024-8C1C-D8C7B051B7A9}.Debug|x64.Build.0 = Debug|Any CPU
		{45E4BD41-6330-4024-8C1C-D8C7B051B7A9}.Debug|x64.Deploy.0 = Debug|Any CPU
		{45E4BD41-6330-4024-8C1C-D8C7B051B7A9}.Debug|x86.ActiveCfg = Debug|Any CPU
		{45E4BD41-6330-4024-8C1C-D8C7B051B7A9}.Debug|x86.Build.0 = Debug|Any CPU
		{45E4BD41-6330-4024-8C1C-D8C7B051B7A9}.Debug|x86.Deploy.0 = Debug|Any CPU
		{45E4BD41-6330-4024-8C1C-D8C7B051B7A9}.Release|Any CPU.ActiveCfg = Release|Any CPU
		{45E4BD41-6330-4024-8C1C-D8C7B051B7A9}.Release|Any CPU.Build.0 = Release|Any CPU
		{45E4BD41-6330-4024-8C1C-D8C7B051B7A9}.Release|Any CPU.Deploy.0 = Release|Any CPU
		{45E4BD41-6330-4024-8C1C-D8C7B051B7A9}.Release|ARM.ActiveCfg = Release|Any CPU
		{45E4BD41-6330-4024-8C1C-D8C7B051B7A9}.Release|ARM.Build.0 = Release|Any CPU
		{45E4BD41-6330-4024-8C1C-D8C7B051B7A9}.Release|ARM.Deploy.0 = Release|Any CPU
		{45E4BD41-6330-4024-8C1C-D8C7B051B7A9}.Release|ARM64.ActiveCfg = Release|Any CPU
		{45E4BD41-6330-4024-8C1C-D8C7B051B7A9}.Release|ARM64.Build.0 = Release|Any CPU
		{45E4BD41-6330-4024-8C1C-D8C7B051B7A9}.Release|ARM64.Deploy.0 = Release|Any CPU
		{45E4BD41-6330-4024-8C1C-D8C7B051B7A9}.Release|iPhone.ActiveCfg = Release|Any CPU
		{45E4BD41-6330-4024-8C1C-D8C7B051B7A9}.Release|iPhone.Build.0 = Release|Any CPU
		{45E4BD41-6330-4024-8C1C-D8C7B051B7A9}.Release|iPhone.Deploy.0 = Release|Any CPU
		{45E4BD41-6330-4024-8C1C-D8C7B051B7A9}.Release|iPhoneSimulator.ActiveCfg = Release|Any CPU
		{45E4BD41-6330-4024-8C1C-D8C7B051B7A9}.Release|iPhoneSimulator.Build.0 = Release|Any CPU
		{45E4BD41-6330-4024-8C1C-D8C7B051B7A9}.Release|iPhoneSimulator.Deploy.0 = Release|Any CPU
		{45E4BD41-6330-4024-8C1C-D8C7B051B7A9}.Release|x64.ActiveCfg = Release|Any CPU
		{45E4BD41-6330-4024-8C1C-D8C7B051B7A9}.Release|x64.Build.0 = Release|Any CPU
		{45E4BD41-6330-4024-8C1C-D8C7B051B7A9}.Release|x64.Deploy.0 = Release|Any CPU
		{45E4BD41-6330-4024-8C1C-D8C7B051B7A9}.Release|x86.ActiveCfg = Release|Any CPU
		{45E4BD41-6330-4024-8C1C-D8C7B051B7A9}.Release|x86.Build.0 = Release|Any CPU
		{45E4BD41-6330-4024-8C1C-D8C7B051B7A9}.Release|x86.Deploy.0 = Release|Any CPU
	EndGlobalSection
	GlobalSection(SolutionProperties) = preSolution
		HideSolutionNode = FALSE
	EndGlobalSection
	GlobalSection(NestedProjects) = preSolution
	EndGlobalSection
	GlobalSection(ExtensibilityGlobals) = postSolution
		SolutionGuid = {DF77E4D9-FEAF-48BE-8D28-916C391510D0}
	EndGlobalSection
EndGlobal
