Microsoft Visual Studio Solution File, Format Version 12.00
# Visual Studio Version 16
VisualStudioVersion = 16.0.29920.165
MinimumVisualStudioVersion = 15.0.26124.0

Project("{9A19103F-16F7-4668-BE54-9A1E7A4F7556}") = "UnoAppWinUILinuxValidation", "UnoAppWinUILinuxValidation\UnoAppWinUILinuxValidation.csproj", "{A5B8155A-119F-4794-B551-C6F3CF7E5411}"
EndProject


Project("{9A19103F-16F7-4668-BE54-9A1E7A4F7556}") = "UnoAppWinUILinuxValidation.Wasm", "UnoAppWinUILinuxValidation.Wasm\UnoAppWinUILinuxValidation.Wasm.csproj", "{40EA03F7-8A22-4143-B251-79BAC3EB13D2}"
EndProject

Project("{9A19103F-16F7-4668-BE54-9A1E7A4F7556}") = "UnoAppWinUILinuxValidation.Server", "UnoAppWinUILinuxValidation.Server\UnoAppWinUILinuxValidation.Server.csproj", "{40EA03F7-8A22-1234-B251-79BAC3EB13D2}"
EndProject

Project("{9A19103F-16F7-4668-BE54-9A1E7A4F7556}") = "UnoAppWinUILinuxValidation.Skia.Gtk", "UnoAppWinUILinuxValidation.Skia.Gtk\UnoAppWinUILinuxValidation.Skia.Gtk.csproj", "{A5B8155A-118F-4794-B551-C6F3CF7E5411}"
EndProject


Project("{9A19103F-16F7-4668-BE54-9A1E7A4F7556}") = "UnoAppWinUILinuxValidation.Windows", "UnoAppWinUILinuxValidation.Windows\UnoAppWinUILinuxValidation.Windows.csproj", "{1AA13270-F438-4864-9435-54FD806E10EA}"
EndProject

Project("{9A19103F-16F7-4668-BE54-9A1E7A4F7556}") = "UnoAppWinUILinuxValidation.Skia.Linux.FrameBuffer", "UnoAppWinUILinuxValidation.Skia.Linux.FrameBuffer\UnoAppWinUILinuxValidation.Skia.Linux.FrameBuffer.csproj", "{761D821E-9905-4444-9ADF-76C995FE5427}"
EndProject

Global
	GlobalSection(SharedMSBuildProjectFiles) = preSolution
		UnoAppWinUILinuxValidation.Shared\UnoAppWinUILinuxValidation.Shared.projitems*{1aa13270-f438-4864-9435-54fd806e10ea}*SharedItemsImports = 5
		UnoAppWinUILinuxValidation.Shared\UnoAppWinUILinuxValidation.Shared.projitems*{F3761327-B873-46CE-845A-8470EAF3DFF3}*SharedItemsImports = 4
		UnoAppWinUILinuxValidation.Shared\UnoAppWinUILinuxValidation.Shared.projitems*{40ea03f7-8a22-4143-b251-79bac3eb13d2}*SharedItemsImports = 5
		UnoAppWinUILinuxValidation.Shared\UnoAppWinUILinuxValidation.Shared.projitems*{6770904D-9DBB-444D-BF2D-09F14CD15A05}*SharedItemsImports = 5
		UnoAppWinUILinuxValidation.Shared\UnoAppWinUILinuxValidation.Shared.projitems*{849527DA-A279-4A06-B52E-44A35FBB7042}*SharedItemsImports = 4
		UnoAppWinUILinuxValidation.Shared\UnoAppWinUILinuxValidation.Shared.projitems*{65F46D38-C647-40E4-A89A-ADB701BE7360}*SharedItemsImports = 4
		UnoAppWinUILinuxValidation.Shared\UnoAppWinUILinuxValidation.Shared.projitems*{a5b8155a-118f-4794-b551-c6f3cf7e5411}*SharedItemsImports = 5
		UnoAppWinUILinuxValidation.Shared\UnoAppWinUILinuxValidation.Shared.projitems*{2661A124-D559-4799-ABD7-E2FE5E866A34}*SharedItemsImports = 4
	EndGlobalSection
	GlobalSection(SolutionConfigurationPlatforms) = preSolution
		Debug|Any CPU = Debug|Any CPU
		Debug|ARM = Debug|ARM
		Debug|ARM64 = Debug|ARM64
		Debug|iPhone = Debug|iPhone
		Debug|iPhoneSimulator = Debug|iPhoneSimulator
		Debug|x64 = Debug|x64
		Debug|x86 = Debug|x86
		Release|Any CPU = Release|Any CPU
		Release|ARM = Release|ARM
		Release|ARM64 = Release|ARM64
		Release|iPhone = Release|iPhone
		Release|iPhoneSimulator = Release|iPhoneSimulator
		Release|x64 = Release|x64
		Release|x86 = Release|x86
	EndGlobalSection
	GlobalSection(ProjectConfigurationPlatforms) = postSolution
		{2661A124-D559-4799-ABD7-E2FE5E866A34}.Debug|Any CPU.ActiveCfg = Debug|Any CPU
		{2661A124-D559-4799-ABD7-E2FE5E866A34}.Debug|Any CPU.Build.0 = Debug|Any CPU
		{2661A124-D559-4799-ABD7-E2FE5E866A34}.Debug|Any CPU.Deploy.0 = Debug|Any CPU
		{2661A124-D559-4799-ABD7-E2FE5E866A34}.Debug|ARM.ActiveCfg = Debug|Any CPU
		{2661A124-D559-4799-ABD7-E2FE5E866A34}.Debug|ARM.Build.0 = Debug|Any CPU
		{2661A124-D559-4799-ABD7-E2FE5E866A34}.Debug|ARM.Deploy.0 = Debug|Any CPU
		{2661A124-D559-4799-ABD7-E2FE5E866A34}.Debug|ARM64.ActiveCfg = Debug|Any CPU
		{2661A124-D559-4799-ABD7-E2FE5E866A34}.Debug|ARM64.Build.0 = Debug|Any CPU
		{2661A124-D559-4799-ABD7-E2FE5E866A34}.Debug|ARM64.Deploy.0 = Debug|Any CPU
		{2661A124-D559-4799-ABD7-E2FE5E866A34}.Debug|iPhone.ActiveCfg = Debug|Any CPU
		{2661A124-D559-4799-ABD7-E2FE5E866A34}.Debug|iPhone.Build.0 = Debug|Any CPU
		{2661A124-D559-4799-ABD7-E2FE5E866A34}.Debug|iPhone.Deploy.0 = Debug|Any CPU
		{2661A124-D559-4799-ABD7-E2FE5E866A34}.Debug|iPhoneSimulator.ActiveCfg = Debug|Any CPU
		{2661A124-D559-4799-ABD7-E2FE5E866A34}.Debug|iPhoneSimulator.Build.0 = Debug|Any CPU
		{2661A124-D559-4799-ABD7-E2FE5E866A34}.Debug|iPhoneSimulator.Deploy.0 = Debug|Any CPU
		{2661A124-D559-4799-ABD7-E2FE5E866A34}.Debug|x64.ActiveCfg = Debug|Any CPU
		{2661A124-D559-4799-ABD7-E2FE5E866A34}.Debug|x64.Build.0 = Debug|Any CPU
		{2661A124-D559-4799-ABD7-E2FE5E866A34}.Debug|x64.Deploy.0 = Debug|Any CPU
		{2661A124-D559-4799-ABD7-E2FE5E866A34}.Debug|x86.ActiveCfg = Debug|Any CPU
		{2661A124-D559-4799-ABD7-E2FE5E866A34}.Debug|x86.Build.0 = Debug|Any CPU
		{2661A124-D559-4799-ABD7-E2FE5E866A34}.Debug|x86.Deploy.0 = Debug|Any CPU

		{2661A124-D559-4799-ABD7-E2FE5E866A34}.Release|Any CPU.ActiveCfg = Release|Any CPU
		{2661A124-D559-4799-ABD7-E2FE5E866A34}.Release|Any CPU.Build.0 = Release|Any CPU
		{2661A124-D559-4799-ABD7-E2FE5E866A34}.Release|Any CPU.Deploy.0 = Release|Any CPU
		{2661A124-D559-4799-ABD7-E2FE5E866A34}.Release|ARM.ActiveCfg = Release|Any CPU
		{2661A124-D559-4799-ABD7-E2FE5E866A34}.Release|ARM.Build.0 = Release|Any CPU
		{2661A124-D559-4799-ABD7-E2FE5E866A34}.Release|ARM.Deploy.0 = Release|Any CPU
		{2661A124-D559-4799-ABD7-E2FE5E866A34}.Release|ARM64.ActiveCfg = Release|Any CPU
		{2661A124-D559-4799-ABD7-E2FE5E866A34}.Release|ARM64.Build.0 = Release|Any CPU
		{2661A124-D559-4799-ABD7-E2FE5E866A34}.Release|ARM64.Deploy.0 = Release|Any CPU
		{2661A124-D559-4799-ABD7-E2FE5E866A34}.Release|iPhone.ActiveCfg = Release|Any CPU
		{2661A124-D559-4799-ABD7-E2FE5E866A34}.Release|iPhone.Build.0 = Release|Any CPU
		{2661A124-D559-4799-ABD7-E2FE5E866A34}.Release|iPhone.Deploy.0 = Release|Any CPU
		{2661A124-D559-4799-ABD7-E2FE5E866A34}.Release|iPhoneSimulator.ActiveCfg = Release|Any CPU
		{2661A124-D559-4799-ABD7-E2FE5E866A34}.Release|iPhoneSimulator.Build.0 = Release|Any CPU
		{2661A124-D559-4799-ABD7-E2FE5E866A34}.Release|iPhoneSimulator.Deploy.0 = Release|Any CPU
		{2661A124-D559-4799-ABD7-E2FE5E866A34}.Release|x64.ActiveCfg = Release|Any CPU
		{2661A124-D559-4799-ABD7-E2FE5E866A34}.Release|x64.Build.0 = Release|Any CPU
		{2661A124-D559-4799-ABD7-E2FE5E866A34}.Release|x64.Deploy.0 = Release|Any CPU
		{2661A124-D559-4799-ABD7-E2FE5E866A34}.Release|x86.ActiveCfg = Release|Any CPU
		{2661A124-D559-4799-ABD7-E2FE5E866A34}.Release|x86.Build.0 = Release|Any CPU
		{2661A124-D559-4799-ABD7-E2FE5E866A34}.Release|x86.Deploy.0 = Release|Any CPU
		{65F46D38-C647-40E4-A89A-ADB701BE7360}.Debug|Any CPU.ActiveCfg = Debug|iPhone
		{65F46D38-C647-40E4-A89A-ADB701BE7360}.Debug|Any CPU.Build.0 = Debug|iPhone
		{65F46D38-C647-40E4-A89A-ADB701BE7360}.Debug|Any CPU.Deploy.0 = Debug|iPhone
		{65F46D38-C647-40E4-A89A-ADB701BE7360}.Debug|ARM.ActiveCfg = Debug|iPhone
		{65F46D38-C647-40E4-A89A-ADB701BE7360}.Debug|ARM64.ActiveCfg = Debug|iPhone
		{65F46D38-C647-40E4-A89A-ADB701BE7360}.Debug|iPhone.ActiveCfg = Debug|iPhone
		{65F46D38-C647-40E4-A89A-ADB701BE7360}.Debug|iPhone.Build.0 = Debug|iPhone
		{65F46D38-C647-40E4-A89A-ADB701BE7360}.Debug|iPhoneSimulator.ActiveCfg = Debug|iPhoneSimulator
		{65F46D38-C647-40E4-A89A-ADB701BE7360}.Debug|iPhoneSimulator.Build.0 = Debug|iPhoneSimulator
		{65F46D38-C647-40E4-A89A-ADB701BE7360}.Debug|x64.ActiveCfg = Debug|iPhone
		{65F46D38-C647-40E4-A89A-ADB701BE7360}.Debug|x64.Build.0 = Debug|iPhone
		{65F46D38-C647-40E4-A89A-ADB701BE7360}.Debug|x64.Deploy.0 = Debug|iPhone
		{65F46D38-C647-40E4-A89A-ADB701BE7360}.Debug|x86.ActiveCfg = Debug|iPhoneSimulator
		{65F46D38-C647-40E4-A89A-ADB701BE7360}.Debug|x86.Build.0 = Debug|iPhoneSimulator
		{65F46D38-C647-40E4-A89A-ADB701BE7360}.Debug|x86.Deploy.0 = Debug|iPhoneSimulator
		{65F46D38-C647-40E4-A89A-ADB701BE7360}.Release|Any CPU.ActiveCfg = Release|iPhone
		{65F46D38-C647-40E4-A89A-ADB701BE7360}.Release|ARM.ActiveCfg = Release|iPhone
		{65F46D38-C647-40E4-A89A-ADB701BE7360}.Release|ARM64.ActiveCfg = Release|iPhone
		{65F46D38-C647-40E4-A89A-ADB701BE7360}.Release|iPhone.ActiveCfg = Release|iPhone
		{65F46D38-C647-40E4-A89A-ADB701BE7360}.Release|iPhone.Build.0 = Release|iPhone
		{65F46D38-C647-40E4-A89A-ADB701BE7360}.Release|iPhoneSimulator.ActiveCfg = Release|iPhoneSimulator
		{65F46D38-C647-40E4-A89A-ADB701BE7360}.Release|iPhoneSimulator.Build.0 = Release|iPhoneSimulator
		{65F46D38-C647-40E4-A89A-ADB701BE7360}.Release|x64.ActiveCfg = Release|iPhoneSimulator
		{65F46D38-C647-40E4-A89A-ADB701BE7360}.Release|x64.Build.0 = Release|iPhoneSimulator
		{65F46D38-C647-40E4-A89A-ADB701BE7360}.Release|x64.Deploy.0 = Release|iPhoneSimulator
		{65F46D38-C647-40E4-A89A-ADB701BE7360}.Release|x86.ActiveCfg = Release|iPhoneSimulator
		{65F46D38-C647-40E4-A89A-ADB701BE7360}.Release|x86.Build.0 = Release|iPhoneSimulator

		{849527DA-A279-4A06-B52E-44A35FBB7042}.Debug|Any CPU.ActiveCfg = Debug|x86
		{849527DA-A279-4A06-B52E-44A35FBB7042}.Debug|Any CPU.Build.0 = Debug|x86
		{849527DA-A279-4A06-B52E-44A35FBB7042}.Debug|Any CPU.Deploy.0 = Debug|x86
		{849527DA-A279-4A06-B52E-44A35FBB7042}.Debug|ARM.ActiveCfg = Debug|ARM
		{849527DA-A279-4A06-B52E-44A35FBB7042}.Debug|ARM.Build.0 = Debug|ARM
		{849527DA-A279-4A06-B52E-44A35FBB7042}.Debug|ARM.Deploy.0 = Debug|ARM
		{849527DA-A279-4A06-B52E-44A35FBB7042}.Debug|ARM64.ActiveCfg = Debug|ARM64
		{849527DA-A279-4A06-B52E-44A35FBB7042}.Debug|ARM64.Build.0 = Debug|ARM64
		{849527DA-A279-4A06-B52E-44A35FBB7042}.Debug|ARM64.Deploy.0 = Debug|ARM64
		{849527DA-A279-4A06-B52E-44A35FBB7042}.Debug|iPhone.ActiveCfg = Debug|x86
		{849527DA-A279-4A06-B52E-44A35FBB7042}.Debug|iPhone.Build.0 = Debug|x86
		{849527DA-A279-4A06-B52E-44A35FBB7042}.Debug|iPhone.Deploy.0 = Debug|x86
		{849527DA-A279-4A06-B52E-44A35FBB7042}.Debug|iPhoneSimulator.ActiveCfg = Debug|x86
		{849527DA-A279-4A06-B52E-44A35FBB7042}.Debug|iPhoneSimulator.Build.0 = Debug|x86
		{849527DA-A279-4A06-B52E-44A35FBB7042}.Debug|iPhoneSimulator.Deploy.0 = Debug|x86
		{849527DA-A279-4A06-B52E-44A35FBB7042}.Debug|x64.ActiveCfg = Debug|x64
		{849527DA-A279-4A06-B52E-44A35FBB7042}.Debug|x64.Build.0 = Debug|x64
		{849527DA-A279-4A06-B52E-44A35FBB7042}.Debug|x64.Deploy.0 = Debug|x64
		{849527DA-A279-4A06-B52E-44A35FBB7042}.Debug|x86.ActiveCfg = Debug|x86
		{849527DA-A279-4A06-B52E-44A35FBB7042}.Debug|x86.Build.0 = Debug|x86
		{849527DA-A279-4A06-B52E-44A35FBB7042}.Debug|x86.Deploy.0 = Debug|x86
		{849527DA-A279-4A06-B52E-44A35FBB7042}.Release|Any CPU.ActiveCfg = Release|x86
		{849527DA-A279-4A06-B52E-44A35FBB7042}.Release|ARM.ActiveCfg = Release|ARM
		{849527DA-A279-4A06-B52E-44A35FBB7042}.Release|ARM.Build.0 = Release|ARM
		{849527DA-A279-4A06-B52E-44A35FBB7042}.Release|ARM.Deploy.0 = Release|ARM
		{849527DA-A279-4A06-B52E-44A35FBB7042}.Release|ARM64.ActiveCfg = Release|ARM64
		{849527DA-A279-4A06-B52E-44A35FBB7042}.Release|ARM64.Build.0 = Release|ARM64
		{849527DA-A279-4A06-B52E-44A35FBB7042}.Release|ARM64.Deploy.0 = Release|ARM64
		{849527DA-A279-4A06-B52E-44A35FBB7042}.Release|iPhone.ActiveCfg = Release|x86
		{849527DA-A279-4A06-B52E-44A35FBB7042}.Release|iPhone.Build.0 = Release|x86
		{849527DA-A279-4A06-B52E-44A35FBB7042}.Release|iPhoneSimulator.ActiveCfg = Release|x86
		{849527DA-A279-4A06-B52E-44A35FBB7042}.Release|iPhoneSimulator.Build.0 = Release|x86
		{849527DA-A279-4A06-B52E-44A35FBB7042}.Release|iPhoneSimulator.Deploy.0 = Release|x86
		{849527DA-A279-4A06-B52E-44A35FBB7042}.Release|x64.ActiveCfg = Release|x64
		{849527DA-A279-4A06-B52E-44A35FBB7042}.Release|x64.Build.0 = Release|x64
		{849527DA-A279-4A06-B52E-44A35FBB7042}.Release|x64.Deploy.0 = Release|x64
		{849527DA-A279-4A06-B52E-44A35FBB7042}.Release|x86.ActiveCfg = Release|x86
		{849527DA-A279-4A06-B52E-44A35FBB7042}.Release|x86.Build.0 = Release|x86
		{849527DA-A279-4A06-B52E-44A35FBB7042}.Release|x86.Deploy.0 = Release|x86

		{6770904D-9DBB-444D-BF2D-09F14CD15A05}.Debug|Any CPU.ActiveCfg = Debug|Any CPU
		{6770904D-9DBB-444D-BF2D-09F14CD15A05}.Debug|Any CPU.Build.0 = Debug|Any CPU
		{6770904D-9DBB-444D-BF2D-09F14CD15A05}.Debug|Any CPU.Deploy.0 = Debug|Any CPU
		{6770904D-9DBB-444D-BF2D-09F14CD15A05}.Debug|ARM.ActiveCfg = Debug|Any CPU
		{6770904D-9DBB-444D-BF2D-09F14CD15A05}.Debug|ARM.Build.0 = Debug|Any CPU
		{6770904D-9DBB-444D-BF2D-09F14CD15A05}.Debug|ARM.Deploy.0 = Debug|Any CPU
		{6770904D-9DBB-444D-BF2D-09F14CD15A05}.Debug|ARM64.ActiveCfg = Debug|Any CPU
		{6770904D-9DBB-444D-BF2D-09F14CD15A05}.Debug|ARM64.Build.0 = Debug|Any CPU
		{6770904D-9DBB-444D-BF2D-09F14CD15A05}.Debug|ARM64.Deploy.0 = Debug|Any CPU
		{6770904D-9DBB-444D-BF2D-09F14CD15A05}.Debug|iPhone.ActiveCfg = Debug|Any CPU
		{6770904D-9DBB-444D-BF2D-09F14CD15A05}.Debug|iPhone.Build.0 = Debug|Any CPU
		{6770904D-9DBB-444D-BF2D-09F14CD15A05}.Debug|iPhone.Deploy.0 = Debug|Any CPU
		{6770904D-9DBB-444D-BF2D-09F14CD15A05}.Debug|iPhoneSimulator.ActiveCfg = Debug|Any CPU
		{6770904D-9DBB-444D-BF2D-09F14CD15A05}.Debug|iPhoneSimulator.Build.0 = Debug|Any CPU
		{6770904D-9DBB-444D-BF2D-09F14CD15A05}.Debug|iPhoneSimulator.Deploy.0 = Debug|Any CPU
		{6770904D-9DBB-444D-BF2D-09F14CD15A05}.Debug|x64.ActiveCfg = Debug|Any CPU
		{6770904D-9DBB-444D-BF2D-09F14CD15A05}.Debug|x64.Build.0 = Debug|Any CPU
		{6770904D-9DBB-444D-BF2D-09F14CD15A05}.Debug|x64.Deploy.0 = Debug|Any CPU
		{6770904D-9DBB-444D-BF2D-09F14CD15A05}.Debug|x86.ActiveCfg = Debug|Any CPU
		{6770904D-9DBB-444D-BF2D-09F14CD15A05}.Debug|x86.Build.0 = Debug|Any CPU
		{6770904D-9DBB-444D-BF2D-09F14CD15A05}.Debug|x86.Deploy.0 = Debug|Any CPU
		{6770904D-9DBB-444D-BF2D-09F14CD15A05}.Release|Any CPU.ActiveCfg = Release|Any CPU
		{6770904D-9DBB-444D-BF2D-09F14CD15A05}.Release|Any CPU.Build.0 = Release|Any CPU
		{6770904D-9DBB-444D-BF2D-09F14CD15A05}.Release|ARM.ActiveCfg = Release|Any CPU
		{6770904D-9DBB-444D-BF2D-09F14CD15A05}.Release|ARM.Build.0 = Release|Any CPU
		{6770904D-9DBB-444D-BF2D-09F14CD15A05}.Release|ARM.Deploy.0 = Release|Any CPU
		{6770904D-9DBB-444D-BF2D-09F14CD15A05}.Release|ARM64.ActiveCfg = Release|Any CPU
		{6770904D-9DBB-444D-BF2D-09F14CD15A05}.Release|ARM64.Build.0 = Release|Any CPU
		{6770904D-9DBB-444D-BF2D-09F14CD15A05}.Release|ARM64.Deploy.0 = Release|Any CPU
		{6770904D-9DBB-444D-BF2D-09F14CD15A05}.Release|iPhone.ActiveCfg = Release|Any CPU
		{6770904D-9DBB-444D-BF2D-09F14CD15A05}.Release|iPhone.Build.0 = Release|Any CPU
		{6770904D-9DBB-444D-BF2D-09F14CD15A05}.Release|iPhoneSimulator.ActiveCfg = Release|Any CPU
		{6770904D-9DBB-444D-BF2D-09F14CD15A05}.Release|iPhoneSimulator.Build.0 = Release|Any CPU
		{6770904D-9DBB-444D-BF2D-09F14CD15A05}.Release|iPhoneSimulator.Deploy.0 = Release|Any CPU
		{6770904D-9DBB-444D-BF2D-09F14CD15A05}.Release|x64.ActiveCfg = Release|Any CPU
		{6770904D-9DBB-444D-BF2D-09F14CD15A05}.Release|x64.Build.0 = Release|Any CPU
		{6770904D-9DBB-444D-BF2D-09F14CD15A05}.Release|x64.Deploy.0 = Release|Any CPU
		{6770904D-9DBB-444D-BF2D-09F14CD15A05}.Release|x86.ActiveCfg = Release|Any CPU
		{6770904D-9DBB-444D-BF2D-09F14CD15A05}.Release|x86.Build.0 = Release|Any CPU
		{6770904D-9DBB-444D-BF2D-09F14CD15A05}.Release|x86.Deploy.0 = Release|Any CPU

		{A5B8155A-118F-4794-B551-C6F3CF7E5411}.Debug|Any CPU.ActiveCfg = Debug|Any CPU
		{A5B8155A-118F-4794-B551-C6F3CF7E5411}.Debug|Any CPU.Build.0 = Debug|Any CPU
		{A5B8155A-118F-4794-B551-C6F3CF7E5411}.Debug|ARM.ActiveCfg = Debug|Any CPU
		{A5B8155A-118F-4794-B551-C6F3CF7E5411}.Debug|ARM.Build.0 = Debug|Any CPU
		{A5B8155A-118F-4794-B551-C6F3CF7E5411}.Debug|ARM64.ActiveCfg = Debug|Any CPU
		{A5B8155A-118F-4794-B551-C6F3CF7E5411}.Debug|ARM64.Build.0 = Debug|Any CPU
		{A5B8155A-118F-4794-B551-C6F3CF7E5411}.Debug|iPhone.ActiveCfg = Debug|Any CPU
		{A5B8155A-118F-4794-B551-C6F3CF7E5411}.Debug|iPhone.Build.0 = Debug|Any CPU
		{A5B8155A-118F-4794-B551-C6F3CF7E5411}.Debug|iPhoneSimulator.ActiveCfg = Debug|Any CPU
		{A5B8155A-118F-4794-B551-C6F3CF7E5411}.Debug|iPhoneSimulator.Build.0 = Debug|Any CPU
		{A5B8155A-118F-4794-B551-C6F3CF7E5411}.Debug|x64.ActiveCfg = Debug|Any CPU
		{A5B8155A-118F-4794-B551-C6F3CF7E5411}.Debug|x64.Build.0 = Debug|Any CPU
		{A5B8155A-118F-4794-B551-C6F3CF7E5411}.Debug|x86.ActiveCfg = Debug|Any CPU
		{A5B8155A-118F-4794-B551-C6F3CF7E5411}.Debug|x86.Build.0 = Debug|Any CPU
		{A5B8155A-118F-4794-B551-C6F3CF7E5411}.Release|Any CPU.ActiveCfg = Release|Any CPU
		{A5B8155A-118F-4794-B551-C6F3CF7E5411}.Release|Any CPU.Build.0 = Release|Any CPU
		{A5B8155A-118F-4794-B551-C6F3CF7E5411}.Release|ARM.ActiveCfg = Release|Any CPU
		{A5B8155A-118F-4794-B551-C6F3CF7E5411}.Release|ARM.Build.0 = Release|Any CPU
		{A5B8155A-118F-4794-B551-C6F3CF7E5411}.Release|ARM64.ActiveCfg = Release|Any CPU
		{A5B8155A-118F-4794-B551-C6F3CF7E5411}.Release|ARM64.Build.0 = Release|Any CPU
		{A5B8155A-118F-4794-B551-C6F3CF7E5411}.Release|iPhone.ActiveCfg = Release|Any CPU
		{A5B8155A-118F-4794-B551-C6F3CF7E5411}.Release|iPhone.Build.0 = Release|Any CPU
		{A5B8155A-118F-4794-B551-C6F3CF7E5411}.Release|iPhoneSimulator.ActiveCfg = Release|Any CPU
		{A5B8155A-118F-4794-B551-C6F3CF7E5411}.Release|iPhoneSimulator.Build.0 = Release|Any CPU
		{A5B8155A-118F-4794-B551-C6F3CF7E5411}.Release|x64.ActiveCfg = Release|Any CPU
		{A5B8155A-118F-4794-B551-C6F3CF7E5411}.Release|x64.Build.0 = Release|Any CPU
		{A5B8155A-118F-4794-B551-C6F3CF7E5411}.Release|x86.ActiveCfg = Release|Any CPU
		{A5B8155A-118F-4794-B551-C6F3CF7E5411}.Release|x86.Build.0 = Release|Any CPU
		{1AA13270-F438-4864-9435-54FD806E10EA}.Debug|Any CPU.ActiveCfg = Debug|x86
		{1AA13270-F438-4864-9435-54FD806E10EA}.Debug|Any CPU.Build.0 = Debug|x86
		{1AA13270-F438-4864-9435-54FD806E10EA}.Debug|Any CPU.Deploy.0 = Debug|x86
		{1AA13270-F438-4864-9435-54FD806E10EA}.Debug|ARM.ActiveCfg = Debug|Any CPU
		{1AA13270-F438-4864-9435-54FD806E10EA}.Debug|ARM.Build.0 = Debug|Any CPU
		{1AA13270-F438-4864-9435-54FD806E10EA}.Debug|ARM64.ActiveCfg = Debug|x86
		{1AA13270-F438-4864-9435-54FD806E10EA}.Debug|ARM64.Build.0 = Debug|x86
		{1AA13270-F438-4864-9435-54FD806E10EA}.Debug|iPhone.ActiveCfg = Debug|Any CPU
		{1AA13270-F438-4864-9435-54FD806E10EA}.Debug|iPhone.Build.0 = Debug|Any CPU
		{1AA13270-F438-4864-9435-54FD806E10EA}.Debug|iPhoneSimulator.ActiveCfg = Debug|Any CPU
		{1AA13270-F438-4864-9435-54FD806E10EA}.Debug|iPhoneSimulator.Build.0 = Debug|Any CPU
		{1AA13270-F438-4864-9435-54FD806E10EA}.Debug|x64.ActiveCfg = Debug|x64
		{1AA13270-F438-4864-9435-54FD806E10EA}.Debug|x64.Build.0 = Debug|x64
		{1AA13270-F438-4864-9435-54FD806E10EA}.Debug|x64.Deploy.0 = Debug|x64
		{1AA13270-F438-4864-9435-54FD806E10EA}.Debug|x86.ActiveCfg = Debug|x86
		{1AA13270-F438-4864-9435-54FD806E10EA}.Debug|x86.Build.0 = Debug|x86
		{1AA13270-F438-4864-9435-54FD806E10EA}.Debug|x86.Deploy.0 = Debug|x86
		{1AA13270-F438-4864-9435-54FD806E10EA}.Release|Any CPU.ActiveCfg = Release|Any CPU
		{1AA13270-F438-4864-9435-54FD806E10EA}.Release|Any CPU.Build.0 = Release|Any CPU
		{1AA13270-F438-4864-9435-54FD806E10EA}.Release|Any CPU.Deploy.0 = Release|Any CPU
		{1AA13270-F438-4864-9435-54FD806E10EA}.Release|ARM.ActiveCfg = Release|Any CPU
		{1AA13270-F438-4864-9435-54FD806E10EA}.Release|ARM.Build.0 = Release|Any CPU
		{1AA13270-F438-4864-9435-54FD806E10EA}.Release|ARM64.ActiveCfg = Release|x86
		{1AA13270-F438-4864-9435-54FD806E10EA}.Release|ARM64.Build.0 = Release|x86
		{1AA13270-F438-4864-9435-54FD806E10EA}.Release|iPhone.ActiveCfg = Release|Any CPU
		{1AA13270-F438-4864-9435-54FD806E10EA}.Release|iPhone.Build.0 = Release|Any CPU
		{1AA13270-F438-4864-9435-54FD806E10EA}.Release|iPhoneSimulator.ActiveCfg = Release|Any CPU
		{1AA13270-F438-4864-9435-54FD806E10EA}.Release|iPhoneSimulator.Build.0 = Release|Any CPU
		{1AA13270-F438-4864-9435-54FD806E10EA}.Release|x64.ActiveCfg = Release|x64
		{1AA13270-F438-4864-9435-54FD806E10EA}.Release|x64.Build.0 = Release|x64
		{1AA13270-F438-4864-9435-54FD806E10EA}.Release|x64.Deploy.0 = Release|x64
		{1AA13270-F438-4864-9435-54FD806E10EA}.Release|x86.ActiveCfg = Release|x86
		{1AA13270-F438-4864-9435-54FD806E10EA}.Release|x86.Build.0 = Release|x86
		{1AA13270-F438-4864-9435-54FD806E10EA}.Release|x86.Deploy.0 = Release|x86

		{40EA03F7-8A22-4143-B251-79BAC3EB13D2}.Debug|Any CPU.ActiveCfg = Debug|Any CPU
		{40EA03F7-8A22-4143-B251-79BAC3EB13D2}.Debug|Any CPU.Build.0 = Debug|Any CPU
		{40EA03F7-8A22-4143-B251-79BAC3EB13D2}.Debug|ARM.ActiveCfg = Debug|Any CPU
		{40EA03F7-8A22-4143-B251-79BAC3EB13D2}.Debug|ARM.Build.0 = Debug|Any CPU
		{40EA03F7-8A22-4143-B251-79BAC3EB13D2}.Debug|ARM64.ActiveCfg = Debug|Any CPU
		{40EA03F7-8A22-4143-B251-79BAC3EB13D2}.Debug|ARM64.Build.0 = Debug|Any CPU
		{40EA03F7-8A22-4143-B251-79BAC3EB13D2}.Debug|iPhone.ActiveCfg = Debug|Any CPU
		{40EA03F7-8A22-4143-B251-79BAC3EB13D2}.Debug|iPhone.Build.0 = Debug|Any CPU
		{40EA03F7-8A22-4143-B251-79BAC3EB13D2}.Debug|iPhoneSimulator.ActiveCfg = Debug|Any CPU
		{40EA03F7-8A22-4143-B251-79BAC3EB13D2}.Debug|iPhoneSimulator.Build.0 = Debug|Any CPU
		{40EA03F7-8A22-4143-B251-79BAC3EB13D2}.Debug|x64.ActiveCfg = Debug|Any CPU
		{40EA03F7-8A22-4143-B251-79BAC3EB13D2}.Debug|x64.Build.0 = Debug|Any CPU
		{40EA03F7-8A22-4143-B251-79BAC3EB13D2}.Debug|x86.ActiveCfg = Debug|Any CPU
		{40EA03F7-8A22-4143-B251-79BAC3EB13D2}.Debug|x86.Build.0 = Debug|Any CPU
		{40EA03F7-8A22-4143-B251-79BAC3EB13D2}.Release|Any CPU.ActiveCfg = Release|Any CPU
		{40EA03F7-8A22-4143-B251-79BAC3EB13D2}.Release|Any CPU.Build.0 = Release|Any CPU
		{40EA03F7-8A22-4143-B251-79BAC3EB13D2}.Release|ARM.ActiveCfg = Release|Any CPU
		{40EA03F7-8A22-4143-B251-79BAC3EB13D2}.Release|ARM.Build.0 = Release|Any CPU
		{40EA03F7-8A22-4143-B251-79BAC3EB13D2}.Release|ARM64.ActiveCfg = Release|Any CPU
		{40EA03F7-8A22-4143-B251-79BAC3EB13D2}.Release|ARM64.Build.0 = Release|Any CPU
		{40EA03F7-8A22-4143-B251-79BAC3EB13D2}.Release|iPhone.ActiveCfg = Release|Any CPU
		{40EA03F7-8A22-4143-B251-79BAC3EB13D2}.Release|iPhone.Build.0 = Release|Any CPU
		{40EA03F7-8A22-4143-B251-79BAC3EB13D2}.Release|iPhoneSimulator.ActiveCfg = Release|Any CPU
		{40EA03F7-8A22-4143-B251-79BAC3EB13D2}.Release|iPhoneSimulator.Build.0 = Release|Any CPU
		{40EA03F7-8A22-4143-B251-79BAC3EB13D2}.Release|x64.ActiveCfg = Release|Any CPU
		{40EA03F7-8A22-4143-B251-79BAC3EB13D2}.Release|x64.Build.0 = Release|Any CPU
		{40EA03F7-8A22-4143-B251-79BAC3EB13D2}.Release|x86.ActiveCfg = Release|Any CPU
		{40EA03F7-8A22-4143-B251-79BAC3EB13D2}.Release|x86.Build.0 = Release|Any CPU

		{A5B8155A-119F-4794-B551-C6F3CF7E5411}.Debug|Any CPU.ActiveCfg = Debug|Any CPU
		{A5B8155A-119F-4794-B551-C6F3CF7E5411}.Debug|Any CPU.Build.0 = Debug|Any CPU
		{A5B8155A-119F-4794-B551-C6F3CF7E5411}.Debug|ARM.ActiveCfg = Debug|Any CPU
		{A5B8155A-119F-4794-B551-C6F3CF7E5411}.Debug|ARM.Build.0 = Debug|Any CPU
		{A5B8155A-119F-4794-B551-C6F3CF7E5411}.Debug|ARM64.ActiveCfg = Debug|Any CPU
		{A5B8155A-119F-4794-B551-C6F3CF7E5411}.Debug|ARM64.Build.0 = Debug|Any CPU
		{A5B8155A-119F-4794-B551-C6F3CF7E5411}.Debug|iPhone.ActiveCfg = Debug|Any CPU
		{A5B8155A-119F-4794-B551-C6F3CF7E5411}.Debug|iPhone.Build.0 = Debug|Any CPU
		{A5B8155A-119F-4794-B551-C6F3CF7E5411}.Debug|iPhoneSimulator.ActiveCfg = Debug|Any CPU
		{A5B8155A-119F-4794-B551-C6F3CF7E5411}.Debug|iPhoneSimulator.Build.0 = Debug|Any CPU
		{A5B8155A-119F-4794-B551-C6F3CF7E5411}.Debug|x64.ActiveCfg = Debug|Any CPU
		{A5B8155A-119F-4794-B551-C6F3CF7E5411}.Debug|x64.Build.0 = Debug|Any CPU
		{A5B8155A-119F-4794-B551-C6F3CF7E5411}.Debug|x86.ActiveCfg = Debug|Any CPU
		{A5B8155A-119F-4794-B551-C6F3CF7E5411}.Debug|x86.Build.0 = Debug|Any CPU
		{A5B8155A-119F-4794-B551-C6F3CF7E5411}.Release|Any CPU.ActiveCfg = Release|Any CPU
		{A5B8155A-119F-4794-B551-C6F3CF7E5411}.Release|Any CPU.Build.0 = Release|Any CPU
		{A5B8155A-119F-4794-B551-C6F3CF7E5411}.Release|ARM.ActiveCfg = Release|Any CPU
		{A5B8155A-119F-4794-B551-C6F3CF7E5411}.Release|ARM.Build.0 = Release|Any CPU
		{A5B8155A-119F-4794-B551-C6F3CF7E5411}.Release|ARM64.ActiveCfg = Release|Any CPU
		{A5B8155A-119F-4794-B551-C6F3CF7E5411}.Release|ARM64.Build.0 = Release|Any CPU
		{A5B8155A-119F-4794-B551-C6F3CF7E5411}.Release|iPhone.ActiveCfg = Release|Any CPU
		{A5B8155A-119F-4794-B551-C6F3CF7E5411}.Release|iPhone.Build.0 = Release|Any CPU
		{A5B8155A-119F-4794-B551-C6F3CF7E5411}.Release|iPhoneSimulator.ActiveCfg = Release|Any CPU
		{A5B8155A-119F-4794-B551-C6F3CF7E5411}.Release|iPhoneSimulator.Build.0 = Release|Any CPU
		{A5B8155A-119F-4794-B551-C6F3CF7E5411}.Release|x64.ActiveCfg = Release|Any CPU
		{A5B8155A-119F-4794-B551-C6F3CF7E5411}.Release|x64.Build.0 = Release|Any CPU
		{A5B8155A-119F-4794-B551-C6F3CF7E5411}.Release|x86.ActiveCfg = Release|Any CPU
		{A5B8155A-119F-4794-B551-C6F3CF7E5411}.Release|x86.Build.0 = Release|Any CPU

		{40EA03F7-8A22-1234-B251-79BAC3EB13D2}.Debug|Any CPU.ActiveCfg = Debug|Any CPU
		{40EA03F7-8A22-1234-B251-79BAC3EB13D2}.Debug|Any CPU.Build.0 = Debug|Any CPU
		{40EA03F7-8A22-1234-B251-79BAC3EB13D2}.Debug|ARM.ActiveCfg = Debug|Any CPU
		{40EA03F7-8A22-1234-B251-79BAC3EB13D2}.Debug|ARM.Build.0 = Debug|Any CPU
		{40EA03F7-8A22-1234-B251-79BAC3EB13D2}.Debug|ARM64.ActiveCfg = Debug|Any CPU
		{40EA03F7-8A22-1234-B251-79BAC3EB13D2}.Debug|ARM64.Build.0 = Debug|Any CPU
		{40EA03F7-8A22-1234-B251-79BAC3EB13D2}.Debug|iPhone.ActiveCfg = Debug|Any CPU
		{40EA03F7-8A22-1234-B251-79BAC3EB13D2}.Debug|iPhone.Build.0 = Debug|Any CPU
		{40EA03F7-8A22-1234-B251-79BAC3EB13D2}.Debug|iPhoneSimulator.ActiveCfg = Debug|Any CPU
		{40EA03F7-8A22-1234-B251-79BAC3EB13D2}.Debug|iPhoneSimulator.Build.0 = Debug|Any CPU
		{40EA03F7-8A22-1234-B251-79BAC3EB13D2}.Debug|x64.ActiveCfg = Debug|Any CPU
		{40EA03F7-8A22-1234-B251-79BAC3EB13D2}.Debug|x64.Build.0 = Debug|Any CPU
		{40EA03F7-8A22-1234-B251-79BAC3EB13D2}.Debug|x86.ActiveCfg = Debug|Any CPU
		{40EA03F7-8A22-1234-B251-79BAC3EB13D2}.Debug|x86.Build.0 = Debug|Any CPU
		{40EA03F7-8A22-1234-B251-79BAC3EB13D2}.Release|Any CPU.ActiveCfg = Release|Any CPU
		{40EA03F7-8A22-1234-B251-79BAC3EB13D2}.Release|Any CPU.Build.0 = Release|Any CPU
		{40EA03F7-8A22-1234-B251-79BAC3EB13D2}.Release|ARM.ActiveCfg = Release|Any CPU
		{40EA03F7-8A22-1234-B251-79BAC3EB13D2}.Release|ARM.Build.0 = Release|Any CPU
		{40EA03F7-8A22-1234-B251-79BAC3EB13D2}.Release|ARM64.ActiveCfg = Release|Any CPU
		{40EA03F7-8A22-1234-B251-79BAC3EB13D2}.Release|ARM64.Build.0 = Release|Any CPU
		{40EA03F7-8A22-1234-B251-79BAC3EB13D2}.Release|iPhone.ActiveCfg = Release|Any CPU
		{40EA03F7-8A22-1234-B251-79BAC3EB13D2}.Release|iPhone.Build.0 = Release|Any CPU
		{40EA03F7-8A22-1234-B251-79BAC3EB13D2}.Release|iPhoneSimulator.ActiveCfg = Release|Any CPU
		{40EA03F7-8A22-1234-B251-79BAC3EB13D2}.Release|iPhoneSimulator.Build.0 = Release|Any CPU
		{40EA03F7-8A22-1234-B251-79BAC3EB13D2}.Release|x64.ActiveCfg = Release|Any CPU
		{40EA03F7-8A22-1234-B251-79BAC3EB13D2}.Release|x64.Build.0 = Release|Any CPU
		{40EA03F7-8A22-1234-B251-79BAC3EB13D2}.Release|x86.ActiveCfg = Release|Any CPU
		{40EA03F7-8A22-1234-B251-79BAC3EB13D2}.Release|x86.Build.0 = Release|Any CPU

		{F3761327-B873-46CE-845A-8470EAF3DFF3}.Debug|Any CPU.ActiveCfg = Debug|iPhoneSimulator
		{F3761327-B873-46CE-845A-8470EAF3DFF3}.Debug|Any CPU.Build.0 = Debug|iPhoneSimulator
		{F3761327-B873-46CE-845A-8470EAF3DFF3}.Debug|ARM.ActiveCfg = Debug|iPhoneSimulator
		{F3761327-B873-46CE-845A-8470EAF3DFF3}.Debug|ARM64.ActiveCfg = Debug|iPhoneSimulator
		{F3761327-B873-46CE-845A-8470EAF3DFF3}.Debug|iPhone.ActiveCfg = Debug|iPhoneSimulator
		{F3761327-B873-46CE-845A-8470EAF3DFF3}.Debug|iPhone.Build.0 = Debug|iPhoneSimulator
		{F3761327-B873-46CE-845A-8470EAF3DFF3}.Debug|iPhoneSimulator.ActiveCfg = Debug|iPhoneSimulator
		{F3761327-B873-46CE-845A-8470EAF3DFF3}.Debug|iPhoneSimulator.Build.0 = Debug|iPhoneSimulator
		{F3761327-B873-46CE-845A-8470EAF3DFF3}.Debug|x64.ActiveCfg = Debug|iPhoneSimulator
		{F3761327-B873-46CE-845A-8470EAF3DFF3}.Debug|x64.Build.0 = Debug|iPhoneSimulator
		{F3761327-B873-46CE-845A-8470EAF3DFF3}.Debug|x86.ActiveCfg = Debug|iPhoneSimulator
		{F3761327-B873-46CE-845A-8470EAF3DFF3}.Debug|x86.Build.0 = Debug|iPhoneSimulator
		{F3761327-B873-46CE-845A-8470EAF3DFF3}.Release|Any CPU.ActiveCfg = Release|iPhoneSimulator
		{F3761327-B873-46CE-845A-8470EAF3DFF3}.Release|ARM.ActiveCfg = Release|iPhoneSimulator
		{F3761327-B873-46CE-845A-8470EAF3DFF3}.Release|ARM64.ActiveCfg = Release|iPhoneSimulator
		{F3761327-B873-46CE-845A-8470EAF3DFF3}.Release|iPhone.ActiveCfg = Release|iPhoneSimulator
		{F3761327-B873-46CE-845A-8470EAF3DFF3}.Release|iPhone.Build.0 = Release|iPhoneSimulator
		{F3761327-B873-46CE-845A-8470EAF3DFF3}.Release|iPhoneSimulator.ActiveCfg = Release|iPhoneSimulator
		{F3761327-B873-46CE-845A-8470EAF3DFF3}.Release|iPhoneSimulator.Build.0 = Release|iPhoneSimulator
		{F3761327-B873-46CE-845A-8470EAF3DFF3}.Release|x64.ActiveCfg = Release|iPhoneSimulator
		{F3761327-B873-46CE-845A-8470EAF3DFF3}.Release|x64.Build.0 = Release|iPhoneSimulator
		{F3761327-B873-46CE-845A-8470EAF3DFF3}.Release|x86.ActiveCfg = Release|iPhoneSimulator
		{F3761327-B873-46CE-845A-8470EAF3DFF3}.Release|x86.Build.0 = Release|iPhoneSimulator

		{04D3A50A-BD96-4168-A331-3AC5E63800DE}.Debug|Any CPU.ActiveCfg = Debug|arm64
		{04D3A50A-BD96-4168-A331-3AC5E63800DE}.Debug|Any CPU.Build.0 = Debug|arm64
		{04D3A50A-BD96-4168-A331-3AC5E63800DE}.Debug|ARM.ActiveCfg = Debug|Any CPU
		{04D3A50A-BD96-4168-A331-3AC5E63800DE}.Debug|ARM.Build.0 = Debug|Any CPU
		{04D3A50A-BD96-4168-A331-3AC5E63800DE}.Debug|ARM64.ActiveCfg = Debug|arm64
		{04D3A50A-BD96-4168-A331-3AC5E63800DE}.Debug|ARM64.Build.0 = Debug|arm64
		{04D3A50A-BD96-4168-A331-3AC5E63800DE}.Debug|iPhone.ActiveCfg = Debug|Any CPU
		{04D3A50A-BD96-4168-A331-3AC5E63800DE}.Debug|iPhone.Build.0 = Debug|Any CPU
		{04D3A50A-BD96-4168-A331-3AC5E63800DE}.Debug|iPhoneSimulator.ActiveCfg = Debug|Any CPU
		{04D3A50A-BD96-4168-A331-3AC5E63800DE}.Debug|iPhoneSimulator.Build.0 = Debug|Any CPU
		{04D3A50A-BD96-4168-A331-3AC5E63800DE}.Debug|x64.ActiveCfg = Debug|x64
		{04D3A50A-BD96-4168-A331-3AC5E63800DE}.Debug|x64.Build.0 = Debug|x64
		{04D3A50A-BD96-4168-A331-3AC5E63800DE}.Debug|x86.ActiveCfg = Debug|x86
		{04D3A50A-BD96-4168-A331-3AC5E63800DE}.Debug|x86.Build.0 = Debug|x86
		{04D3A50A-BD96-4168-A331-3AC5E63800DE}.Release|Any CPU.ActiveCfg = Release|Any CPU
		{04D3A50A-BD96-4168-A331-3AC5E63800DE}.Release|Any CPU.Build.0 = Release|Any CPU
		{04D3A50A-BD96-4168-A331-3AC5E63800DE}.Release|ARM.ActiveCfg = Release|Any CPU
		{04D3A50A-BD96-4168-A331-3AC5E63800DE}.Release|ARM.Build.0 = Release|Any CPU
		{04D3A50A-BD96-4168-A331-3AC5E63800DE}.Release|ARM64.ActiveCfg = Release|arm64
		{04D3A50A-BD96-4168-A331-3AC5E63800DE}.Release|ARM64.Build.0 = Release|arm64
		{04D3A50A-BD96-4168-A331-3AC5E63800DE}.Release|iPhone.ActiveCfg = Release|Any CPU
		{04D3A50A-BD96-4168-A331-3AC5E63800DE}.Release|iPhone.Build.0 = Release|Any CPU
		{04D3A50A-BD96-4168-A331-3AC5E63800DE}.Release|iPhoneSimulator.ActiveCfg = Release|Any CPU
		{04D3A50A-BD96-4168-A331-3AC5E63800DE}.Release|iPhoneSimulator.Build.0 = Release|Any CPU
		{04D3A50A-BD96-4168-A331-3AC5E63800DE}.Release|x64.ActiveCfg = Release|x64
		{04D3A50A-BD96-4168-A331-3AC5E63800DE}.Release|x64.Build.0 = Release|x64
		{04D3A50A-BD96-4168-A331-3AC5E63800DE}.Release|x86.ActiveCfg = Release|x86
		{04D3A50A-BD96-4168-A331-3AC5E63800DE}.Release|x86.Build.0 = Release|x86

		{761D821E-9905-4444-9ADF-76C995FE5427}.Debug|Any CPU.ActiveCfg = Debug|Any CPU
		{761D821E-9905-4444-9ADF-76C995FE5427}.Debug|Any CPU.Build.0 = Debug|Any CPU
		{761D821E-9905-4444-9ADF-76C995FE5427}.Debug|ARM.ActiveCfg = Debug|Any CPU
		{761D821E-9905-4444-9ADF-76C995FE5427}.Debug|ARM.Build.0 = Debug|Any CPU
		{761D821E-9905-4444-9ADF-76C995FE5427}.Debug|ARM64.ActiveCfg = Debug|Any CPU
		{761D821E-9905-4444-9ADF-76C995FE5427}.Debug|ARM64.Build.0 = Debug|Any CPU
		{761D821E-9905-4444-9ADF-76C995FE5427}.Debug|iPhone.ActiveCfg = Debug|Any CPU
		{761D821E-9905-4444-9ADF-76C995FE5427}.Debug|iPhone.Build.0 = Debug|Any CPU
		{761D821E-9905-4444-9ADF-76C995FE5427}.Debug|iPhoneSimulator.ActiveCfg = Debug|Any CPU
		{761D821E-9905-4444-9ADF-76C995FE5427}.Debug|iPhoneSimulator.Build.0 = Debug|Any CPU
		{761D821E-9905-4444-9ADF-76C995FE5427}.Debug|x64.ActiveCfg = Debug|Any CPU
		{761D821E-9905-4444-9ADF-76C995FE5427}.Debug|x64.Build.0 = Debug|Any CPU
		{761D821E-9905-4444-9ADF-76C995FE5427}.Debug|x86.ActiveCfg = Debug|Any CPU
		{761D821E-9905-4444-9ADF-76C995FE5427}.Debug|x86.Build.0 = Debug|Any CPU
		{761D821E-9905-4444-9ADF-76C995FE5427}.Release|Any CPU.ActiveCfg = Release|Any CPU
		{761D821E-9905-4444-9ADF-76C995FE5427}.Release|Any CPU.Build.0 = Release|Any CPU
		{761D821E-9905-4444-9ADF-76C995FE5427}.Release|ARM.ActiveCfg = Release|Any CPU
		{761D821E-9905-4444-9ADF-76C995FE5427}.Release|ARM.Build.0 = Release|Any CPU
		{761D821E-9905-4444-9ADF-76C995FE5427}.Release|ARM64.ActiveCfg = Release|Any CPU
		{761D821E-9905-4444-9ADF-76C995FE5427}.Release|ARM64.Build.0 = Release|Any CPU
		{761D821E-9905-4444-9ADF-76C995FE5427}.Release|iPhone.ActiveCfg = Release|Any CPU
		{761D821E-9905-4444-9ADF-76C995FE5427}.Release|iPhone.Build.0 = Release|Any CPU
		{761D821E-9905-4444-9ADF-76C995FE5427}.Release|iPhoneSimulator.ActiveCfg = Release|Any CPU
		{761D821E-9905-4444-9ADF-76C995FE5427}.Release|iPhoneSimulator.Build.0 = Release|Any CPU
		{761D821E-9905-4444-9ADF-76C995FE5427}.Release|x64.ActiveCfg = Release|Any CPU
		{761D821E-9905-4444-9ADF-76C995FE5427}.Release|x64.Build.0 = Release|Any CPU
		{761D821E-9905-4444-9ADF-76C995FE5427}.Release|x86.ActiveCfg = Release|Any CPU
		{761D821E-9905-4444-9ADF-76C995FE5427}.Release|x86.Build.0 = Release|Any CPU

	EndGlobalSection
	GlobalSection(SolutionProperties) = preSolution
		HideSolutionNode = FALSE
	EndGlobalSection
	GlobalSection(ExtensibilityGlobals) = postSolution
		SolutionGuid = {C7433AE2-B1A0-4C1A-887E-5CAA7AAF67A6}
	EndGlobalSection
EndGlobal
