
Microsoft Visual Studio Solution File, Format Version 12.00
# Visual Studio Version 17
VisualStudioVersion = 17.8.34112.27
MinimumVisualStudioVersion = 10.0.40219.1
Project("{FAE04EC0-301F-11D3-BF4B-00C04F79EFBC}") = "ResourcesExtractor", "ResourcesExtractor\ResourcesExtractor.csproj", "{FE506CA4-11E6-48FE-8077-3472393E5ABD}"
EndProject
Global
	GlobalSection(SolutionConfigurationPlatforms) = preSolution
		Debug|ARM64 = Debug|ARM64
		Debug|x64 = Debug|x64
		Debug|x86 = Debug|x86
		Release|ARM64 = Release|ARM64
		Release|x64 = Release|x64
		Release|x86 = Release|x86
	EndGlobalSection
	GlobalSection(ProjectConfigurationPlatforms) = postSolution
		{FE506CA4-11E6-48FE-8077-3472393E5ABD}.Debug|ARM64.ActiveCfg = Debug|ARM64
		{FE506CA4-11E6-48FE-8077-3472393E5ABD}.Debug|ARM64.Build.0 = Debug|ARM64
		{FE506CA4-11E6-48FE-8077-3472393E5ABD}.Debug|ARM64.Deploy.0 = Debug|ARM64
		{FE506CA4-11E6-48FE-8077-3472393E5ABD}.Debug|x64.ActiveCfg = Debug|x64
		{FE506CA4-11E6-48FE-8077-3472393E5ABD}.Debug|x64.Build.0 = Debug|x64
		{FE506CA4-11E6-48FE-8077-3472393E5ABD}.Debug|x64.Deploy.0 = Debug|x64
		{FE506CA4-11E6-48FE-8077-3472393E5ABD}.Debug|x86.ActiveCfg = Debug|x86
		{FE506CA4-11E6-48FE-8077-3472393E5ABD}.Debug|x86.Build.0 = Debug|x86
		{FE506CA4-11E6-48FE-8077-3472393E5ABD}.Debug|x86.Deploy.0 = Debug|x86
		{FE506CA4-11E6-48FE-8077-3472393E5ABD}.Release|ARM64.ActiveCfg = Release|ARM64
		{FE506CA4-11E6-48FE-8077-3472393E5ABD}.Release|ARM64.Build.0 = Release|ARM64
		{FE506CA4-11E6-48FE-8077-3472393E5ABD}.Release|ARM64.Deploy.0 = Release|ARM64
		{FE506CA4-11E6-48FE-8077-3472393E5ABD}.Release|x64.ActiveCfg = Release|x64
		{FE506CA4-11E6-48FE-8077-3472393E5ABD}.Release|x64.Build.0 = Release|x64
		{FE506CA4-11E6-48FE-8077-3472393E5ABD}.Release|x64.Deploy.0 = Release|x64
		{FE506CA4-11E6-48FE-8077-3472393E5ABD}.Release|x86.ActiveCfg = Release|x86
		{FE506CA4-11E6-48FE-8077-3472393E5ABD}.Release|x86.Build.0 = Release|x86
		{FE506CA4-11E6-48FE-8077-3472393E5ABD}.Release|x86.Deploy.0 = Release|x86
	EndGlobalSection
	GlobalSection(SolutionProperties) = preSolution
		HideSolutionNode = FALSE
	EndGlobalSection
	GlobalSection(ExtensibilityGlobals) = postSolution
		SolutionGuid = {66D9B152-C78E-495C-A2CD-35F954A1D2C4}
	EndGlobalSection
EndGlobal
