Microsoft Visual Studio Solution File, Format Version 12.00
# Visual Studio Version 17
VisualStudioVersion = 17.5.2.0
MinimumVisualStudioVersion = 10.0.40219.1
Project("{FAE04EC0-301F-11D3-BF4B-00C04F79EFBC}") = "Uno.UI.Runtime.Skia.Android", "Uno.UI.Runtime.Skia.Android.csproj", "{58631D01-718A-B27F-1DC2-67CFC17B8178}"
EndProject
Global
	GlobalSection(SolutionConfigurationPlatforms) = preSolution
		Debug|Any CPU = Debug|Any CPU
		Release|Any CPU = Release|Any CPU
	EndGlobalSection
	GlobalSection(ProjectConfigurationPlatforms) = postSolution
		{58631D01-718A-B27F-1DC2-67CFC17B8178}.Debug|Any CPU.ActiveCfg = Debug|Any CPU
		{58631D01-718A-B27F-1DC2-67CFC17B8178}.Debug|Any CPU.Build.0 = Debug|Any CPU
		{58631D01-718A-B27F-1DC2-67CFC17B8178}.Release|Any CPU.ActiveCfg = Release|Any CPU
		{58631D01-718A-B27F-1DC2-67CFC17B8178}.Release|Any CPU.Build.0 = Release|Any CPU
	EndGlobalSection
	GlobalSection(SolutionProperties) = preSolution
		HideSolutionNode = FALSE
	EndGlobalSection
	GlobalSection(ExtensibilityGlobals) = postSolution
		SolutionGuid = {83FC9C46-80E5-4EEB-BF1C-1C9128AEFB3A}
	EndGlobalSection
EndGlobal
