
Microsoft Visual Studio Solution File, Format Version 12.00
# Visual Studio Version 17
VisualStudioVersion = 17.0.31903.59
MinimumVisualStudioVersion = 10.0.40219.1
Project("{FAE04EC0-301F-11D3-BF4B-00C04F79EFBC}") = "MyCrossRuntimeLib", "MyCrossRuntimeLib\MyCrossRuntimeLib.csproj", "{840D8EBA-DC4A-45FD-9A1D-634E9340373A}"
EndProject
Project("{FAE04EC0-301F-11D3-BF4B-00C04F79EFBC}") = "MyCrossRuntimeLib.Skia", "MyCrossRuntimeLib\MyCrossRuntimeLib.Skia.csproj", "{D0FC9A7F-F04D-463C-8ECD-E77718B029F0}"
EndProject
Project("{FAE04EC0-301F-11D3-BF4B-00C04F79EFBC}") = "MyCrossRuntimeLib.Wasm", "MyCrossRuntimeLib\MyCrossRuntimeLib.Wasm.csproj", "{EE235819-E691-46BC-A198-9D1EF3C17AD1}"
EndProject
Global
	GlobalSection(SolutionConfigurationPlatforms) = preSolution
		Debug|Any CPU = Debug|Any CPU
		Release|Any CPU = Release|Any CPU
	EndGlobalSection
	GlobalSection(SolutionProperties) = preSolution
		HideSolutionNode = FALSE
	EndGlobalSection
	GlobalSection(ProjectConfigurationPlatforms) = postSolution
		{840D8EBA-DC4A-45FD-9A1D-634E9340373A}.Debug|Any CPU.ActiveCfg = Debug|Any CPU
		{840D8EBA-DC4A-45FD-9A1D-634E9340373A}.Debug|Any CPU.Build.0 = Debug|Any CPU
		{840D8EBA-DC4A-45FD-9A1D-634E9340373A}.Release|Any CPU.ActiveCfg = Release|Any CPU
		{840D8EBA-DC4A-45FD-9A1D-634E9340373A}.Release|Any CPU.Build.0 = Release|Any CPU
		{D0FC9A7F-F04D-463C-8ECD-E77718B029F0}.Debug|Any CPU.ActiveCfg = Debug|Any CPU
		{D0FC9A7F-F04D-463C-8ECD-E77718B029F0}.Debug|Any CPU.Build.0 = Debug|Any CPU
		{D0FC9A7F-F04D-463C-8ECD-E77718B029F0}.Release|Any CPU.ActiveCfg = Release|Any CPU
		{D0FC9A7F-F04D-463C-8ECD-E77718B029F0}.Release|Any CPU.Build.0 = Release|Any CPU
		{EE235819-E691-46BC-A198-9D1EF3C17AD1}.Debug|Any CPU.ActiveCfg = Debug|Any CPU
		{EE235819-E691-46BC-A198-9D1EF3C17AD1}.Debug|Any CPU.Build.0 = Debug|Any CPU
		{EE235819-E691-46BC-A198-9D1EF3C17AD1}.Release|Any CPU.ActiveCfg = Release|Any CPU
		{EE235819-E691-46BC-A198-9D1EF3C17AD1}.Release|Any CPU.Build.0 = Release|Any CPU
	EndGlobalSection
EndGlobal
