
Microsoft Visual Studio Solution File, Format Version 12.00
# Visual Studio 15
VisualStudioVersion = 15.0.26711.1
MinimumVisualStudioVersion = 10.0.40219.1
Project("{9A19103F-16F7-4668-BE54-9A1E7A4F7556}") = "Uno.Xaml", "Uno.Xaml.csproj", "{1757A23D-0810-44ED-81AE-8A446AA164CA}"
EndProject
Project("{9A19103F-16F7-4668-BE54-9A1E7A4F7556}") = "Uno.Xaml.Tests", "..\System.Xaml.Tests\Uno.Xaml.Tests.csproj", "{67472573-9701-4EA1-B7B6-220B53BE444E}"
EndProject
Project("{9A19103F-16F7-4668-BE54-9A1E7A4F7556}") = "System.Xaml.Tests.MS", "..\System.Xaml.Tests.MS\System.Xaml.Tests.MS.csproj", "{8968260D-7DF0-42D6-ACA8-8A214359A97B}"
EndProject
Global
	GlobalSection(SolutionConfigurationPlatforms) = preSolution
		Debug|Any CPU = Debug|Any CPU
		Release|Any CPU = Release|Any CPU
	EndGlobalSection
	GlobalSection(ProjectConfigurationPlatforms) = postSolution
		{1757A23D-0810-44ED-81AE-8A446AA164CA}.Debug|Any CPU.ActiveCfg = Debug|Any CPU
		{1757A23D-0810-44ED-81AE-8A446AA164CA}.Debug|Any CPU.Build.0 = Debug|Any CPU
		{1757A23D-0810-44ED-81AE-8A446AA164CA}.Release|Any CPU.ActiveCfg = Release|Any CPU
		{1757A23D-0810-44ED-81AE-8A446AA164CA}.Release|Any CPU.Build.0 = Release|Any CPU
		{67472573-9701-4EA1-B7B6-220B53BE444E}.Debug|Any CPU.ActiveCfg = Debug|Any CPU
		{67472573-9701-4EA1-B7B6-220B53BE444E}.Debug|Any CPU.Build.0 = Debug|Any CPU
		{67472573-9701-4EA1-B7B6-220B53BE444E}.Release|Any CPU.ActiveCfg = Release|Any CPU
		{67472573-9701-4EA1-B7B6-220B53BE444E}.Release|Any CPU.Build.0 = Release|Any CPU
		{8968260D-7DF0-42D6-ACA8-8A214359A97B}.Debug|Any CPU.ActiveCfg = Debug|Any CPU
		{8968260D-7DF0-42D6-ACA8-8A214359A97B}.Debug|Any CPU.Build.0 = Debug|Any CPU
		{8968260D-7DF0-42D6-ACA8-8A214359A97B}.Release|Any CPU.ActiveCfg = Release|Any CPU
		{8968260D-7DF0-42D6-ACA8-8A214359A97B}.Release|Any CPU.Build.0 = Release|Any CPU
	EndGlobalSection
	GlobalSection(SolutionProperties) = preSolution
		HideSolutionNode = FALSE
	EndGlobalSection
	GlobalSection(ExtensibilityGlobals) = postSolution
		SolutionGuid = {C2AC1479-19AF-408D-AD00-39F1E4A6A0A1}
	EndGlobalSection
EndGlobal
