Microsoft Visual Studio Solution File, Format Version 12.00
# Visual Studio Version 16
VisualStudioVersion = 16.0.29920.165
MinimumVisualStudioVersion = 15.0.26124.0

Project("{D954291E-2A0B-460D-934E-DC6B0785DB48}") = "MyAppXamlTrim.Shared", "MyAppXamlTrim.Shared\MyAppXamlTrim.Shared.shproj", "{6279C845-92F8-4333-AB99-3D213163593C}"
EndProject

Project("{FAE04EC0-301F-11D3-BF4B-00C04F79EFBC}") = "MyAppXamlTrim.Mobile", "MyAppXamlTrim.Mobile\MyAppXamlTrim.Mobile.csproj", "{79C07354-9B51-4AE8-8180-775C94C82026}"
EndProject

Project("{FAE04EC0-301F-11D3-BF4B-00C04F79EFBC}") = "MyAppXamlTrim.Uwp", "MyAppXamlTrim.UWP\MyAppXamlTrim.Uwp.csproj", "{41B2049E-3B1C-4B3A-BB10-1CF7DA559750}"
EndProject

Project("{9A19103F-16F7-4668-BE54-9A1E7A4F7556}") = "MyAppXamlTrim.Wasm", "MyAppXamlTrim.Wasm\MyAppXamlTrim.Wasm.csproj", "{40EA03F7-8A22-4143-B251-79BAC3EB13D2}"
EndProject

Project("{9A19103F-16F7-4668-BE54-9A1E7A4F7556}") = "MyAppXamlTrim.Skia.Gtk", "MyAppXamlTrim.Skia.Gtk\MyAppXamlTrim.Skia.Gtk.csproj", "{A5B8155A-118F-4794-B551-C6F3CF7E5411}"
EndProject

Project("{9A19103F-16F7-4668-BE54-9A1E7A4F7556}") = "MyAppXamlTrim.Skia.WPF", "MyAppXamlTrim.Skia.WPF\MyAppXamlTrim.Skia.WPF.csproj", "{7F670C51-0B1B-4C14-98F9-75DDEA577346}"
EndProject

Project("{9A19103F-16F7-4668-BE54-9A1E7A4F7556}") = "MyAppXamlTrim.Skia.Linux.FrameBuffer", "MyAppXamlTrim.Skia.Linux.FrameBuffer\MyAppXamlTrim.Skia.Linux.FrameBuffer.csproj", "{761D821E-9905-4444-9ADF-76C995FE5427}"
EndProject

Global
	GlobalSection(SharedMSBuildProjectFiles) = preSolution
		MyAppXamlTrim.Shared\MyAppXamlTrim.Shared.projitems*{79C07354-9B51-4AE8-8180-775C94C82026}*SharedItemsImports = 4
		MyAppXamlTrim.Shared\MyAppXamlTrim.Shared.projitems*{7F670C51-0B1B-4C14-98F9-75DDEA577346}*SharedItemsImports = 5
		MyAppXamlTrim.Shared\MyAppXamlTrim.Shared.projitems*{46B2F260-39E4-4277-B1D0-7F63B9A9D56D}*SharedItemsImports = 4
		MyAppXamlTrim.Shared\MyAppXamlTrim.Shared.projitems*{40ea03f7-8a22-4143-b251-79bac3eb13d2}*SharedItemsImports = 5
		MyAppXamlTrim.Shared\MyAppXamlTrim.Shared.projitems*{a5b8155a-118f-4794-b551-c6f3cf7e5411}*SharedItemsImports = 5
		MyAppXamlTrim.Shared\MyAppXamlTrim.Shared.projitems*{70A5C5C2-EA44-408C-A132-1755E3DDE25E}*SharedItemsImports = 4
		MyAppXamlTrim.Shared\MyAppXamlTrim.Shared.projitems*{6279c845-92f8-4333-ab99-3d213163593c}*SharedItemsImports = 13
		MyAppXamlTrim.Shared\MyAppXamlTrim.Shared.projitems*{41B2049E-3B1C-4B3A-BB10-1CF7DA559750}*SharedItemsImports = 4
	EndGlobalSection
	GlobalSection(SolutionConfigurationPlatforms) = preSolution
		Debug|Any CPU = Debug|Any CPU
		Debug|ARM = Debug|ARM
		Debug|ARM64 = Debug|ARM64
		Debug|iPhone = Debug|iPhone
		Debug|iPhoneSimulator = Debug|iPhoneSimulator
		Debug|x64 = Debug|x64
		Debug|x86 = Debug|x86
		Release|Any CPU = Release|Any CPU
		Release|ARM = Release|ARM
		Release|ARM64 = Release|ARM64
		Release|iPhone = Release|iPhone
		Release|iPhoneSimulator = Release|iPhoneSimulator
		Release|x64 = Release|x64
		Release|x86 = Release|x86
	EndGlobalSection
	GlobalSection(ProjectConfigurationPlatforms) = postSolution
		{79C07354-9B51-4AE8-8180-775C94C82026}.Debug|Any CPU.ActiveCfg = Debug|Any CPU
		{79C07354-9B51-4AE8-8180-775C94C82026}.Debug|Any CPU.Build.0 = Debug|Any CPU
		{79C07354-9B51-4AE8-8180-775C94C82026}.Debug|Any CPU.Deploy.0 = Debug|Any CPU
		{79C07354-9B51-4AE8-8180-775C94C82026}.Debug|ARM.ActiveCfg = Debug|Any CPU
		{79C07354-9B51-4AE8-8180-775C94C82026}.Debug|ARM.Build.0 = Debug|Any CPU
		{79C07354-9B51-4AE8-8180-775C94C82026}.Debug|ARM.Deploy.0 = Debug|Any CPU
		{79C07354-9B51-4AE8-8180-775C94C82026}.Debug|ARM64.ActiveCfg = Debug|Any CPU
		{79C07354-9B51-4AE8-8180-775C94C82026}.Debug|ARM64.Build.0 = Debug|Any CPU
		{79C07354-9B51-4AE8-8180-775C94C82026}.Debug|ARM64.Deploy.0 = Debug|Any CPU
		{79C07354-9B51-4AE8-8180-775C94C82026}.Debug|iPhone.ActiveCfg = Debug|Any CPU
		{79C07354-9B51-4AE8-8180-775C94C82026}.Debug|iPhone.Build.0 = Debug|Any CPU
		{79C07354-9B51-4AE8-8180-775C94C82026}.Debug|iPhone.Deploy.0 = Debug|Any CPU
		{79C07354-9B51-4AE8-8180-775C94C82026}.Debug|iPhoneSimulator.ActiveCfg = Debug|Any CPU
		{79C07354-9B51-4AE8-8180-775C94C82026}.Debug|iPhoneSimulator.Build.0 = Debug|Any CPU
		{79C07354-9B51-4AE8-8180-775C94C82026}.Debug|iPhoneSimulator.Deploy.0 = Debug|Any CPU
		{79C07354-9B51-4AE8-8180-775C94C82026}.Debug|x64.ActiveCfg = Debug|Any CPU
		{79C07354-9B51-4AE8-8180-775C94C82026}.Debug|x64.Build.0 = Debug|Any CPU
		{79C07354-9B51-4AE8-8180-775C94C82026}.Debug|x64.Deploy.0 = Debug|Any CPU
		{79C07354-9B51-4AE8-8180-775C94C82026}.Debug|x86.ActiveCfg = Debug|Any CPU
		{79C07354-9B51-4AE8-8180-775C94C82026}.Debug|x86.Build.0 = Debug|Any CPU
		{79C07354-9B51-4AE8-8180-775C94C82026}.Debug|x86.Deploy.0 = Debug|Any CPU

		{79C07354-9B51-4AE8-8180-775C94C82026}.Release|Any CPU.ActiveCfg = Release|Any CPU
		{79C07354-9B51-4AE8-8180-775C94C82026}.Release|Any CPU.Build.0 = Release|Any CPU
		{79C07354-9B51-4AE8-8180-775C94C82026}.Release|Any CPU.Deploy.0 = Release|Any CPU
		{79C07354-9B51-4AE8-8180-775C94C82026}.Release|ARM.ActiveCfg = Release|Any CPU
		{79C07354-9B51-4AE8-8180-775C94C82026}.Release|ARM.Build.0 = Release|Any CPU
		{79C07354-9B51-4AE8-8180-775C94C82026}.Release|ARM.Deploy.0 = Release|Any CPU
		{79C07354-9B51-4AE8-8180-775C94C82026}.Release|ARM64.ActiveCfg = Release|Any CPU
		{79C07354-9B51-4AE8-8180-775C94C82026}.Release|ARM64.Build.0 = Release|Any CPU
		{79C07354-9B51-4AE8-8180-775C94C82026}.Release|ARM64.Deploy.0 = Release|Any CPU
		{79C07354-9B51-4AE8-8180-775C94C82026}.Release|iPhone.ActiveCfg = Release|Any CPU
		{79C07354-9B51-4AE8-8180-775C94C82026}.Release|iPhone.Build.0 = Release|Any CPU
		{79C07354-9B51-4AE8-8180-775C94C82026}.Release|iPhone.Deploy.0 = Release|Any CPU
		{79C07354-9B51-4AE8-8180-775C94C82026}.Release|iPhoneSimulator.ActiveCfg = Release|Any CPU
		{79C07354-9B51-4AE8-8180-775C94C82026}.Release|iPhoneSimulator.Build.0 = Release|Any CPU
		{79C07354-9B51-4AE8-8180-775C94C82026}.Release|iPhoneSimulator.Deploy.0 = Release|Any CPU
		{79C07354-9B51-4AE8-8180-775C94C82026}.Release|x64.ActiveCfg = Release|Any CPU
		{79C07354-9B51-4AE8-8180-775C94C82026}.Release|x64.Build.0 = Release|Any CPU
		{79C07354-9B51-4AE8-8180-775C94C82026}.Release|x64.Deploy.0 = Release|Any CPU
		{79C07354-9B51-4AE8-8180-775C94C82026}.Release|x86.ActiveCfg = Release|Any CPU
		{79C07354-9B51-4AE8-8180-775C94C82026}.Release|x86.Build.0 = Release|Any CPU
		{79C07354-9B51-4AE8-8180-775C94C82026}.Release|x86.Deploy.0 = Release|Any CPU
		{70A5C5C2-EA44-408C-A132-1755E3DDE25E}.Debug|Any CPU.ActiveCfg = Debug|iPhone
		{70A5C5C2-EA44-408C-A132-1755E3DDE25E}.Debug|Any CPU.Build.0 = Debug|iPhone
		{70A5C5C2-EA44-408C-A132-1755E3DDE25E}.Debug|Any CPU.Deploy.0 = Debug|iPhone
		{70A5C5C2-EA44-408C-A132-1755E3DDE25E}.Debug|ARM.ActiveCfg = Debug|iPhone
		{70A5C5C2-EA44-408C-A132-1755E3DDE25E}.Debug|ARM64.ActiveCfg = Debug|iPhone
		{70A5C5C2-EA44-408C-A132-1755E3DDE25E}.Debug|iPhone.ActiveCfg = Debug|iPhone
		{70A5C5C2-EA44-408C-A132-1755E3DDE25E}.Debug|iPhone.Build.0 = Debug|iPhone
		{70A5C5C2-EA44-408C-A132-1755E3DDE25E}.Debug|iPhoneSimulator.ActiveCfg = Debug|iPhoneSimulator
		{70A5C5C2-EA44-408C-A132-1755E3DDE25E}.Debug|iPhoneSimulator.Build.0 = Debug|iPhoneSimulator
		{70A5C5C2-EA44-408C-A132-1755E3DDE25E}.Debug|x64.ActiveCfg = Debug|iPhone
		{70A5C5C2-EA44-408C-A132-1755E3DDE25E}.Debug|x64.Build.0 = Debug|iPhone
		{70A5C5C2-EA44-408C-A132-1755E3DDE25E}.Debug|x64.Deploy.0 = Debug|iPhone
		{70A5C5C2-EA44-408C-A132-1755E3DDE25E}.Debug|x86.ActiveCfg = Debug|iPhoneSimulator
		{70A5C5C2-EA44-408C-A132-1755E3DDE25E}.Debug|x86.Build.0 = Debug|iPhoneSimulator
		{70A5C5C2-EA44-408C-A132-1755E3DDE25E}.Debug|x86.Deploy.0 = Debug|iPhoneSimulator
		{70A5C5C2-EA44-408C-A132-1755E3DDE25E}.Release|Any CPU.ActiveCfg = Release|iPhone
		{70A5C5C2-EA44-408C-A132-1755E3DDE25E}.Release|ARM.ActiveCfg = Release|iPhone
		{70A5C5C2-EA44-408C-A132-1755E3DDE25E}.Release|ARM64.ActiveCfg = Release|iPhone
		{70A5C5C2-EA44-408C-A132-1755E3DDE25E}.Release|iPhone.ActiveCfg = Release|iPhone
		{70A5C5C2-EA44-408C-A132-1755E3DDE25E}.Release|iPhone.Build.0 = Release|iPhone
		{70A5C5C2-EA44-408C-A132-1755E3DDE25E}.Release|iPhoneSimulator.ActiveCfg = Release|iPhoneSimulator
		{70A5C5C2-EA44-408C-A132-1755E3DDE25E}.Release|iPhoneSimulator.Build.0 = Release|iPhoneSimulator
		{70A5C5C2-EA44-408C-A132-1755E3DDE25E}.Release|x64.ActiveCfg = Release|iPhoneSimulator
		{70A5C5C2-EA44-408C-A132-1755E3DDE25E}.Release|x64.Build.0 = Release|iPhoneSimulator
		{70A5C5C2-EA44-408C-A132-1755E3DDE25E}.Release|x64.Deploy.0 = Release|iPhoneSimulator
		{70A5C5C2-EA44-408C-A132-1755E3DDE25E}.Release|x86.ActiveCfg = Release|iPhoneSimulator
		{70A5C5C2-EA44-408C-A132-1755E3DDE25E}.Release|x86.Build.0 = Release|iPhoneSimulator

		{41B2049E-3B1C-4B3A-BB10-1CF7DA559750}.Debug|Any CPU.ActiveCfg = Debug|x86
		{41B2049E-3B1C-4B3A-BB10-1CF7DA559750}.Debug|Any CPU.Build.0 = Debug|x86
		{41B2049E-3B1C-4B3A-BB10-1CF7DA559750}.Debug|Any CPU.Deploy.0 = Debug|x86
		{41B2049E-3B1C-4B3A-BB10-1CF7DA559750}.Debug|ARM.ActiveCfg = Debug|ARM
		{41B2049E-3B1C-4B3A-BB10-1CF7DA559750}.Debug|ARM.Build.0 = Debug|ARM
		{41B2049E-3B1C-4B3A-BB10-1CF7DA559750}.Debug|ARM.Deploy.0 = Debug|ARM
		{41B2049E-3B1C-4B3A-BB10-1CF7DA559750}.Debug|ARM64.ActiveCfg = Debug|ARM64
		{41B2049E-3B1C-4B3A-BB10-1CF7DA559750}.Debug|ARM64.Build.0 = Debug|ARM64
		{41B2049E-3B1C-4B3A-BB10-1CF7DA559750}.Debug|ARM64.Deploy.0 = Debug|ARM64
		{41B2049E-3B1C-4B3A-BB10-1CF7DA559750}.Debug|iPhone.ActiveCfg = Debug|x86
		{41B2049E-3B1C-4B3A-BB10-1CF7DA559750}.Debug|iPhone.Build.0 = Debug|x86
		{41B2049E-3B1C-4B3A-BB10-1CF7DA559750}.Debug|iPhone.Deploy.0 = Debug|x86
		{41B2049E-3B1C-4B3A-BB10-1CF7DA559750}.Debug|iPhoneSimulator.ActiveCfg = Debug|x86
		{41B2049E-3B1C-4B3A-BB10-1CF7DA559750}.Debug|iPhoneSimulator.Build.0 = Debug|x86
		{41B2049E-3B1C-4B3A-BB10-1CF7DA559750}.Debug|iPhoneSimulator.Deploy.0 = Debug|x86
		{41B2049E-3B1C-4B3A-BB10-1CF7DA559750}.Debug|x64.ActiveCfg = Debug|x64
		{41B2049E-3B1C-4B3A-BB10-1CF7DA559750}.Debug|x64.Build.0 = Debug|x64
		{41B2049E-3B1C-4B3A-BB10-1CF7DA559750}.Debug|x64.Deploy.0 = Debug|x64
		{41B2049E-3B1C-4B3A-BB10-1CF7DA559750}.Debug|x86.ActiveCfg = Debug|x86
		{41B2049E-3B1C-4B3A-BB10-1CF7DA559750}.Debug|x86.Build.0 = Debug|x86
		{41B2049E-3B1C-4B3A-BB10-1CF7DA559750}.Debug|x86.Deploy.0 = Debug|x86
		{41B2049E-3B1C-4B3A-BB10-1CF7DA559750}.Release|Any CPU.ActiveCfg = Release|x86
		{41B2049E-3B1C-4B3A-BB10-1CF7DA559750}.Release|ARM.ActiveCfg = Release|ARM
		{41B2049E-3B1C-4B3A-BB10-1CF7DA559750}.Release|ARM.Build.0 = Release|ARM
		{41B2049E-3B1C-4B3A-BB10-1CF7DA559750}.Release|ARM.Deploy.0 = Release|ARM
		{41B2049E-3B1C-4B3A-BB10-1CF7DA559750}.Release|ARM64.ActiveCfg = Release|ARM64
		{41B2049E-3B1C-4B3A-BB10-1CF7DA559750}.Release|ARM64.Build.0 = Release|ARM64
		{41B2049E-3B1C-4B3A-BB10-1CF7DA559750}.Release|ARM64.Deploy.0 = Release|ARM64
		{41B2049E-3B1C-4B3A-BB10-1CF7DA559750}.Release|iPhone.ActiveCfg = Release|x86
		{41B2049E-3B1C-4B3A-BB10-1CF7DA559750}.Release|iPhone.Build.0 = Release|x86
		{41B2049E-3B1C-4B3A-BB10-1CF7DA559750}.Release|iPhoneSimulator.ActiveCfg = Release|x86
		{41B2049E-3B1C-4B3A-BB10-1CF7DA559750}.Release|iPhoneSimulator.Build.0 = Release|x86
		{41B2049E-3B1C-4B3A-BB10-1CF7DA559750}.Release|iPhoneSimulator.Deploy.0 = Release|x86
		{41B2049E-3B1C-4B3A-BB10-1CF7DA559750}.Release|x64.ActiveCfg = Release|x64
		{41B2049E-3B1C-4B3A-BB10-1CF7DA559750}.Release|x64.Build.0 = Release|x64
		{41B2049E-3B1C-4B3A-BB10-1CF7DA559750}.Release|x64.Deploy.0 = Release|x64
		{41B2049E-3B1C-4B3A-BB10-1CF7DA559750}.Release|x86.ActiveCfg = Release|x86
		{41B2049E-3B1C-4B3A-BB10-1CF7DA559750}.Release|x86.Build.0 = Release|x86
		{41B2049E-3B1C-4B3A-BB10-1CF7DA559750}.Release|x86.Deploy.0 = Release|x86

		{7F670C51-0B1B-4C14-98F9-75DDEA577346}.Debug|Any CPU.ActiveCfg = Debug|Any CPU
		{7F670C51-0B1B-4C14-98F9-75DDEA577346}.Debug|Any CPU.Build.0 = Debug|Any CPU
		{7F670C51-0B1B-4C14-98F9-75DDEA577346}.Debug|Any CPU.Deploy.0 = Debug|Any CPU
		{7F670C51-0B1B-4C14-98F9-75DDEA577346}.Debug|ARM.ActiveCfg = Debug|Any CPU
		{7F670C51-0B1B-4C14-98F9-75DDEA577346}.Debug|ARM.Build.0 = Debug|Any CPU
		{7F670C51-0B1B-4C14-98F9-75DDEA577346}.Debug|ARM.Deploy.0 = Debug|Any CPU
		{7F670C51-0B1B-4C14-98F9-75DDEA577346}.Debug|ARM64.ActiveCfg = Debug|Any CPU
		{7F670C51-0B1B-4C14-98F9-75DDEA577346}.Debug|ARM64.Build.0 = Debug|Any CPU
		{7F670C51-0B1B-4C14-98F9-75DDEA577346}.Debug|ARM64.Deploy.0 = Debug|Any CPU
		{7F670C51-0B1B-4C14-98F9-75DDEA577346}.Debug|iPhone.ActiveCfg = Debug|Any CPU
		{7F670C51-0B1B-4C14-98F9-75DDEA577346}.Debug|iPhone.Build.0 = Debug|Any CPU
		{7F670C51-0B1B-4C14-98F9-75DDEA577346}.Debug|iPhone.Deploy.0 = Debug|Any CPU
		{7F670C51-0B1B-4C14-98F9-75DDEA577346}.Debug|iPhoneSimulator.ActiveCfg = Debug|Any CPU
		{7F670C51-0B1B-4C14-98F9-75DDEA577346}.Debug|iPhoneSimulator.Build.0 = Debug|Any CPU
		{7F670C51-0B1B-4C14-98F9-75DDEA577346}.Debug|iPhoneSimulator.Deploy.0 = Debug|Any CPU
		{7F670C51-0B1B-4C14-98F9-75DDEA577346}.Debug|x64.ActiveCfg = Debug|Any CPU
		{7F670C51-0B1B-4C14-98F9-75DDEA577346}.Debug|x64.Build.0 = Debug|Any CPU
		{7F670C51-0B1B-4C14-98F9-75DDEA577346}.Debug|x64.Deploy.0 = Debug|Any CPU
		{7F670C51-0B1B-4C14-98F9-75DDEA577346}.Debug|x86.ActiveCfg = Debug|Any CPU
		{7F670C51-0B1B-4C14-98F9-75DDEA577346}.Debug|x86.Build.0 = Debug|Any CPU
		{7F670C51-0B1B-4C14-98F9-75DDEA577346}.Debug|x86.Deploy.0 = Debug|Any CPU
		{7F670C51-0B1B-4C14-98F9-75DDEA577346}.Release|Any CPU.ActiveCfg = Release|Any CPU
		{7F670C51-0B1B-4C14-98F9-75DDEA577346}.Release|Any CPU.Build.0 = Release|Any CPU
		{7F670C51-0B1B-4C14-98F9-75DDEA577346}.Release|ARM.ActiveCfg = Release|Any CPU
		{7F670C51-0B1B-4C14-98F9-75DDEA577346}.Release|ARM.Build.0 = Release|Any CPU
		{7F670C51-0B1B-4C14-98F9-75DDEA577346}.Release|ARM.Deploy.0 = Release|Any CPU
		{7F670C51-0B1B-4C14-98F9-75DDEA577346}.Release|ARM64.ActiveCfg = Release|Any CPU
		{7F670C51-0B1B-4C14-98F9-75DDEA577346}.Release|ARM64.Build.0 = Release|Any CPU
		{7F670C51-0B1B-4C14-98F9-75DDEA577346}.Release|ARM64.Deploy.0 = Release|Any CPU
		{7F670C51-0B1B-4C14-98F9-75DDEA577346}.Release|iPhone.ActiveCfg = Release|Any CPU
		{7F670C51-0B1B-4C14-98F9-75DDEA577346}.Release|iPhone.Build.0 = Release|Any CPU
		{7F670C51-0B1B-4C14-98F9-75DDEA577346}.Release|iPhoneSimulator.ActiveCfg = Release|Any CPU
		{7F670C51-0B1B-4C14-98F9-75DDEA577346}.Release|iPhoneSimulator.Build.0 = Release|Any CPU
		{7F670C51-0B1B-4C14-98F9-75DDEA577346}.Release|iPhoneSimulator.Deploy.0 = Release|Any CPU
		{7F670C51-0B1B-4C14-98F9-75DDEA577346}.Release|x64.ActiveCfg = Release|Any CPU
		{7F670C51-0B1B-4C14-98F9-75DDEA577346}.Release|x64.Build.0 = Release|Any CPU
		{7F670C51-0B1B-4C14-98F9-75DDEA577346}.Release|x64.Deploy.0 = Release|Any CPU
		{7F670C51-0B1B-4C14-98F9-75DDEA577346}.Release|x86.ActiveCfg = Release|Any CPU
		{7F670C51-0B1B-4C14-98F9-75DDEA577346}.Release|x86.Build.0 = Release|Any CPU
		{7F670C51-0B1B-4C14-98F9-75DDEA577346}.Release|x86.Deploy.0 = Release|Any CPU

		{A5B8155A-118F-4794-B551-C6F3CF7E5411}.Debug|Any CPU.ActiveCfg = Debug|Any CPU
		{A5B8155A-118F-4794-B551-C6F3CF7E5411}.Debug|Any CPU.Build.0 = Debug|Any CPU
		{A5B8155A-118F-4794-B551-C6F3CF7E5411}.Debug|ARM.ActiveCfg = Debug|Any CPU
		{A5B8155A-118F-4794-B551-C6F3CF7E5411}.Debug|ARM.Build.0 = Debug|Any CPU
		{A5B8155A-118F-4794-B551-C6F3CF7E5411}.Debug|ARM64.ActiveCfg = Debug|Any CPU
		{A5B8155A-118F-4794-B551-C6F3CF7E5411}.Debug|ARM64.Build.0 = Debug|Any CPU
		{A5B8155A-118F-4794-B551-C6F3CF7E5411}.Debug|iPhone.ActiveCfg = Debug|Any CPU
		{A5B8155A-118F-4794-B551-C6F3CF7E5411}.Debug|iPhone.Build.0 = Debug|Any CPU
		{A5B8155A-118F-4794-B551-C6F3CF7E5411}.Debug|iPhoneSimulator.ActiveCfg = Debug|Any CPU
		{A5B8155A-118F-4794-B551-C6F3CF7E5411}.Debug|iPhoneSimulator.Build.0 = Debug|Any CPU
		{A5B8155A-118F-4794-B551-C6F3CF7E5411}.Debug|x64.ActiveCfg = Debug|Any CPU
		{A5B8155A-118F-4794-B551-C6F3CF7E5411}.Debug|x64.Build.0 = Debug|Any CPU
		{A5B8155A-118F-4794-B551-C6F3CF7E5411}.Debug|x86.ActiveCfg = Debug|Any CPU
		{A5B8155A-118F-4794-B551-C6F3CF7E5411}.Debug|x86.Build.0 = Debug|Any CPU
		{A5B8155A-118F-4794-B551-C6F3CF7E5411}.Release|Any CPU.ActiveCfg = Release|Any CPU
		{A5B8155A-118F-4794-B551-C6F3CF7E5411}.Release|Any CPU.Build.0 = Release|Any CPU
		{A5B8155A-118F-4794-B551-C6F3CF7E5411}.Release|ARM.ActiveCfg = Release|Any CPU
		{A5B8155A-118F-4794-B551-C6F3CF7E5411}.Release|ARM.Build.0 = Release|Any CPU
		{A5B8155A-118F-4794-B551-C6F3CF7E5411}.Release|ARM64.ActiveCfg = Release|Any CPU
		{A5B8155A-118F-4794-B551-C6F3CF7E5411}.Release|ARM64.Build.0 = Release|Any CPU
		{A5B8155A-118F-4794-B551-C6F3CF7E5411}.Release|iPhone.ActiveCfg = Release|Any CPU
		{A5B8155A-118F-4794-B551-C6F3CF7E5411}.Release|iPhone.Build.0 = Release|Any CPU
		{A5B8155A-118F-4794-B551-C6F3CF7E5411}.Release|iPhoneSimulator.ActiveCfg = Release|Any CPU
		{A5B8155A-118F-4794-B551-C6F3CF7E5411}.Release|iPhoneSimulator.Build.0 = Release|Any CPU
		{A5B8155A-118F-4794-B551-C6F3CF7E5411}.Release|x64.ActiveCfg = Release|Any CPU
		{A5B8155A-118F-4794-B551-C6F3CF7E5411}.Release|x64.Build.0 = Release|Any CPU
		{A5B8155A-118F-4794-B551-C6F3CF7E5411}.Release|x86.ActiveCfg = Release|Any CPU
		{A5B8155A-118F-4794-B551-C6F3CF7E5411}.Release|x86.Build.0 = Release|Any CPU


		{761D821E-9905-4444-9ADF-76C995FE5427}.Debug|Any CPU.ActiveCfg = Debug|Any CPU
		{761D821E-9905-4444-9ADF-76C995FE5427}.Debug|Any CPU.Build.0 = Debug|Any CPU
		{761D821E-9905-4444-9ADF-76C995FE5427}.Debug|ARM.ActiveCfg = Debug|Any CPU
		{761D821E-9905-4444-9ADF-76C995FE5427}.Debug|ARM.Build.0 = Debug|Any CPU
		{761D821E-9905-4444-9ADF-76C995FE5427}.Debug|ARM64.ActiveCfg = Debug|Any CPU
		{761D821E-9905-4444-9ADF-76C995FE5427}.Debug|ARM64.Build.0 = Debug|Any CPU
		{761D821E-9905-4444-9ADF-76C995FE5427}.Debug|iPhone.ActiveCfg = Debug|Any CPU
		{761D821E-9905-4444-9ADF-76C995FE5427}.Debug|iPhone.Build.0 = Debug|Any CPU
		{761D821E-9905-4444-9ADF-76C995FE5427}.Debug|iPhoneSimulator.ActiveCfg = Debug|Any CPU
		{761D821E-9905-4444-9ADF-76C995FE5427}.Debug|iPhoneSimulator.Build.0 = Debug|Any CPU
		{761D821E-9905-4444-9ADF-76C995FE5427}.Debug|x64.ActiveCfg = Debug|Any CPU
		{761D821E-9905-4444-9ADF-76C995FE5427}.Debug|x64.Build.0 = Debug|Any CPU
		{761D821E-9905-4444-9ADF-76C995FE5427}.Debug|x86.ActiveCfg = Debug|Any CPU
		{761D821E-9905-4444-9ADF-76C995FE5427}.Debug|x86.Build.0 = Debug|Any CPU
		{761D821E-9905-4444-9ADF-76C995FE5427}.Release|Any CPU.ActiveCfg = Release|Any CPU
		{761D821E-9905-4444-9ADF-76C995FE5427}.Release|Any CPU.Build.0 = Release|Any CPU
		{761D821E-9905-4444-9ADF-76C995FE5427}.Release|ARM.ActiveCfg = Release|Any CPU
		{761D821E-9905-4444-9ADF-76C995FE5427}.Release|ARM.Build.0 = Release|Any CPU
		{761D821E-9905-4444-9ADF-76C995FE5427}.Release|ARM64.ActiveCfg = Release|Any CPU
		{761D821E-9905-4444-9ADF-76C995FE5427}.Release|ARM64.Build.0 = Release|Any CPU
		{761D821E-9905-4444-9ADF-76C995FE5427}.Release|iPhone.ActiveCfg = Release|Any CPU
		{761D821E-9905-4444-9ADF-76C995FE5427}.Release|iPhone.Build.0 = Release|Any CPU
		{761D821E-9905-4444-9ADF-76C995FE5427}.Release|iPhoneSimulator.ActiveCfg = Release|Any CPU
		{761D821E-9905-4444-9ADF-76C995FE5427}.Release|iPhoneSimulator.Build.0 = Release|Any CPU
		{761D821E-9905-4444-9ADF-76C995FE5427}.Release|x64.ActiveCfg = Release|Any CPU
		{761D821E-9905-4444-9ADF-76C995FE5427}.Release|x64.Build.0 = Release|Any CPU
		{761D821E-9905-4444-9ADF-76C995FE5427}.Release|x86.ActiveCfg = Release|Any CPU
		{761D821E-9905-4444-9ADF-76C995FE5427}.Release|x86.Build.0 = Release|Any CPU

		{40EA03F7-8A22-4143-B251-79BAC3EB13D2}.Debug|Any CPU.ActiveCfg = Debug|Any CPU
		{40EA03F7-8A22-4143-B251-79BAC3EB13D2}.Debug|Any CPU.Build.0 = Debug|Any CPU
		{40EA03F7-8A22-4143-B251-79BAC3EB13D2}.Debug|ARM.ActiveCfg = Debug|Any CPU
		{40EA03F7-8A22-4143-B251-79BAC3EB13D2}.Debug|ARM.Build.0 = Debug|Any CPU
		{40EA03F7-8A22-4143-B251-79BAC3EB13D2}.Debug|ARM64.ActiveCfg = Debug|Any CPU
		{40EA03F7-8A22-4143-B251-79BAC3EB13D2}.Debug|ARM64.Build.0 = Debug|Any CPU
		{40EA03F7-8A22-4143-B251-79BAC3EB13D2}.Debug|iPhone.ActiveCfg = Debug|Any CPU
		{40EA03F7-8A22-4143-B251-79BAC3EB13D2}.Debug|iPhone.Build.0 = Debug|Any CPU
		{40EA03F7-8A22-4143-B251-79BAC3EB13D2}.Debug|iPhoneSimulator.ActiveCfg = Debug|Any CPU
		{40EA03F7-8A22-4143-B251-79BAC3EB13D2}.Debug|iPhoneSimulator.Build.0 = Debug|Any CPU
		{40EA03F7-8A22-4143-B251-79BAC3EB13D2}.Debug|x64.ActiveCfg = Debug|Any CPU
		{40EA03F7-8A22-4143-B251-79BAC3EB13D2}.Debug|x64.Build.0 = Debug|Any CPU
		{40EA03F7-8A22-4143-B251-79BAC3EB13D2}.Debug|x86.ActiveCfg = Debug|Any CPU
		{40EA03F7-8A22-4143-B251-79BAC3EB13D2}.Debug|x86.Build.0 = Debug|Any CPU
		{40EA03F7-8A22-4143-B251-79BAC3EB13D2}.Release|Any CPU.ActiveCfg = Release|Any CPU
		{40EA03F7-8A22-4143-B251-79BAC3EB13D2}.Release|Any CPU.Build.0 = Release|Any CPU
		{40EA03F7-8A22-4143-B251-79BAC3EB13D2}.Release|ARM.ActiveCfg = Release|Any CPU
		{40EA03F7-8A22-4143-B251-79BAC3EB13D2}.Release|ARM.Build.0 = Release|Any CPU
		{40EA03F7-8A22-4143-B251-79BAC3EB13D2}.Release|ARM64.ActiveCfg = Release|Any CPU
		{40EA03F7-8A22-4143-B251-79BAC3EB13D2}.Release|ARM64.Build.0 = Release|Any CPU
		{40EA03F7-8A22-4143-B251-79BAC3EB13D2}.Release|iPhone.ActiveCfg = Release|Any CPU
		{40EA03F7-8A22-4143-B251-79BAC3EB13D2}.Release|iPhone.Build.0 = Release|Any CPU
		{40EA03F7-8A22-4143-B251-79BAC3EB13D2}.Release|iPhoneSimulator.ActiveCfg = Release|Any CPU
		{40EA03F7-8A22-4143-B251-79BAC3EB13D2}.Release|iPhoneSimulator.Build.0 = Release|Any CPU
		{40EA03F7-8A22-4143-B251-79BAC3EB13D2}.Release|x64.ActiveCfg = Release|Any CPU
		{40EA03F7-8A22-4143-B251-79BAC3EB13D2}.Release|x64.Build.0 = Release|Any CPU
		{40EA03F7-8A22-4143-B251-79BAC3EB13D2}.Release|x86.ActiveCfg = Release|Any CPU
		{40EA03F7-8A22-4143-B251-79BAC3EB13D2}.Release|x86.Build.0 = Release|Any CPU
		{46B2F260-39E4-4277-B1D0-7F63B9A9D56D}.Debug|Any CPU.ActiveCfg = Debug|iPhoneSimulator
		{46B2F260-39E4-4277-B1D0-7F63B9A9D56D}.Debug|Any CPU.Build.0 = Debug|iPhoneSimulator
		{46B2F260-39E4-4277-B1D0-7F63B9A9D56D}.Debug|ARM.ActiveCfg = Debug|iPhoneSimulator
		{46B2F260-39E4-4277-B1D0-7F63B9A9D56D}.Debug|ARM64.ActiveCfg = Debug|iPhoneSimulator
		{46B2F260-39E4-4277-B1D0-7F63B9A9D56D}.Debug|iPhone.ActiveCfg = Debug|iPhoneSimulator
		{46B2F260-39E4-4277-B1D0-7F63B9A9D56D}.Debug|iPhone.Build.0 = Debug|iPhoneSimulator
		{46B2F260-39E4-4277-B1D0-7F63B9A9D56D}.Debug|iPhoneSimulator.ActiveCfg = Debug|iPhoneSimulator
		{46B2F260-39E4-4277-B1D0-7F63B9A9D56D}.Debug|iPhoneSimulator.Build.0 = Debug|iPhoneSimulator
		{46B2F260-39E4-4277-B1D0-7F63B9A9D56D}.Debug|x64.ActiveCfg = Debug|iPhoneSimulator
		{46B2F260-39E4-4277-B1D0-7F63B9A9D56D}.Debug|x64.Build.0 = Debug|iPhoneSimulator
		{46B2F260-39E4-4277-B1D0-7F63B9A9D56D}.Debug|x86.ActiveCfg = Debug|iPhoneSimulator
		{46B2F260-39E4-4277-B1D0-7F63B9A9D56D}.Debug|x86.Build.0 = Debug|iPhoneSimulator
		{46B2F260-39E4-4277-B1D0-7F63B9A9D56D}.Release|Any CPU.ActiveCfg = Release|iPhoneSimulator
		{46B2F260-39E4-4277-B1D0-7F63B9A9D56D}.Release|ARM.ActiveCfg = Release|iPhoneSimulator
		{46B2F260-39E4-4277-B1D0-7F63B9A9D56D}.Release|ARM64.ActiveCfg = Release|iPhoneSimulator
		{46B2F260-39E4-4277-B1D0-7F63B9A9D56D}.Release|iPhone.ActiveCfg = Release|iPhoneSimulator
		{46B2F260-39E4-4277-B1D0-7F63B9A9D56D}.Release|iPhone.Build.0 = Release|iPhoneSimulator
		{46B2F260-39E4-4277-B1D0-7F63B9A9D56D}.Release|iPhoneSimulator.ActiveCfg = Release|iPhoneSimulator
		{46B2F260-39E4-4277-B1D0-7F63B9A9D56D}.Release|iPhoneSimulator.Build.0 = Release|iPhoneSimulator
		{46B2F260-39E4-4277-B1D0-7F63B9A9D56D}.Release|x64.ActiveCfg = Release|iPhoneSimulator
		{46B2F260-39E4-4277-B1D0-7F63B9A9D56D}.Release|x64.Build.0 = Release|iPhoneSimulator
		{46B2F260-39E4-4277-B1D0-7F63B9A9D56D}.Release|x86.ActiveCfg = Release|iPhoneSimulator
		{46B2F260-39E4-4277-B1D0-7F63B9A9D56D}.Release|x86.Build.0 = Release|iPhoneSimulator
	EndGlobalSection
	GlobalSection(SolutionProperties) = preSolution
		HideSolutionNode = FALSE
	EndGlobalSection
	GlobalSection(ExtensibilityGlobals) = postSolution
		SolutionGuid = {C7433AE2-B1A0-4C1A-887E-5CAA7AAF67A6}
	EndGlobalSection
EndGlobal
