// !$*UTF8*$!
{
	archiveVersion = 1;
	classes = {
	};
	objectVersion = 56;
	objects = {

/* Begin PBXBuildFile section */
		43BC95F62E618E5400902390 /* MouseButtons.h in Headers */ = {isa = PBXBuildFile; fileRef = 43BC95F52E618E4700902390 /* MouseButtons.h */; };
		43BC95FA2E618F0900902390 /* MouseButtons.m in Sources */ = {isa = PBXBuildFile; fileRef = 43BC95F92E618F0900902390 /* MouseButtons.m */; };
		D116C63E2AC79876004B975F /* UNOCursor.m in Sources */ = {isa = PBXBuildFile; fileRef = D116C63D2AC79876004B975F /* UNOCursor.m */; };
		D11A81662CF523B900B3C0A5 /* UNOWebView.m in Sources */ = {isa = PBXBuildFile; fileRef = D11A81652CF523B900B3C0A5 /* UNOWebView.m */; };
		D11A81672CF523B900B3C0A5 /* UNOWebView.h in Headers */ = {isa = PBXBuildFile; fileRef = D11A81642CF523B900B3C0A5 /* UNOWebView.h */; };
		D11A81692D09F05B00B3C0A5 /* UNOMediaPlayer.h in Headers */ = {isa = PBXBuildFile; fileRef = D11A81682D09F05400B3C0A5 /* UNOMediaPlayer.h */; };
		D11A816B2D09F06700B3C0A5 /* UNOMediaPlayer.m in Sources */ = {isa = PBXBuildFile; fileRef = D11A816A2D09F06400B3C0A5 /* UNOMediaPlayer.m */; };
		D13AB8A82B5839B200693F8E /* libSkiaSharp.dylib in Frameworks */ = {isa = PBXBuildFile; fileRef = D13AB8A72B5839B200693F8E /* libSkiaSharp.dylib */; };
		D18D4FAC2C2DE804003E4BBF /* UNONative.m in Sources */ = {isa = PBXBuildFile; fileRef = D18D4FAB2C2DE804003E4BBF /* UNONative.m */; };
		D1A0651E2A7066F700101BE6 /* UNOMetalViewDelegate.m in Sources */ = {isa = PBXBuildFile; fileRef = D1A0651D2A7066F700101BE6 /* UNOMetalViewDelegate.m */; };
		D1A065202A8467B200101BE6 /* UNOApplication.h in Headers */ = {isa = PBXBuildFile; fileRef = D1A0651F2A8467B200101BE6 /* UNOApplication.h */; };
		D1A065222A84688000101BE6 /* UNOApplication.m in Sources */ = {isa = PBXBuildFile; fileRef = D1A065212A84688000101BE6 /* UNOApplication.m */; };
		D1A065252A8AC23800101BE6 /* UNOWindow.m in Sources */ = {isa = PBXBuildFile; fileRef = D1A065242A8AC23800101BE6 /* UNOWindow.m */; };
		D1CC768B2AB9D464002A44F0 /* UNOClipboard.m in Sources */ = {isa = PBXBuildFile; fileRef = D1CC768A2AB9D464002A44F0 /* UNOClipboard.m */; };
		D1CC768D2ABA1337002A44F0 /* UNOPickers.m in Sources */ = {isa = PBXBuildFile; fileRef = D1CC768C2ABA1337002A44F0 /* UNOPickers.m */; };
		D1F248A92A67288B008A609E /* UnoNativeMac.h in Headers */ = {isa = PBXBuildFile; fileRef = D1F248A82A67288B008A609E /* UnoNativeMac.h */; };
		D1FE7A2B2B75C8C300ACFC76 /* UNOSoftView.m in Sources */ = {isa = PBXBuildFile; fileRef = D1FE7A2A2B75C8BB00ACFC76 /* UNOSoftView.m */; };
/* End PBXBuildFile section */

/* Begin PBXFileReference section */
		43BC95F52E618E4700902390 /* MouseButtons.h */ = {isa = PBXFileReference; lastKnownFileType = sourcecode.c.h; path = MouseButtons.h; sourceTree = "<group>"; };
		43BC95F92E618F0900902390 /* MouseButtons.m */ = {isa = PBXFileReference; lastKnownFileType = sourcecode.c.objc; path = MouseButtons.m; sourceTree = "<group>"; };
		D116C63C2AC793C0004B975F /* UNOCursor.h */ = {isa = PBXFileReference; lastKnownFileType = sourcecode.c.h; path = UNOCursor.h; sourceTree = "<group>"; };
		D116C63D2AC79876004B975F /* UNOCursor.m */ = {isa = PBXFileReference; lastKnownFileType = sourcecode.c.objc; path = UNOCursor.m; sourceTree = "<group>"; };
		D11A81642CF523B900B3C0A5 /* UNOWebView.h */ = {isa = PBXFileReference; lastKnownFileType = sourcecode.c.h; path = UNOWebView.h; sourceTree = "<group>"; };
		D11A81652CF523B900B3C0A5 /* UNOWebView.m */ = {isa = PBXFileReference; lastKnownFileType = sourcecode.c.objc; path = UNOWebView.m; sourceTree = "<group>"; };
		D11A81682D09F05400B3C0A5 /* UNOMediaPlayer.h */ = {isa = PBXFileReference; lastKnownFileType = sourcecode.c.h; path = UNOMediaPlayer.h; sourceTree = "<group>"; };
		D11A816A2D09F06400B3C0A5 /* UNOMediaPlayer.m */ = {isa = PBXFileReference; lastKnownFileType = sourcecode.c.objc; path = UNOMediaPlayer.m; sourceTree = "<group>"; };
		D13AB8A72B5839B200693F8E /* libSkiaSharp.dylib */ = {isa = PBXFileReference; lastKnownFileType = "compiled.mach-o.dylib"; name = libSkiaSharp.dylib; path = UnoNativeMac/libSkiaSharp.dylib; sourceTree = "<group>"; };
		D13AB8AC2B58566400693F8E /* Config.xcconfig */ = {isa = PBXFileReference; lastKnownFileType = text.xcconfig; path = Config.xcconfig; sourceTree = "<group>"; };
		D18D4FAA2C2DE76F003E4BBF /* UNONative.h */ = {isa = PBXFileReference; lastKnownFileType = sourcecode.c.h; path = UNONative.h; sourceTree = "<group>"; };
		D18D4FAB2C2DE804003E4BBF /* UNONative.m */ = {isa = PBXFileReference; lastKnownFileType = sourcecode.c.objc; path = UNONative.m; sourceTree = "<group>"; };
		D1A0651C2A70664A00101BE6 /* UNOMetalViewDelegate.h */ = {isa = PBXFileReference; lastKnownFileType = sourcecode.c.h; path = UNOMetalViewDelegate.h; sourceTree = "<group>"; };
		D1A0651D2A7066F700101BE6 /* UNOMetalViewDelegate.m */ = {isa = PBXFileReference; lastKnownFileType = sourcecode.c.objc; path = UNOMetalViewDelegate.m; sourceTree = "<group>"; };
		D1A0651F2A8467B200101BE6 /* UNOApplication.h */ = {isa = PBXFileReference; lastKnownFileType = sourcecode.c.h; path = UNOApplication.h; sourceTree = "<group>"; };
		D1A065212A84688000101BE6 /* UNOApplication.m */ = {isa = PBXFileReference; lastKnownFileType = sourcecode.c.objc; path = UNOApplication.m; sourceTree = "<group>"; };
		D1A065232A8AC15C00101BE6 /* UNOWindow.h */ = {isa = PBXFileReference; lastKnownFileType = sourcecode.c.h; path = UNOWindow.h; sourceTree = "<group>"; };
		D1A065242A8AC23800101BE6 /* UNOWindow.m */ = {isa = PBXFileReference; lastKnownFileType = sourcecode.c.objc; path = UNOWindow.m; sourceTree = "<group>"; };
		D1CC76892AB9D408002A44F0 /* UNOClipboard.h */ = {isa = PBXFileReference; lastKnownFileType = sourcecode.c.h; path = UNOClipboard.h; sourceTree = "<group>"; };
		D1CC768A2AB9D464002A44F0 /* UNOClipboard.m */ = {isa = PBXFileReference; lastKnownFileType = sourcecode.c.objc; path = UNOClipboard.m; sourceTree = "<group>"; };
		D1CC768C2ABA1337002A44F0 /* UNOPickers.m */ = {isa = PBXFileReference; lastKnownFileType = sourcecode.c.objc; path = UNOPickers.m; sourceTree = "<group>"; };
		D1CC768E2ABA1368002A44F0 /* UNOPickers.h */ = {isa = PBXFileReference; lastKnownFileType = sourcecode.c.h; path = UNOPickers.h; sourceTree = "<group>"; };
		D1F248A52A67288B008A609E /* libUnoNativeMac.dylib */ = {isa = PBXFileReference; explicitFileType = "compiled.mach-o.dylib"; includeInIndex = 0; path = libUnoNativeMac.dylib; sourceTree = BUILT_PRODUCTS_DIR; };
		D1F248A82A67288B008A609E /* UnoNativeMac.h */ = {isa = PBXFileReference; lastKnownFileType = sourcecode.c.h; path = UnoNativeMac.h; sourceTree = "<group>"; };
		D1FE7A2A2B75C8BB00ACFC76 /* UNOSoftView.m */ = {isa = PBXFileReference; lastKnownFileType = sourcecode.c.objc; path = UNOSoftView.m; sourceTree = "<group>"; };
		D1FE7A2C2B75C8E100ACFC76 /* UNOSoftView.h */ = {isa = PBXFileReference; lastKnownFileType = sourcecode.c.h; path = UNOSoftView.h; sourceTree = "<group>"; };
/* End PBXFileReference section */

/* Begin PBXFrameworksBuildPhase section */
		D1F248A32A67288B008A609E /* Frameworks */ = {
			isa = PBXFrameworksBuildPhase;
			buildActionMask = 2147483647;
			files = (
				D13AB8A82B5839B200693F8E /* libSkiaSharp.dylib in Frameworks */,
			);
			runOnlyForDeploymentPostprocessing = 0;
		};
/* End PBXFrameworksBuildPhase section */

/* Begin PBXGroup section */
		D13AB8A62B5839B200693F8E /* Frameworks */ = {
			isa = PBXGroup;
			children = (
				D13AB8A72B5839B200693F8E /* libSkiaSharp.dylib */,
			);
			name = Frameworks;
			sourceTree = "<group>";
		};
		D1F2489C2A67288B008A609E = {
			isa = PBXGroup;
			children = (
				D13AB8AC2B58566400693F8E /* Config.xcconfig */,
				D1F248A72A67288B008A609E /* UnoNativeMac */,
				D1F248A62A67288B008A609E /* Products */,
				D13AB8A62B5839B200693F8E /* Frameworks */,
			);
			sourceTree = "<group>";
		};
		D1F248A62A67288B008A609E /* Products */ = {
			isa = PBXGroup;
			children = (
				D1F248A52A67288B008A609E /* libUnoNativeMac.dylib */,
			);
			name = Products;
			sourceTree = "<group>";
		};
		D1F248A72A67288B008A609E /* UnoNativeMac */ = {
			isa = PBXGroup;
			children = (
				43BC95F92E618F0900902390 /* MouseButtons.m */,
				43BC95F52E618E4700902390 /* MouseButtons.h */,
				D11A81682D09F05400B3C0A5 /* UNOMediaPlayer.h */,
				D11A816A2D09F06400B3C0A5 /* UNOMediaPlayer.m */,
				D11A81642CF523B900B3C0A5 /* UNOWebView.h */,
				D11A81652CF523B900B3C0A5 /* UNOWebView.m */,
				D1F248A82A67288B008A609E /* UnoNativeMac.h */,
				D1A0651F2A8467B200101BE6 /* UNOApplication.h */,
				D1A065212A84688000101BE6 /* UNOApplication.m */,
				D1CC76892AB9D408002A44F0 /* UNOClipboard.h */,
				D1CC768A2AB9D464002A44F0 /* UNOClipboard.m */,
				D116C63C2AC793C0004B975F /* UNOCursor.h */,
				D116C63D2AC79876004B975F /* UNOCursor.m */,
				D1A0651C2A70664A00101BE6 /* UNOMetalViewDelegate.h */,
				D1A0651D2A7066F700101BE6 /* UNOMetalViewDelegate.m */,
				D18D4FAA2C2DE76F003E4BBF /* UNONative.h */,
				D18D4FAB2C2DE804003E4BBF /* UNONative.m */,
				D1CC768E2ABA1368002A44F0 /* UNOPickers.h */,
				D1CC768C2ABA1337002A44F0 /* UNOPickers.m */,
				D1FE7A2C2B75C8E100ACFC76 /* UNOSoftView.h */,
				D1FE7A2A2B75C8BB00ACFC76 /* UNOSoftView.m */,
				D1A065232A8AC15C00101BE6 /* UNOWindow.h */,
				D1A065242A8AC23800101BE6 /* UNOWindow.m */,
			);
			path = UnoNativeMac;
			sourceTree = "<group>";
		};
/* End PBXGroup section */

/* Begin PBXHeadersBuildPhase section */
		D1F248A12A67288B008A609E /* Headers */ = {
			isa = PBXHeadersBuildPhase;
			buildActionMask = 2147483647;
			files = (
				D11A81672CF523B900B3C0A5 /* UNOWebView.h in Headers */,
				D11A81692D09F05B00B3C0A5 /* UNOMediaPlayer.h in Headers */,
				D1F248A92A67288B008A609E /* UnoNativeMac.h in Headers */,
				43BC95F62E618E5400902390 /* MouseButtons.h in Headers */,
				D1A065202A8467B200101BE6 /* UNOApplication.h in Headers */,
			);
			runOnlyForDeploymentPostprocessing = 0;
		};
/* End PBXHeadersBuildPhase section */

/* Begin PBXNativeTarget section */
		D1F248A42A67288B008A609E /* UnoNativeMac */ = {
			isa = PBXNativeTarget;
			buildConfigurationList = D1F248AE2A67288B008A609E /* Build configuration list for PBXNativeTarget "UnoNativeMac" */;
			buildPhases = (
				D1F248A12A67288B008A609E /* Headers */,
				D1F248A22A67288B008A609E /* Sources */,
				D1F248A32A67288B008A609E /* Frameworks */,
			);
			buildRules = (
			);
			dependencies = (
			);
			name = UnoNativeMac;
			productName = UnoNativeMac;
			productReference = D1F248A52A67288B008A609E /* libUnoNativeMac.dylib */;
			productType = "com.apple.product-type.library.dynamic";
		};
/* End PBXNativeTarget section */

/* Begin PBXProject section */
		D1F2489D2A67288B008A609E /* Project object */ = {
			isa = PBXProject;
			attributes = {
				BuildIndependentTargetsInParallel = 1;
				LastUpgradeCheck = 1510;
				TargetAttributes = {
					D1F248A42A67288B008A609E = {
						CreatedOnToolsVersion = 14.3.1;
					};
				};
			};
			buildConfigurationList = D1F248A02A67288B008A609E /* Build configuration list for PBXProject "UnoNativeMac" */;
			compatibilityVersion = "Xcode 14.0";
			developmentRegion = en;
			hasScannedForEncodings = 0;
			knownRegions = (
				en,
				Base,
			);
			mainGroup = D1F2489C2A67288B008A609E;
			productRefGroup = D1F248A62A67288B008A609E /* Products */;
			projectDirPath = "";
			projectRoot = "";
			targets = (
				D1F248A42A67288B008A609E /* UnoNativeMac */,
			);
		};
/* End PBXProject section */

/* Begin PBXSourcesBuildPhase section */
		D1F248A22A67288B008A609E /* Sources */ = {
			isa = PBXSourcesBuildPhase;
			buildActionMask = 2147483647;
			files = (
				D1CC768D2ABA1337002A44F0 /* UNOPickers.m in Sources */,
				D1FE7A2B2B75C8C300ACFC76 /* UNOSoftView.m in Sources */,
				D1A0651E2A7066F700101BE6 /* UNOMetalViewDelegate.m in Sources */,
				D1A065222A84688000101BE6 /* UNOApplication.m in Sources */,
				D1A065252A8AC23800101BE6 /* UNOWindow.m in Sources */,
				43BC95FA2E618F0900902390 /* MouseButtons.m in Sources */,
				D1CC768B2AB9D464002A44F0 /* UNOClipboard.m in Sources */,
				D11A816B2D09F06700B3C0A5 /* UNOMediaPlayer.m in Sources */,
				D116C63E2AC79876004B975F /* UNOCursor.m in Sources */,
				D11A81662CF523B900B3C0A5 /* UNOWebView.m in Sources */,
				D18D4FAC2C2DE804003E4BBF /* UNONative.m in Sources */,
			);
			runOnlyForDeploymentPostprocessing = 0;
		};
/* End PBXSourcesBuildPhase section */

/* Begin XCBuildConfiguration section */
		D1F248AC2A67288B008A609E /* Debug */ = {
			isa = XCBuildConfiguration;
			buildSettings = {
				ALWAYS_SEARCH_USER_PATHS = NO;
				CLANG_ANALYZER_NONNULL = YES;
				CLANG_ANALYZER_NUMBER_OBJECT_CONVERSION = YES_AGGRESSIVE;
				CLANG_CXX_LANGUAGE_STANDARD = "gnu++20";
				CLANG_ENABLE_MODULES = YES;
				CLANG_ENABLE_OBJC_ARC = YES;
				CLANG_ENABLE_OBJC_WEAK = YES;
				CLANG_WARN_BLOCK_CAPTURE_AUTORELEASING = YES;
				CLANG_WARN_BOOL_CONVERSION = YES;
				CLANG_WARN_COMMA = YES;
				CLANG_WARN_CONSTANT_CONVERSION = YES;
				CLANG_WARN_DEPRECATED_OBJC_IMPLEMENTATIONS = YES;
				CLANG_WARN_DIRECT_OBJC_ISA_USAGE = YES_ERROR;
				CLANG_WARN_DOCUMENTATION_COMMENTS = YES;
				CLANG_WARN_EMPTY_BODY = YES;
				CLANG_WARN_ENUM_CONVERSION = YES;
				CLANG_WARN_INFINITE_RECURSION = YES;
				CLANG_WARN_INT_CONVERSION = YES;
				CLANG_WARN_NON_LITERAL_NULL_CONVERSION = YES;
				CLANG_WARN_OBJC_IMPLICIT_RETAIN_SELF = YES;
				CLANG_WARN_OBJC_LITERAL_CONVERSION = YES;
				CLANG_WARN_OBJC_ROOT_CLASS = YES_ERROR;
				CLANG_WARN_QUOTED_INCLUDE_IN_FRAMEWORK_HEADER = YES;
				CLANG_WARN_RANGE_LOOP_ANALYSIS = YES;
				CLANG_WARN_STRICT_PROTOTYPES = YES;
				CLANG_WARN_SUSPICIOUS_MOVE = YES;
				CLANG_WARN_UNGUARDED_AVAILABILITY = YES_AGGRESSIVE;
				CLANG_WARN_UNREACHABLE_CODE = YES;
				CLANG_WARN__DUPLICATE_METHOD_MATCH = YES;
				CODE_SIGNING_ALLOWED = NO;
				COPY_PHASE_STRIP = NO;
				DEAD_CODE_STRIPPING = YES;
				DEBUG_INFORMATION_FORMAT = dwarf;
				ENABLE_STRICT_OBJC_MSGSEND = YES;
				ENABLE_TESTABILITY = YES;
				ENABLE_USER_SCRIPT_SANDBOXING = YES;
				GCC_C_LANGUAGE_STANDARD = gnu11;
				GCC_DYNAMIC_NO_PIC = NO;
				GCC_NO_COMMON_BLOCKS = YES;
				GCC_OPTIMIZATION_LEVEL = 0;
				GCC_PREPROCESSOR_DEFINITIONS = (
					"DEBUG=1",
					"$(inherited)",
				);
				GCC_WARN_64_TO_32_BIT_CONVERSION = YES;
				GCC_WARN_ABOUT_RETURN_TYPE = YES_ERROR;
				GCC_WARN_UNDECLARED_SELECTOR = YES;
				GCC_WARN_UNINITIALIZED_AUTOS = YES_AGGRESSIVE;
				GCC_WARN_UNUSED_FUNCTION = YES;
				GCC_WARN_UNUSED_VARIABLE = YES;
				LIBRARY_SEARCH_PATHS = "";
				MACOSX_DEPLOYMENT_TARGET = 10.15;
				MTL_ENABLE_DEBUG_INFO = INCLUDE_SOURCE;
				MTL_FAST_MATH = YES;
				ONLY_ACTIVE_ARCH = YES;
				SDKROOT = macosx;
			};
			name = Debug;
		};
		D1F248AD2A67288B008A609E /* Release */ = {
			isa = XCBuildConfiguration;
			buildSettings = {
				ALWAYS_SEARCH_USER_PATHS = NO;
				CLANG_ANALYZER_NONNULL = YES;
				CLANG_ANALYZER_NUMBER_OBJECT_CONVERSION = YES_AGGRESSIVE;
				CLANG_CXX_LANGUAGE_STANDARD = "gnu++20";
				CLANG_ENABLE_MODULES = YES;
				CLANG_ENABLE_OBJC_ARC = YES;
				CLANG_ENABLE_OBJC_WEAK = YES;
				CLANG_WARN_BLOCK_CAPTURE_AUTORELEASING = YES;
				CLANG_WARN_BOOL_CONVERSION = YES;
				CLANG_WARN_COMMA = YES;
				CLANG_WARN_CONSTANT_CONVERSION = YES;
				CLANG_WARN_DEPRECATED_OBJC_IMPLEMENTATIONS = YES;
				CLANG_WARN_DIRECT_OBJC_ISA_USAGE = YES_ERROR;
				CLANG_WARN_DOCUMENTATION_COMMENTS = YES;
				CLANG_WARN_EMPTY_BODY = YES;
				CLANG_WARN_ENUM_CONVERSION = YES;
				CLANG_WARN_INFINITE_RECURSION = YES;
				CLANG_WARN_INT_CONVERSION = YES;
				CLANG_WARN_NON_LITERAL_NULL_CONVERSION = YES;
				CLANG_WARN_OBJC_IMPLICIT_RETAIN_SELF = YES;
				CLANG_WARN_OBJC_LITERAL_CONVERSION = YES;
				CLANG_WARN_OBJC_ROOT_CLASS = YES_ERROR;
				CLANG_WARN_QUOTED_INCLUDE_IN_FRAMEWORK_HEADER = YES;
				CLANG_WARN_RANGE_LOOP_ANALYSIS = YES;
				CLANG_WARN_STRICT_PROTOTYPES = YES;
				CLANG_WARN_SUSPICIOUS_MOVE = YES;
				CLANG_WARN_UNGUARDED_AVAILABILITY = YES_AGGRESSIVE;
				CLANG_WARN_UNREACHABLE_CODE = YES;
				CLANG_WARN__DUPLICATE_METHOD_MATCH = YES;
				CODE_SIGNING_ALLOWED = NO;
				COPY_PHASE_STRIP = NO;
				DEAD_CODE_STRIPPING = YES;
				DEBUG_INFORMATION_FORMAT = "dwarf-with-dsym";
				ENABLE_NS_ASSERTIONS = NO;
				ENABLE_STRICT_OBJC_MSGSEND = YES;
				ENABLE_USER_SCRIPT_SANDBOXING = YES;
				GCC_C_LANGUAGE_STANDARD = gnu11;
				GCC_NO_COMMON_BLOCKS = YES;
				GCC_WARN_64_TO_32_BIT_CONVERSION = YES;
				GCC_WARN_ABOUT_RETURN_TYPE = YES_ERROR;
				GCC_WARN_UNDECLARED_SELECTOR = YES;
				GCC_WARN_UNINITIALIZED_AUTOS = YES_AGGRESSIVE;
				GCC_WARN_UNUSED_FUNCTION = YES;
				GCC_WARN_UNUSED_VARIABLE = YES;
				LIBRARY_SEARCH_PATHS = "";
				MACOSX_DEPLOYMENT_TARGET = 10.15;
				MTL_ENABLE_DEBUG_INFO = NO;
				MTL_FAST_MATH = YES;
				SDKROOT = macosx;
			};
			name = Release;
		};
		D1F248AF2A67288B008A609E /* Debug */ = {
			isa = XCBuildConfiguration;
			baseConfigurationReference = D13AB8AC2B58566400693F8E /* Config.xcconfig */;
			buildSettings = {
				CODE_SIGN_IDENTITY = "";
				CODE_SIGN_STYLE = Automatic;
				DEAD_CODE_STRIPPING = YES;
				DYLIB_COMPATIBILITY_VERSION = 1;
				DYLIB_CURRENT_VERSION = 1;
				EXECUTABLE_PREFIX = lib;
				LIBRARY_SEARCH_PATHS = (
					"$(inherited)",
					"$(PROJECT_DIR)/UnoNativeMac",
				);
				MACOSX_DEPLOYMENT_TARGET = 10.15;
				OTHER_CFLAGS = "";
				PRODUCT_NAME = "$(TARGET_NAME)";
				SDKROOT = macosx;
				SKIP_INSTALL = YES;
			};
			name = Debug;
		};
		D1F248B02A67288B008A609E /* Release */ = {
			isa = XCBuildConfiguration;
			baseConfigurationReference = D13AB8AC2B58566400693F8E /* Config.xcconfig */;
			buildSettings = {
				CODE_SIGN_IDENTITY = "";
				CODE_SIGN_STYLE = Automatic;
				DEAD_CODE_STRIPPING = YES;
				DYLIB_COMPATIBILITY_VERSION = 1;
				DYLIB_CURRENT_VERSION = 1;
				EXECUTABLE_PREFIX = lib;
				LIBRARY_SEARCH_PATHS = (
					"$(inherited)",
					"$(PROJECT_DIR)/UnoNativeMac",
				);
				MACOSX_DEPLOYMENT_TARGET = 10.15;
				OTHER_CFLAGS = "";
				PRODUCT_NAME = "$(TARGET_NAME)";
				SDKROOT = macosx;
				SKIP_INSTALL = YES;
			};
			name = Release;
		};
/* End XCBuildConfiguration section */

/* Begin XCConfigurationList section */
		D1F248A02A67288B008A609E /* Build configuration list for PBXProject "UnoNativeMac" */ = {
			isa = XCConfigurationList;
			buildConfigurations = (
				D1F248AC2A67288B008A609E /* Debug */,
				D1F248AD2A67288B008A609E /* Release */,
			);
			defaultConfigurationIsVisible = 0;
			defaultConfigurationName = Release;
		};
		D1F248AE2A67288B008A609E /* Build configuration list for PBXNativeTarget "UnoNativeMac" */ = {
			isa = XCConfigurationList;
			buildConfigurations = (
				D1F248AF2A67288B008A609E /* Debug */,
				D1F248B02A67288B008A609E /* Release */,
			);
			defaultConfigurationIsVisible = 0;
			defaultConfigurationName = Release;
		};
/* End XCConfigurationList section */
	};
	rootObject = D1F2489D2A67288B008A609E /* Project object */;
}
